<?xml version="1.0" encoding="UTF-8"?>
<!DOCTYPE plist PUBLIC "-//Apple//DTD PLIST 1.0//EN" "http://www.apple.com/DTDs/PropertyList-1.0.dtd">
<plist version="1.0">
<dict>
	<key>archiveVersion</key>
	<string>1</string>
	<key>classes</key>
	<dict/>
	<key>objectVersion</key>
	<string>46</string>
	<key>objects</key>
	<dict>
		<key>0D46385E02854E71C1FDABFA</key>
		<dict>
			<key>buildActionMask</key>
			<string>2147483647</string>
			<key>files</key>
			<array/>
			<key>inputPaths</key>
			<array/>
			<key>isa</key>
			<string>PBXShellScriptBuildPhase</string>
			<key>name</key>
			<string>Check Pods Manifest.lock</string>
			<key>outputPaths</key>
			<array/>
			<key>runOnlyForDeploymentPostprocessing</key>
			<string>0</string>
			<key>shellPath</key>
			<string>/bin/sh</string>
			<key>shellScript</key>
			<string>diff "${PODS_ROOT}/../Podfile.lock" "${PODS_ROOT}/Manifest.lock" &gt; /dev/null
if [[ $? != 0 ]] ; then
    cat &lt;&lt; EOM
error: The sandbox is not in sync with the Podfile.lock. Run 'pod install' or update your CocoaPods installation.
EOM
    exit 1
fi
</string>
			<key>showEnvVarsInLog</key>
			<string>0</string>
		</dict>
		<key>28B7387BC89169C51D7C4578</key>
		<dict>
			<key>children</key>
			<array>
				<string>CEE1B3D12A6927014E253022</string>
				<string>9B8EBF50CBA80C187F8444F1</string>
			</array>
			<key>isa</key>
			<string>PBXGroup</string>
			<key>name</key>
			<string>Pods</string>
			<key>sourceTree</key>
			<string>&lt;group&gt;</string>
		</dict>
		<key>4AA625097181A3EE21E48884</key>
		<dict>
			<key>buildActionMask</key>
			<string>2147483647</string>
			<key>files</key>
			<array/>
			<key>inputPaths</key>
			<array/>
			<key>isa</key>
			<string>PBXShellScriptBuildPhase</string>
			<key>name</key>
			<string>Copy Pods Resources</string>
			<key>outputPaths</key>
			<array/>
			<key>runOnlyForDeploymentPostprocessing</key>
			<string>0</string>
			<key>shellPath</key>
			<string>/bin/sh</string>
			<key>shellScript</key>
			<string>"${SRCROOT}/../../Pods/Target Support Files/Pods-VimeoUpload-iOS-OldUpload/Pods-VimeoUpload-iOS-OldUpload-resources.sh"
</string>
			<key>showEnvVarsInLog</key>
			<string>0</string>
		</dict>
		<key>9B8EBF50CBA80C187F8444F1</key>
		<dict>
			<key>includeInIndex</key>
			<string>1</string>
			<key>isa</key>
			<string>PBXFileReference</string>
			<key>lastKnownFileType</key>
			<string>text.xcconfig</string>
			<key>name</key>
			<string>Pods-VimeoUpload-iOS-OldUpload.release.xcconfig</string>
			<key>path</key>
			<string>../../Pods/Target Support Files/Pods-VimeoUpload-iOS-OldUpload/Pods-VimeoUpload-iOS-OldUpload.release.xcconfig</string>
			<key>sourceTree</key>
			<string>&lt;group&gt;</string>
		</dict>
		<key>AFFA40021C9CE8E000C7B6F3</key>
		<dict>
			<key>children</key>
			<array>
				<string>AFFA400D1C9CE8E000C7B6F3</string>
				<string>AFFA40221C9CE8E000C7B6F3</string>
				<string>AFFA402D1C9CE8E000C7B6F3</string>
				<string>AFFA400C1C9CE8E000C7B6F3</string>
				<string>28B7387BC89169C51D7C4578</string>
				<string>BFAE01663A3415731065DAAA</string>
			</array>
			<key>isa</key>
			<string>PBXGroup</string>
			<key>sourceTree</key>
			<string>&lt;group&gt;</string>
		</dict>
		<key>AFFA40031C9CE8E000C7B6F3</key>
		<dict>
			<key>attributes</key>
			<dict>
				<key>LastSwiftUpdateCheck</key>
				<string>0720</string>
				<key>LastUpgradeCheck</key>
				<string>0720</string>
				<key>ORGANIZATIONNAME</key>
				<string>Alfie Hanssen</string>
				<key>TargetAttributes</key>
				<dict>
					<key>AFFA400A1C9CE8E000C7B6F3</key>
					<dict>
						<key>CreatedOnToolsVersion</key>
						<string>7.2</string>
					</dict>
					<key>AFFA401E1C9CE8E000C7B6F3</key>
					<dict>
						<key>CreatedOnToolsVersion</key>
						<string>7.2</string>
						<key>TestTargetID</key>
						<string>AFFA400A1C9CE8E000C7B6F3</string>
					</dict>
					<key>AFFA40291C9CE8E000C7B6F3</key>
					<dict>
						<key>CreatedOnToolsVersion</key>
						<string>7.2</string>
						<key>TestTargetID</key>
						<string>AFFA400A1C9CE8E000C7B6F3</string>
					</dict>
				</dict>
			</dict>
			<key>buildConfigurationList</key>
			<string>AFFA40061C9CE8E000C7B6F3</string>
			<key>compatibilityVersion</key>
			<string>Xcode 3.2</string>
			<key>developmentRegion</key>
			<string>English</string>
			<key>hasScannedForEncodings</key>
			<string>0</string>
			<key>isa</key>
			<string>PBXProject</string>
			<key>knownRegions</key>
			<array>
				<string>en</string>
				<string>Base</string>
			</array>
			<key>mainGroup</key>
			<string>AFFA40021C9CE8E000C7B6F3</string>
			<key>productRefGroup</key>
			<string>AFFA400C1C9CE8E000C7B6F3</string>
			<key>projectDirPath</key>
			<string></string>
			<key>projectReferences</key>
			<array/>
			<key>projectRoot</key>
			<string></string>
			<key>targets</key>
			<array>
				<string>AFFA400A1C9CE8E000C7B6F3</string>
				<string>AFFA401E1C9CE8E000C7B6F3</string>
				<string>AFFA40291C9CE8E000C7B6F3</string>
			</array>
		</dict>
		<key>AFFA40061C9CE8E000C7B6F3</key>
		<dict>
			<key>buildConfigurations</key>
			<array>
				<string>AFFA40311C9CE8E000C7B6F3</string>
				<string>AFFA40321C9CE8E000C7B6F3</string>
			</array>
			<key>defaultConfigurationIsVisible</key>
			<string>0</string>
			<key>defaultConfigurationName</key>
			<string>Release</string>
			<key>isa</key>
			<string>XCConfigurationList</string>
		</dict>
		<key>AFFA40071C9CE8E000C7B6F3</key>
		<dict>
			<key>buildActionMask</key>
			<string>2147483647</string>
			<key>files</key>
			<array>
				<string>AFFA40E31C9CE9EB00C7B6F3</string>
				<string>AFFA40E51C9CE9EB00C7B6F3</string>
				<string>AFFA40E61C9CE9EB00C7B6F3</string>
				<string>AFFA40BD1C9CE9EB00C7B6F3</string>
				<string>AFFA40E01C9CE9EB00C7B6F3</string>
				<string>AFFA40C11C9CE9EB00C7B6F3</string>
				<string>AFFA40C71C9CE9EB00C7B6F3</string>
				<string>AFFA40D31C9CE9EB00C7B6F3</string>
				<string>AFFA40BE1C9CE9EB00C7B6F3</string>
				<string>AFFA40C61C9CE9EB00C7B6F3</string>
				<string>AFFA40CB1C9CE9EB00C7B6F3</string>
				<string>AFFA40B21C9CE9EB00C7B6F3</string>
				<string>AFFA40491C9CE9B600C7B6F3</string>
				<string>AFFA40C51C9CE9EB00C7B6F3</string>
				<string>AFFA404D1C9CE9B600C7B6F3</string>
				<string>AFFA40F11C9CE9EC00C7B6F3</string>
				<string>AFFA40D41C9CE9EB00C7B6F3</string>
				<string>AFFA40DE1C9CE9EB00C7B6F3</string>
				<string>AFFA40D71C9CE9EB00C7B6F3</string>
				<string>AFFA40EF1C9CE9EC00C7B6F3</string>
				<string>AFFA40F31C9CE9EC00C7B6F3</string>
				<string>AFFA40CD1C9CE9EB00C7B6F3</string>
				<string>AFFA40BB1C9CE9EB00C7B6F3</string>
				<string>AFFA40F41C9CE9EC00C7B6F3</string>
				<string>AFFA40ED1C9CE9EC00C7B6F3</string>
				<string>AFFA40BA1C9CE9EB00C7B6F3</string>
				<string>AFFA40C81C9CE9EB00C7B6F3</string>
				<string>AFFA40E41C9CE9EB00C7B6F3</string>
				<string>AFFA40B71C9CE9EB00C7B6F3</string>
				<string>AFFA40471C9CE9B600C7B6F3</string>
				<string>AFFA40DD1C9CE9EB00C7B6F3</string>
				<string>AFFA40C91C9CE9EB00C7B6F3</string>
				<string>AFFA404A1C9CE9B600C7B6F3</string>
				<string>AFFA40B41C9CE9EB00C7B6F3</string>
				<string>AFFA40CC1C9CE9EB00C7B6F3</string>
				<string>AFFA40E21C9CE9EB00C7B6F3</string>
				<string>AFFA40B51C9CE9EB00C7B6F3</string>
				<string>AFFA40E81C9CE9EB00C7B6F3</string>
				<string>AFFA40C31C9CE9EB00C7B6F3</string>
				<string>AFFA40EA1C9CE9EC00C7B6F3</string>
				<string>AFFA40E71C9CE9EB00C7B6F3</string>
				<string>AFFA40D81C9CE9EB00C7B6F3</string>
				<string>AFFA40B81C9CE9EB00C7B6F3</string>
				<string>AFFA40C21C9CE9EB00C7B6F3</string>
				<string>AFFA40F61C9CE9EC00C7B6F3</string>
				<string>AFFA40BC1C9CE9EB00C7B6F3</string>
				<string>AFFA40CE1C9CE9EB00C7B6F3</string>
				<string>AFFA40D91C9CE9EB00C7B6F3</string>
				<string>AFFA40F21C9CE9EC00C7B6F3</string>
				<string>AFFA40BF1C9CE9EB00C7B6F3</string>
				<string>AFFA40D01C9CE9EB00C7B6F3</string>
				<string>AFFA40F51C9CE9EC00C7B6F3</string>
				<string>AFFA40C01C9CE9EB00C7B6F3</string>
				<string>AFFA40D11C9CE9EB00C7B6F3</string>
				<string>AFFA40DA1C9CE9EB00C7B6F3</string>
				<string>AFFA40C41C9CE9EB00C7B6F3</string>
				<string>AFFA40E91C9CE9EB00C7B6F3</string>
				<string>AFFA40F81C9CE9EC00C7B6F3</string>
				<string>AFFA40D21C9CE9EB00C7B6F3</string>
				<string>AFFA40D51C9CE9EB00C7B6F3</string>
				<string>AFFA40B91C9CE9EB00C7B6F3</string>
				<string>AFFA40DF1C9CE9EB00C7B6F3</string>
				<string>AFFA404B1C9CE9B600C7B6F3</string>
				<string>AFFA40CF1C9CE9EB00C7B6F3</string>
				<string>AFFA40DC1C9CE9EB00C7B6F3</string>
				<string>AFFA40EC1C9CE9EC00C7B6F3</string>
				<string>AFFA40B61C9CE9EB00C7B6F3</string>
				<string>AFFA40B31C9CE9EB00C7B6F3</string>
				<string>AFFA40D61C9CE9EB00C7B6F3</string>
				<string>AFFA40F71C9CE9EC00C7B6F3</string>
				<string>AFFA40DB1C9CE9EB00C7B6F3</string>
				<string>AFFA40CA1C9CE9EB00C7B6F3</string>
				<string>AFFA400F1C9CE8E000C7B6F3</string>
				<string>AFFA40E11C9CE9EB00C7B6F3</string>
			</array>
			<key>isa</key>
			<string>PBXSourcesBuildPhase</string>
			<key>runOnlyForDeploymentPostprocessing</key>
			<string>0</string>
		</dict>
		<key>AFFA40081C9CE8E000C7B6F3</key>
		<dict>
			<key>buildActionMask</key>
			<string>2147483647</string>
			<key>files</key>
			<array>
				<string>D62B0737830FFDFB2C83D158</string>
			</array>
			<key>isa</key>
			<string>PBXFrameworksBuildPhase</string>
			<key>runOnlyForDeploymentPostprocessing</key>
			<string>0</string>
		</dict>
		<key>AFFA40091C9CE8E000C7B6F3</key>
		<dict>
			<key>buildActionMask</key>
			<string>2147483647</string>
			<key>files</key>
			<array>
				<string>AFFA40191C9CE8E000C7B6F3</string>
				<string>AFFA404C1C9CE9B600C7B6F3</string>
				<string>AFFA40481C9CE9B600C7B6F3</string>
				<string>AFFA404E1C9CE9B600C7B6F3</string>
				<string>AFFA40EE1C9CE9EC00C7B6F3</string>
				<string>AFFA40161C9CE8E000C7B6F3</string>
				<string>AFFA40F01C9CE9EC00C7B6F3</string>
			</array>
			<key>isa</key>
			<string>PBXResourcesBuildPhase</string>
			<key>runOnlyForDeploymentPostprocessing</key>
			<string>0</string>
		</dict>
		<key>AFFA400A1C9CE8E000C7B6F3</key>
		<dict>
			<key>buildConfigurationList</key>
			<string>AFFA40331C9CE8E000C7B6F3</string>
			<key>buildPhases</key>
			<array>
				<string>0D46385E02854E71C1FDABFA</string>
				<string>AFFA40071C9CE8E000C7B6F3</string>
				<string>AFFA40081C9CE8E000C7B6F3</string>
				<string>AFFA40091C9CE8E000C7B6F3</string>
				<string>4AA625097181A3EE21E48884</string>
			</array>
			<key>buildRules</key>
			<array/>
			<key>dependencies</key>
			<array/>
			<key>isa</key>
			<string>PBXNativeTarget</string>
			<key>name</key>
			<string>VimeoUpload-iOS-OldUpload</string>
			<key>productName</key>
			<string>VimeoUpload-iOS-OldUpload</string>
			<key>productReference</key>
			<string>AFFA400B1C9CE8E000C7B6F3</string>
			<key>productType</key>
			<string>com.apple.product-type.application</string>
		</dict>
		<key>AFFA400B1C9CE8E000C7B6F3</key>
		<dict>
			<key>explicitFileType</key>
			<string>wrapper.application</string>
			<key>includeInIndex</key>
			<string>0</string>
			<key>isa</key>
			<string>PBXFileReference</string>
			<key>path</key>
			<string>VimeoUpload-iOS-OldUpload.app</string>
			<key>sourceTree</key>
			<string>BUILT_PRODUCTS_DIR</string>
		</dict>
		<key>AFFA400C1C9CE8E000C7B6F3</key>
		<dict>
			<key>children</key>
			<array>
				<string>AFFA400B1C9CE8E000C7B6F3</string>
				<string>AFFA401F1C9CE8E000C7B6F3</string>
				<string>AFFA402A1C9CE8E000C7B6F3</string>
			</array>
			<key>isa</key>
			<string>PBXGroup</string>
			<key>name</key>
			<string>Products</string>
			<key>sourceTree</key>
			<string>&lt;group&gt;</string>
		</dict>
		<key>AFFA400D1C9CE8E000C7B6F3</key>
		<dict>
			<key>children</key>
			<array>
				<string>AFFA400E1C9CE8E000C7B6F3</string>
				<string>AFFA40401C9CE9B600C7B6F3</string>
				<string>AFFA403D1C9CE9B600C7B6F3</string>
				<string>AFFA40411C9CE9B600C7B6F3</string>
				<string>AFFA404F1C9CE9EB00C7B6F3</string>
				<string>AFFA40A01C9CE9EB00C7B6F3</string>
				<string>AFFA40A71C9CE9EB00C7B6F3</string>
				<string>AFFA40151C9CE8E000C7B6F3</string>
				<string>AFFA40171C9CE8E000C7B6F3</string>
				<string>AFFA401A1C9CE8E000C7B6F3</string>
				<string>AFFA403C1C9CE9B600C7B6F3</string>
			</array>
			<key>isa</key>
			<string>PBXGroup</string>
			<key>path</key>
			<string>VimeoUpload-iOS-OldUpload</string>
			<key>sourceTree</key>
			<string>&lt;group&gt;</string>
		</dict>
		<key>AFFA400E1C9CE8E000C7B6F3</key>
		<dict>
			<key>isa</key>
			<string>PBXFileReference</string>
			<key>lastKnownFileType</key>
			<string>sourcecode.swift</string>
			<key>path</key>
			<string>AppDelegate.swift</string>
			<key>sourceTree</key>
			<string>&lt;group&gt;</string>
		</dict>
		<key>AFFA400F1C9CE8E000C7B6F3</key>
		<dict>
			<key>fileRef</key>
			<string>AFFA400E1C9CE8E000C7B6F3</string>
			<key>isa</key>
			<string>PBXBuildFile</string>
		</dict>
		<key>AFFA40151C9CE8E000C7B6F3</key>
		<dict>
			<key>isa</key>
			<string>PBXFileReference</string>
			<key>lastKnownFileType</key>
			<string>folder.assetcatalog</string>
			<key>path</key>
			<string>Assets.xcassets</string>
			<key>sourceTree</key>
			<string>&lt;group&gt;</string>
		</dict>
		<key>AFFA40161C9CE8E000C7B6F3</key>
		<dict>
			<key>fileRef</key>
			<string>AFFA40151C9CE8E000C7B6F3</string>
			<key>isa</key>
			<string>PBXBuildFile</string>
		</dict>
		<key>AFFA40171C9CE8E000C7B6F3</key>
		<dict>
			<key>children</key>
			<array>
				<string>AFFA40181C9CE8E000C7B6F3</string>
			</array>
			<key>isa</key>
			<string>PBXVariantGroup</string>
			<key>name</key>
			<string>LaunchScreen.storyboard</string>
			<key>sourceTree</key>
			<string>&lt;group&gt;</string>
		</dict>
		<key>AFFA40181C9CE8E000C7B6F3</key>
		<dict>
			<key>isa</key>
			<string>PBXFileReference</string>
			<key>lastKnownFileType</key>
			<string>file.storyboard</string>
			<key>name</key>
			<string>Base</string>
			<key>path</key>
			<string>Base.lproj/LaunchScreen.storyboard</string>
			<key>sourceTree</key>
			<string>&lt;group&gt;</string>
		</dict>
		<key>AFFA40191C9CE8E000C7B6F3</key>
		<dict>
			<key>fileRef</key>
			<string>AFFA40171C9CE8E000C7B6F3</string>
			<key>isa</key>
			<string>PBXBuildFile</string>
		</dict>
		<key>AFFA401A1C9CE8E000C7B6F3</key>
		<dict>
			<key>isa</key>
			<string>PBXFileReference</string>
			<key>lastKnownFileType</key>
			<string>text.plist.xml</string>
			<key>path</key>
			<string>Info.plist</string>
			<key>sourceTree</key>
			<string>&lt;group&gt;</string>
		</dict>
		<key>AFFA401B1C9CE8E000C7B6F3</key>
		<dict>
			<key>buildActionMask</key>
			<string>2147483647</string>
			<key>files</key>
			<array>
				<string>AFFA40241C9CE8E000C7B6F3</string>
			</array>
			<key>isa</key>
			<string>PBXSourcesBuildPhase</string>
			<key>runOnlyForDeploymentPostprocessing</key>
			<string>0</string>
		</dict>
		<key>AFFA401C1C9CE8E000C7B6F3</key>
		<dict>
			<key>buildActionMask</key>
			<string>2147483647</string>
			<key>files</key>
			<array/>
			<key>isa</key>
			<string>PBXFrameworksBuildPhase</string>
			<key>runOnlyForDeploymentPostprocessing</key>
			<string>0</string>
		</dict>
		<key>AFFA401D1C9CE8E000C7B6F3</key>
		<dict>
			<key>buildActionMask</key>
			<string>2147483647</string>
			<key>files</key>
			<array/>
			<key>isa</key>
			<string>PBXResourcesBuildPhase</string>
			<key>runOnlyForDeploymentPostprocessing</key>
			<string>0</string>
		</dict>
		<key>AFFA401E1C9CE8E000C7B6F3</key>
		<dict>
			<key>buildConfigurationList</key>
			<string>AFFA40361C9CE8E000C7B6F3</string>
			<key>buildPhases</key>
			<array>
				<string>AFFA401B1C9CE8E000C7B6F3</string>
				<string>AFFA401C1C9CE8E000C7B6F3</string>
				<string>AFFA401D1C9CE8E000C7B6F3</string>
			</array>
			<key>buildRules</key>
			<array/>
			<key>dependencies</key>
			<array>
				<string>AFFA40211C9CE8E000C7B6F3</string>
			</array>
			<key>isa</key>
			<string>PBXNativeTarget</string>
			<key>name</key>
			<string>VimeoUpload-iOS-OldUploadTests</string>
			<key>productName</key>
			<string>VimeoUpload-iOS-OldUploadTests</string>
			<key>productReference</key>
			<string>AFFA401F1C9CE8E000C7B6F3</string>
			<key>productType</key>
			<string>com.apple.product-type.bundle.unit-test</string>
		</dict>
		<key>AFFA401F1C9CE8E000C7B6F3</key>
		<dict>
			<key>explicitFileType</key>
			<string>wrapper.cfbundle</string>
			<key>includeInIndex</key>
			<string>0</string>
			<key>isa</key>
			<string>PBXFileReference</string>
			<key>path</key>
			<string>VimeoUpload-iOS-OldUploadTests.xctest</string>
			<key>sourceTree</key>
			<string>BUILT_PRODUCTS_DIR</string>
		</dict>
		<key>AFFA40201C9CE8E000C7B6F3</key>
		<dict>
			<key>containerPortal</key>
			<string>AFFA40031C9CE8E000C7B6F3</string>
			<key>isa</key>
			<string>PBXContainerItemProxy</string>
			<key>proxyType</key>
			<string>1</string>
			<key>remoteGlobalIDString</key>
			<string>AFFA400A1C9CE8E000C7B6F3</string>
			<key>remoteInfo</key>
			<string>VimeoUpload-iOS-OldUpload</string>
		</dict>
		<key>AFFA40211C9CE8E000C7B6F3</key>
		<dict>
			<key>isa</key>
			<string>PBXTargetDependency</string>
			<key>target</key>
			<string>AFFA400A1C9CE8E000C7B6F3</string>
			<key>targetProxy</key>
			<string>AFFA40201C9CE8E000C7B6F3</string>
		</dict>
		<key>AFFA40221C9CE8E000C7B6F3</key>
		<dict>
			<key>children</key>
			<array>
				<string>AFFA40231C9CE8E000C7B6F3</string>
				<string>AFFA40251C9CE8E000C7B6F3</string>
			</array>
			<key>isa</key>
			<string>PBXGroup</string>
			<key>path</key>
			<string>VimeoUpload-iOS-OldUploadTests</string>
			<key>sourceTree</key>
			<string>&lt;group&gt;</string>
		</dict>
		<key>AFFA40231C9CE8E000C7B6F3</key>
		<dict>
			<key>isa</key>
			<string>PBXFileReference</string>
			<key>lastKnownFileType</key>
			<string>sourcecode.swift</string>
			<key>path</key>
			<string>VimeoUpload_iOS_OldUploadTests.swift</string>
			<key>sourceTree</key>
			<string>&lt;group&gt;</string>
		</dict>
		<key>AFFA40241C9CE8E000C7B6F3</key>
		<dict>
			<key>fileRef</key>
			<string>AFFA40231C9CE8E000C7B6F3</string>
			<key>isa</key>
			<string>PBXBuildFile</string>
		</dict>
		<key>AFFA40251C9CE8E000C7B6F3</key>
		<dict>
			<key>isa</key>
			<string>PBXFileReference</string>
			<key>lastKnownFileType</key>
			<string>text.plist.xml</string>
			<key>path</key>
			<string>Info.plist</string>
			<key>sourceTree</key>
			<string>&lt;group&gt;</string>
		</dict>
		<key>AFFA40261C9CE8E000C7B6F3</key>
		<dict>
			<key>buildActionMask</key>
			<string>2147483647</string>
			<key>files</key>
			<array>
				<string>AFFA402F1C9CE8E000C7B6F3</string>
			</array>
			<key>isa</key>
			<string>PBXSourcesBuildPhase</string>
			<key>runOnlyForDeploymentPostprocessing</key>
			<string>0</string>
		</dict>
		<key>AFFA40271C9CE8E000C7B6F3</key>
		<dict>
			<key>buildActionMask</key>
			<string>2147483647</string>
			<key>files</key>
			<array/>
			<key>isa</key>
			<string>PBXFrameworksBuildPhase</string>
			<key>runOnlyForDeploymentPostprocessing</key>
			<string>0</string>
		</dict>
		<key>AFFA40281C9CE8E000C7B6F3</key>
		<dict>
			<key>buildActionMask</key>
			<string>2147483647</string>
			<key>files</key>
			<array/>
			<key>isa</key>
			<string>PBXResourcesBuildPhase</string>
			<key>runOnlyForDeploymentPostprocessing</key>
			<string>0</string>
		</dict>
		<key>AFFA40291C9CE8E000C7B6F3</key>
		<dict>
			<key>buildConfigurationList</key>
			<string>AFFA40391C9CE8E000C7B6F3</string>
			<key>buildPhases</key>
			<array>
				<string>AFFA40261C9CE8E000C7B6F3</string>
				<string>AFFA40271C9CE8E000C7B6F3</string>
				<string>AFFA40281C9CE8E000C7B6F3</string>
			</array>
			<key>buildRules</key>
			<array/>
			<key>dependencies</key>
			<array>
				<string>AFFA402C1C9CE8E000C7B6F3</string>
			</array>
			<key>isa</key>
			<string>PBXNativeTarget</string>
			<key>name</key>
			<string>VimeoUpload-iOS-OldUploadUITests</string>
			<key>productName</key>
			<string>VimeoUpload-iOS-OldUploadUITests</string>
			<key>productReference</key>
			<string>AFFA402A1C9CE8E000C7B6F3</string>
			<key>productType</key>
			<string>com.apple.product-type.bundle.ui-testing</string>
		</dict>
		<key>AFFA402A1C9CE8E000C7B6F3</key>
		<dict>
			<key>explicitFileType</key>
			<string>wrapper.cfbundle</string>
			<key>includeInIndex</key>
			<string>0</string>
			<key>isa</key>
			<string>PBXFileReference</string>
			<key>path</key>
			<string>VimeoUpload-iOS-OldUploadUITests.xctest</string>
			<key>sourceTree</key>
			<string>BUILT_PRODUCTS_DIR</string>
		</dict>
		<key>AFFA402B1C9CE8E000C7B6F3</key>
		<dict>
			<key>containerPortal</key>
			<string>AFFA40031C9CE8E000C7B6F3</string>
			<key>isa</key>
			<string>PBXContainerItemProxy</string>
			<key>proxyType</key>
			<string>1</string>
			<key>remoteGlobalIDString</key>
			<string>AFFA400A1C9CE8E000C7B6F3</string>
			<key>remoteInfo</key>
			<string>VimeoUpload-iOS-OldUpload</string>
		</dict>
		<key>AFFA402C1C9CE8E000C7B6F3</key>
		<dict>
			<key>isa</key>
			<string>PBXTargetDependency</string>
			<key>target</key>
			<string>AFFA400A1C9CE8E000C7B6F3</string>
			<key>targetProxy</key>
			<string>AFFA402B1C9CE8E000C7B6F3</string>
		</dict>
		<key>AFFA402D1C9CE8E000C7B6F3</key>
		<dict>
			<key>children</key>
			<array>
				<string>AFFA402E1C9CE8E000C7B6F3</string>
				<string>AFFA40301C9CE8E000C7B6F3</string>
			</array>
			<key>isa</key>
			<string>PBXGroup</string>
			<key>path</key>
			<string>VimeoUpload-iOS-OldUploadUITests</string>
			<key>sourceTree</key>
			<string>&lt;group&gt;</string>
		</dict>
		<key>AFFA402E1C9CE8E000C7B6F3</key>
		<dict>
			<key>isa</key>
			<string>PBXFileReference</string>
			<key>lastKnownFileType</key>
			<string>sourcecode.swift</string>
			<key>path</key>
			<string>VimeoUpload_iOS_OldUploadUITests.swift</string>
			<key>sourceTree</key>
			<string>&lt;group&gt;</string>
		</dict>
		<key>AFFA402F1C9CE8E000C7B6F3</key>
		<dict>
			<key>fileRef</key>
			<string>AFFA402E1C9CE8E000C7B6F3</string>
			<key>isa</key>
			<string>PBXBuildFile</string>
		</dict>
		<key>AFFA40301C9CE8E000C7B6F3</key>
		<dict>
			<key>isa</key>
			<string>PBXFileReference</string>
			<key>lastKnownFileType</key>
			<string>text.plist.xml</string>
			<key>path</key>
			<string>Info.plist</string>
			<key>sourceTree</key>
			<string>&lt;group&gt;</string>
		</dict>
		<key>AFFA40311C9CE8E000C7B6F3</key>
		<dict>
			<key>buildSettings</key>
			<dict>
				<key>ALWAYS_SEARCH_USER_PATHS</key>
				<string>NO</string>
				<key>CLANG_CXX_LANGUAGE_STANDARD</key>
				<string>gnu++0x</string>
				<key>CLANG_CXX_LIBRARY</key>
				<string>libc++</string>
				<key>CLANG_ENABLE_MODULES</key>
				<string>YES</string>
				<key>CLANG_ENABLE_OBJC_ARC</key>
				<string>YES</string>
				<key>CLANG_WARN_BOOL_CONVERSION</key>
				<string>YES</string>
				<key>CLANG_WARN_CONSTANT_CONVERSION</key>
				<string>YES</string>
				<key>CLANG_WARN_DIRECT_OBJC_ISA_USAGE</key>
				<string>YES_ERROR</string>
				<key>CLANG_WARN_EMPTY_BODY</key>
				<string>YES</string>
				<key>CLANG_WARN_ENUM_CONVERSION</key>
				<string>YES</string>
				<key>CLANG_WARN_INT_CONVERSION</key>
				<string>YES</string>
				<key>CLANG_WARN_OBJC_ROOT_CLASS</key>
				<string>YES_ERROR</string>
				<key>CLANG_WARN_UNREACHABLE_CODE</key>
				<string>YES</string>
				<key>CLANG_WARN__DUPLICATE_METHOD_MATCH</key>
				<string>YES</string>
				<key>CODE_SIGN_IDENTITY[sdk=iphoneos*]</key>
				<string>iPhone Developer</string>
				<key>COPY_PHASE_STRIP</key>
				<string>NO</string>
				<key>DEBUG_INFORMATION_FORMAT</key>
				<string>dwarf</string>
				<key>ENABLE_STRICT_OBJC_MSGSEND</key>
				<string>YES</string>
				<key>ENABLE_TESTABILITY</key>
				<string>YES</string>
				<key>GCC_C_LANGUAGE_STANDARD</key>
				<string>gnu99</string>
				<key>GCC_DYNAMIC_NO_PIC</key>
				<string>NO</string>
				<key>GCC_NO_COMMON_BLOCKS</key>
				<string>YES</string>
				<key>GCC_OPTIMIZATION_LEVEL</key>
				<string>0</string>
				<key>GCC_PREPROCESSOR_DEFINITIONS</key>
				<array>
					<string>DEBUG=1</string>
					<string>$(inherited)</string>
				</array>
				<key>GCC_WARN_64_TO_32_BIT_CONVERSION</key>
				<string>YES</string>
				<key>GCC_WARN_ABOUT_RETURN_TYPE</key>
				<string>YES_ERROR</string>
				<key>GCC_WARN_UNDECLARED_SELECTOR</key>
				<string>YES</string>
				<key>GCC_WARN_UNINITIALIZED_AUTOS</key>
				<string>YES_AGGRESSIVE</string>
				<key>GCC_WARN_UNUSED_FUNCTION</key>
				<string>YES</string>
				<key>GCC_WARN_UNUSED_VARIABLE</key>
				<string>YES</string>
				<key>IPHONEOS_DEPLOYMENT_TARGET</key>
				<string>9.2</string>
				<key>MTL_ENABLE_DEBUG_INFO</key>
				<string>YES</string>
				<key>ONLY_ACTIVE_ARCH</key>
				<string>YES</string>
				<key>SDKROOT</key>
				<string>iphoneos</string>
				<key>SWIFT_OPTIMIZATION_LEVEL</key>
				<string>-Onone</string>
			</dict>
			<key>isa</key>
			<string>XCBuildConfiguration</string>
			<key>name</key>
			<string>Debug</string>
		</dict>
		<key>AFFA40321C9CE8E000C7B6F3</key>
		<dict>
			<key>buildSettings</key>
			<dict>
				<key>ALWAYS_SEARCH_USER_PATHS</key>
				<string>NO</string>
				<key>CLANG_CXX_LANGUAGE_STANDARD</key>
				<string>gnu++0x</string>
				<key>CLANG_CXX_LIBRARY</key>
				<string>libc++</string>
				<key>CLANG_ENABLE_MODULES</key>
				<string>YES</string>
				<key>CLANG_ENABLE_OBJC_ARC</key>
				<string>YES</string>
				<key>CLANG_WARN_BOOL_CONVERSION</key>
				<string>YES</string>
				<key>CLANG_WARN_CONSTANT_CONVERSION</key>
				<string>YES</string>
				<key>CLANG_WARN_DIRECT_OBJC_ISA_USAGE</key>
				<string>YES_ERROR</string>
				<key>CLANG_WARN_EMPTY_BODY</key>
				<string>YES</string>
				<key>CLANG_WARN_ENUM_CONVERSION</key>
				<string>YES</string>
				<key>CLANG_WARN_INT_CONVERSION</key>
				<string>YES</string>
				<key>CLANG_WARN_OBJC_ROOT_CLASS</key>
				<string>YES_ERROR</string>
				<key>CLANG_WARN_UNREACHABLE_CODE</key>
				<string>YES</string>
				<key>CLANG_WARN__DUPLICATE_METHOD_MATCH</key>
				<string>YES</string>
				<key>CODE_SIGN_IDENTITY[sdk=iphoneos*]</key>
				<string>iPhone Developer</string>
				<key>COPY_PHASE_STRIP</key>
				<string>NO</string>
				<key>DEBUG_INFORMATION_FORMAT</key>
				<string>dwarf-with-dsym</string>
				<key>ENABLE_NS_ASSERTIONS</key>
				<string>NO</string>
				<key>ENABLE_STRICT_OBJC_MSGSEND</key>
				<string>YES</string>
				<key>GCC_C_LANGUAGE_STANDARD</key>
				<string>gnu99</string>
				<key>GCC_NO_COMMON_BLOCKS</key>
				<string>YES</string>
				<key>GCC_WARN_64_TO_32_BIT_CONVERSION</key>
				<string>YES</string>
				<key>GCC_WARN_ABOUT_RETURN_TYPE</key>
				<string>YES_ERROR</string>
				<key>GCC_WARN_UNDECLARED_SELECTOR</key>
				<string>YES</string>
				<key>GCC_WARN_UNINITIALIZED_AUTOS</key>
				<string>YES_AGGRESSIVE</string>
				<key>GCC_WARN_UNUSED_FUNCTION</key>
				<string>YES</string>
				<key>GCC_WARN_UNUSED_VARIABLE</key>
				<string>YES</string>
				<key>IPHONEOS_DEPLOYMENT_TARGET</key>
				<string>9.2</string>
				<key>MTL_ENABLE_DEBUG_INFO</key>
				<string>NO</string>
				<key>SDKROOT</key>
				<string>iphoneos</string>
				<key>VALIDATE_PRODUCT</key>
				<string>YES</string>
			</dict>
			<key>isa</key>
			<string>XCBuildConfiguration</string>
			<key>name</key>
			<string>Release</string>
		</dict>
		<key>AFFA40331C9CE8E000C7B6F3</key>
		<dict>
			<key>buildConfigurations</key>
			<array>
				<string>AFFA40341C9CE8E000C7B6F3</string>
				<string>AFFA40351C9CE8E000C7B6F3</string>
			</array>
			<key>defaultConfigurationIsVisible</key>
			<string>0</string>
			<key>defaultConfigurationName</key>
			<string>Release</string>
			<key>isa</key>
			<string>XCConfigurationList</string>
		</dict>
		<key>AFFA40341C9CE8E000C7B6F3</key>
		<dict>
			<key>baseConfigurationReference</key>
			<string>CEE1B3D12A6927014E253022</string>
			<key>buildSettings</key>
			<dict>
				<key>ASSETCATALOG_COMPILER_APPICON_NAME</key>
				<string>AppIcon</string>
				<key>INFOPLIST_FILE</key>
				<string>VimeoUpload-iOS-OldUpload/Info.plist</string>
				<key>IPHONEOS_DEPLOYMENT_TARGET</key>
				<string>8.0</string>
				<key>LD_RUNPATH_SEARCH_PATHS</key>
				<string>$(inherited) @executable_path/Frameworks</string>
				<key>PRODUCT_BUNDLE_IDENTIFIER</key>
				<string>com.alfiehanssen.VimeoUpload-iOS-OldUpload</string>
				<key>PRODUCT_NAME</key>
				<string>$(TARGET_NAME)</string>
				<key>SWIFT_OBJC_BRIDGING_HEADER</key>
				<string>${SRCROOT}/VimeoUpload-iOS-OldUpload/Bridge.h</string>
			</dict>
			<key>isa</key>
			<string>XCBuildConfiguration</string>
			<key>name</key>
			<string>Debug</string>
		</dict>
		<key>AFFA40351C9CE8E000C7B6F3</key>
		<dict>
			<key>baseConfigurationReference</key>
			<string>9B8EBF50CBA80C187F8444F1</string>
			<key>buildSettings</key>
			<dict>
				<key>ASSETCATALOG_COMPILER_APPICON_NAME</key>
				<string>AppIcon</string>
				<key>INFOPLIST_FILE</key>
				<string>VimeoUpload-iOS-OldUpload/Info.plist</string>
				<key>IPHONEOS_DEPLOYMENT_TARGET</key>
				<string>8.0</string>
				<key>LD_RUNPATH_SEARCH_PATHS</key>
				<string>$(inherited) @executable_path/Frameworks</string>
				<key>PRODUCT_BUNDLE_IDENTIFIER</key>
				<string>com.alfiehanssen.VimeoUpload-iOS-OldUpload</string>
				<key>PRODUCT_NAME</key>
				<string>$(TARGET_NAME)</string>
				<key>SWIFT_OBJC_BRIDGING_HEADER</key>
				<string>${SRCROOT}/VimeoUpload-iOS-OldUpload/Bridge.h</string>
			</dict>
			<key>isa</key>
			<string>XCBuildConfiguration</string>
			<key>name</key>
			<string>Release</string>
		</dict>
		<key>AFFA40361C9CE8E000C7B6F3</key>
		<dict>
			<key>buildConfigurations</key>
			<array>
				<string>AFFA40371C9CE8E000C7B6F3</string>
				<string>AFFA40381C9CE8E000C7B6F3</string>
			</array>
			<key>defaultConfigurationIsVisible</key>
			<string>0</string>
			<key>defaultConfigurationName</key>
			<string>Release</string>
			<key>isa</key>
			<string>XCConfigurationList</string>
		</dict>
		<key>AFFA40371C9CE8E000C7B6F3</key>
		<dict>
			<key>buildSettings</key>
			<dict>
				<key>BUNDLE_LOADER</key>
				<string>$(TEST_HOST)</string>
				<key>INFOPLIST_FILE</key>
				<string>VimeoUpload-iOS-OldUploadTests/Info.plist</string>
				<key>LD_RUNPATH_SEARCH_PATHS</key>
				<string>$(inherited) @executable_path/Frameworks @loader_path/Frameworks</string>
				<key>PRODUCT_BUNDLE_IDENTIFIER</key>
				<string>com.alfiehanssen.VimeoUpload-iOS-OldUploadTests</string>
				<key>PRODUCT_NAME</key>
				<string>$(TARGET_NAME)</string>
				<key>TEST_HOST</key>
				<string>$(BUILT_PRODUCTS_DIR)/VimeoUpload-iOS-OldUpload.app/VimeoUpload-iOS-OldUpload</string>
			</dict>
			<key>isa</key>
			<string>XCBuildConfiguration</string>
			<key>name</key>
			<string>Debug</string>
		</dict>
		<key>AFFA40381C9CE8E000C7B6F3</key>
		<dict>
			<key>buildSettings</key>
			<dict>
				<key>BUNDLE_LOADER</key>
				<string>$(TEST_HOST)</string>
				<key>INFOPLIST_FILE</key>
				<string>VimeoUpload-iOS-OldUploadTests/Info.plist</string>
				<key>LD_RUNPATH_SEARCH_PATHS</key>
				<string>$(inherited) @executable_path/Frameworks @loader_path/Frameworks</string>
				<key>PRODUCT_BUNDLE_IDENTIFIER</key>
				<string>com.alfiehanssen.VimeoUpload-iOS-OldUploadTests</string>
				<key>PRODUCT_NAME</key>
				<string>$(TARGET_NAME)</string>
				<key>TEST_HOST</key>
				<string>$(BUILT_PRODUCTS_DIR)/VimeoUpload-iOS-OldUpload.app/VimeoUpload-iOS-OldUpload</string>
			</dict>
			<key>isa</key>
			<string>XCBuildConfiguration</string>
			<key>name</key>
			<string>Release</string>
		</dict>
		<key>AFFA40391C9CE8E000C7B6F3</key>
		<dict>
			<key>buildConfigurations</key>
			<array>
				<string>AFFA403A1C9CE8E000C7B6F3</string>
				<string>AFFA403B1C9CE8E000C7B6F3</string>
			</array>
			<key>defaultConfigurationIsVisible</key>
			<string>0</string>
			<key>defaultConfigurationName</key>
			<string>Release</string>
			<key>isa</key>
			<string>XCConfigurationList</string>
		</dict>
		<key>AFFA403A1C9CE8E000C7B6F3</key>
		<dict>
			<key>buildSettings</key>
			<dict>
				<key>INFOPLIST_FILE</key>
				<string>VimeoUpload-iOS-OldUploadUITests/Info.plist</string>
				<key>LD_RUNPATH_SEARCH_PATHS</key>
				<string>$(inherited) @executable_path/Frameworks @loader_path/Frameworks</string>
				<key>PRODUCT_BUNDLE_IDENTIFIER</key>
				<string>com.alfiehanssen.VimeoUpload-iOS-OldUploadUITests</string>
				<key>PRODUCT_NAME</key>
				<string>$(TARGET_NAME)</string>
				<key>TEST_TARGET_NAME</key>
				<string>VimeoUpload-iOS-OldUpload</string>
				<key>USES_XCTRUNNER</key>
				<string>YES</string>
			</dict>
			<key>isa</key>
			<string>XCBuildConfiguration</string>
			<key>name</key>
			<string>Debug</string>
		</dict>
		<key>AFFA403B1C9CE8E000C7B6F3</key>
		<dict>
			<key>buildSettings</key>
			<dict>
				<key>INFOPLIST_FILE</key>
				<string>VimeoUpload-iOS-OldUploadUITests/Info.plist</string>
				<key>LD_RUNPATH_SEARCH_PATHS</key>
				<string>$(inherited) @executable_path/Frameworks @loader_path/Frameworks</string>
				<key>PRODUCT_BUNDLE_IDENTIFIER</key>
				<string>com.alfiehanssen.VimeoUpload-iOS-OldUploadUITests</string>
				<key>PRODUCT_NAME</key>
				<string>$(TARGET_NAME)</string>
				<key>TEST_TARGET_NAME</key>
				<string>VimeoUpload-iOS-OldUpload</string>
				<key>USES_XCTRUNNER</key>
				<string>YES</string>
			</dict>
			<key>isa</key>
			<string>XCBuildConfiguration</string>
			<key>name</key>
			<string>Release</string>
		</dict>
		<key>AFFA403C1C9CE9B600C7B6F3</key>
		<dict>
			<key>fileEncoding</key>
			<string>4</string>
			<key>isa</key>
			<string>PBXFileReference</string>
			<key>lastKnownFileType</key>
			<string>sourcecode.c.h</string>
			<key>path</key>
			<string>Bridge.h</string>
			<key>sourceTree</key>
			<string>&lt;group&gt;</string>
		</dict>
		<key>AFFA403D1C9CE9B600C7B6F3</key>
		<dict>
			<key>children</key>
			<array>
				<string>AFFA403E1C9CE9B600C7B6F3</string>
				<string>AFFA403F1C9CE9B600C7B6F3</string>
			</array>
			<key>isa</key>
			<string>PBXGroup</string>
			<key>path</key>
			<string>Cells</string>
			<key>sourceTree</key>
			<string>&lt;group&gt;</string>
		</dict>
		<key>AFFA403E1C9CE9B600C7B6F3</key>
		<dict>
			<key>fileEncoding</key>
			<string>4</string>
			<key>isa</key>
			<string>PBXFileReference</string>
			<key>lastKnownFileType</key>
			<string>sourcecode.swift</string>
			<key>path</key>
			<string>UploadCell.swift</string>
			<key>sourceTree</key>
			<string>&lt;group&gt;</string>
		</dict>
		<key>AFFA403F1C9CE9B600C7B6F3</key>
		<dict>
			<key>fileEncoding</key>
			<string>4</string>
			<key>isa</key>
			<string>PBXFileReference</string>
			<key>lastKnownFileType</key>
			<string>file.xib</string>
			<key>path</key>
			<string>UploadCell.xib</string>
			<key>sourceTree</key>
			<string>&lt;group&gt;</string>
		</dict>
		<key>AFFA40401C9CE9B600C7B6F3</key>
		<dict>
			<key>fileEncoding</key>
			<string>4</string>
			<key>isa</key>
			<string>PBXFileReference</string>
			<key>lastKnownFileType</key>
			<string>sourcecode.swift</string>
			<key>path</key>
			<string>OldVimeoUpload.swift</string>
			<key>sourceTree</key>
			<string>&lt;group&gt;</string>
		</dict>
		<key>AFFA40411C9CE9B600C7B6F3</key>
		<dict>
			<key>children</key>
			<array>
				<string>AFFA40421C9CE9B600C7B6F3</string>
				<string>AFFA40431C9CE9B600C7B6F3</string>
				<string>AFFA40441C9CE9B600C7B6F3</string>
				<string>AFFA40451C9CE9B600C7B6F3</string>
				<string>AFFA40461C9CE9B600C7B6F3</string>
			</array>
			<key>isa</key>
			<string>PBXGroup</string>
			<key>path</key>
			<string>ViewControllers</string>
			<key>sourceTree</key>
			<string>&lt;group&gt;</string>
		</dict>
		<key>AFFA40421C9CE9B600C7B6F3</key>
		<dict>
			<key>fileEncoding</key>
			<string>4</string>
			<key>isa</key>
			<string>PBXFileReference</string>
			<key>lastKnownFileType</key>
			<string>sourcecode.swift</string>
			<key>path</key>
			<string>CameraRollViewController.swift</string>
			<key>sourceTree</key>
			<string>&lt;group&gt;</string>
		</dict>
		<key>AFFA40431C9CE9B600C7B6F3</key>
		<dict>
			<key>fileEncoding</key>
			<string>4</string>
			<key>isa</key>
			<string>PBXFileReference</string>
			<key>lastKnownFileType</key>
			<string>sourcecode.swift</string>
			<key>path</key>
			<string>UploadsViewController.swift</string>
			<key>sourceTree</key>
			<string>&lt;group&gt;</string>
		</dict>
		<key>AFFA40441C9CE9B600C7B6F3</key>
		<dict>
			<key>fileEncoding</key>
			<string>4</string>
			<key>isa</key>
			<string>PBXFileReference</string>
			<key>lastKnownFileType</key>
			<string>file.xib</string>
			<key>path</key>
			<string>UploadsViewController.xib</string>
			<key>sourceTree</key>
			<string>&lt;group&gt;</string>
		</dict>
		<key>AFFA40451C9CE9B600C7B6F3</key>
		<dict>
			<key>fileEncoding</key>
			<string>4</string>
			<key>isa</key>
			<string>PBXFileReference</string>
			<key>lastKnownFileType</key>
			<string>sourcecode.swift</string>
			<key>path</key>
			<string>VideoSettingsViewController.swift</string>
			<key>sourceTree</key>
			<string>&lt;group&gt;</string>
		</dict>
		<key>AFFA40461C9CE9B600C7B6F3</key>
		<dict>
			<key>fileEncoding</key>
			<string>4</string>
			<key>isa</key>
			<string>PBXFileReference</string>
			<key>lastKnownFileType</key>
			<string>file.xib</string>
			<key>path</key>
			<string>VideoSettingsViewController.xib</string>
			<key>sourceTree</key>
			<string>&lt;group&gt;</string>
		</dict>
		<key>AFFA40471C9CE9B600C7B6F3</key>
		<dict>
			<key>fileRef</key>
			<string>AFFA403E1C9CE9B600C7B6F3</string>
			<key>isa</key>
			<string>PBXBuildFile</string>
		</dict>
		<key>AFFA40481C9CE9B600C7B6F3</key>
		<dict>
			<key>fileRef</key>
			<string>AFFA403F1C9CE9B600C7B6F3</string>
			<key>isa</key>
			<string>PBXBuildFile</string>
		</dict>
		<key>AFFA40491C9CE9B600C7B6F3</key>
		<dict>
			<key>fileRef</key>
			<string>AFFA40401C9CE9B600C7B6F3</string>
			<key>isa</key>
			<string>PBXBuildFile</string>
		</dict>
		<key>AFFA404A1C9CE9B600C7B6F3</key>
		<dict>
			<key>fileRef</key>
			<string>AFFA40421C9CE9B600C7B6F3</string>
			<key>isa</key>
			<string>PBXBuildFile</string>
		</dict>
		<key>AFFA404B1C9CE9B600C7B6F3</key>
		<dict>
			<key>fileRef</key>
			<string>AFFA40431C9CE9B600C7B6F3</string>
			<key>isa</key>
			<string>PBXBuildFile</string>
		</dict>
		<key>AFFA404C1C9CE9B600C7B6F3</key>
		<dict>
			<key>fileRef</key>
			<string>AFFA40441C9CE9B600C7B6F3</string>
			<key>isa</key>
			<string>PBXBuildFile</string>
		</dict>
		<key>AFFA404D1C9CE9B600C7B6F3</key>
		<dict>
			<key>fileRef</key>
			<string>AFFA40451C9CE9B600C7B6F3</string>
			<key>isa</key>
			<string>PBXBuildFile</string>
		</dict>
		<key>AFFA404E1C9CE9B600C7B6F3</key>
		<dict>
			<key>fileRef</key>
			<string>AFFA40461C9CE9B600C7B6F3</string>
			<key>isa</key>
			<string>PBXBuildFile</string>
		</dict>
		<key>AFFA404F1C9CE9EB00C7B6F3</key>
		<dict>
			<key>children</key>
			<array>
				<string>AFFA40501C9CE9EB00C7B6F3</string>
				<string>AFFA405A1C9CE9EB00C7B6F3</string>
				<string>AFFA405E1C9CE9EB00C7B6F3</string>
				<string>AFFA40631C9CE9EB00C7B6F3</string>
				<string>AFFA409F1C9CE9EB00C7B6F3</string>
			</array>
			<key>isa</key>
			<string>PBXGroup</string>
			<key>name</key>
			<string>VimeoUpload</string>
			<key>path</key>
			<string>../../../VimeoUpload</string>
			<key>sourceTree</key>
			<string>&lt;group&gt;</string>
		</dict>
		<key>AFFA40501C9CE9EB00C7B6F3</key>
		<dict>
			<key>children</key>
			<array>
				<string>AFFA40511C9CE9EB00C7B6F3</string>
				<string>AFFA40521C9CE9EB00C7B6F3</string>
				<string>AFFA40531C9CE9EB00C7B6F3</string>
				<string>AFFA40541C9CE9EB00C7B6F3</string>
				<string>AFFA40551C9CE9EB00C7B6F3</string>
				<string>AFFA40561C9CE9EB00C7B6F3</string>
				<string>AFFA40571C9CE9EB00C7B6F3</string>
				<string>AFFA40581C9CE9EB00C7B6F3</string>
				<string>AFFA40591C9CE9EB00C7B6F3</string>
			</array>
			<key>isa</key>
			<string>PBXGroup</string>
			<key>path</key>
			<string>Descriptor System</string>
			<key>sourceTree</key>
			<string>&lt;group&gt;</string>
		</dict>
		<key>AFFA40511C9CE9EB00C7B6F3</key>
		<dict>
			<key>fileEncoding</key>
			<string>4</string>
			<key>isa</key>
			<string>PBXFileReference</string>
			<key>lastKnownFileType</key>
			<string>sourcecode.swift</string>
			<key>path</key>
			<string>ArchiverProtocol.swift</string>
			<key>sourceTree</key>
			<string>&lt;group&gt;</string>
		</dict>
		<key>AFFA40521C9CE9EB00C7B6F3</key>
		<dict>
			<key>fileEncoding</key>
			<string>4</string>
			<key>isa</key>
			<string>PBXFileReference</string>
			<key>lastKnownFileType</key>
			<string>sourcecode.swift</string>
			<key>path</key>
			<string>ConnectivityManager.swift</string>
			<key>sourceTree</key>
			<string>&lt;group&gt;</string>
		</dict>
		<key>AFFA40531C9CE9EB00C7B6F3</key>
		<dict>
			<key>fileEncoding</key>
			<string>4</string>
			<key>isa</key>
			<string>PBXFileReference</string>
			<key>lastKnownFileType</key>
			<string>sourcecode.swift</string>
			<key>path</key>
			<string>Descriptor.swift</string>
			<key>sourceTree</key>
			<string>&lt;group&gt;</string>
		</dict>
		<key>AFFA40541C9CE9EB00C7B6F3</key>
		<dict>
			<key>fileEncoding</key>
			<string>4</string>
			<key>isa</key>
			<string>PBXFileReference</string>
			<key>lastKnownFileType</key>
			<string>sourcecode.swift</string>
			<key>path</key>
			<string>DescriptorManager.swift</string>
			<key>sourceTree</key>
			<string>&lt;group&gt;</string>
		</dict>
		<key>AFFA40551C9CE9EB00C7B6F3</key>
		<dict>
			<key>fileEncoding</key>
			<string>4</string>
			<key>isa</key>
			<string>PBXFileReference</string>
			<key>lastKnownFileType</key>
			<string>sourcecode.swift</string>
			<key>path</key>
			<string>DescriptorManagerArchiver.swift</string>
			<key>sourceTree</key>
			<string>&lt;group&gt;</string>
		</dict>
		<key>AFFA40561C9CE9EB00C7B6F3</key>
		<dict>
			<key>fileEncoding</key>
			<string>4</string>
			<key>isa</key>
			<string>PBXFileReference</string>
			<key>lastKnownFileType</key>
			<string>sourcecode.swift</string>
			<key>path</key>
			<string>DescriptorManagerDelegate.swift</string>
			<key>sourceTree</key>
			<string>&lt;group&gt;</string>
		</dict>
		<key>AFFA40571C9CE9EB00C7B6F3</key>
		<dict>
			<key>fileEncoding</key>
			<string>4</string>
			<key>isa</key>
			<string>PBXFileReference</string>
			<key>lastKnownFileType</key>
			<string>sourcecode.swift</string>
			<key>path</key>
			<string>KeyedArchiver.swift</string>
			<key>sourceTree</key>
			<string>&lt;group&gt;</string>
		</dict>
		<key>AFFA40581C9CE9EB00C7B6F3</key>
		<dict>
			<key>fileEncoding</key>
			<string>4</string>
			<key>isa</key>
			<string>PBXFileReference</string>
			<key>lastKnownFileType</key>
			<string>sourcecode.swift</string>
			<key>path</key>
			<string>ProgressDescriptor.swift</string>
			<key>sourceTree</key>
			<string>&lt;group&gt;</string>
		</dict>
		<key>AFFA40591C9CE9EB00C7B6F3</key>
		<dict>
			<key>fileEncoding</key>
			<string>4</string>
			<key>isa</key>
			<string>PBXFileReference</string>
			<key>lastKnownFileType</key>
			<string>sourcecode.swift</string>
			<key>path</key>
			<string>ReachableDescriptorManager.swift</string>
			<key>sourceTree</key>
			<string>&lt;group&gt;</string>
		</dict>
		<key>AFFA405A1C9CE9EB00C7B6F3</key>
		<dict>
			<key>children</key>
			<array>
				<string>AFFA405B1C9CE9EB00C7B6F3</string>
				<string>AFFA405C1C9CE9EB00C7B6F3</string>
				<string>AFFA405D1C9CE9EB00C7B6F3</string>
			</array>
			<key>isa</key>
			<string>PBXGroup</string>
			<key>path</key>
			<string>Extensions</string>
			<key>sourceTree</key>
			<string>&lt;group&gt;</string>
		</dict>
		<key>AFFA405B1C9CE9EB00C7B6F3</key>
		<dict>
			<key>fileEncoding</key>
			<string>4</string>
			<key>isa</key>
			<string>PBXFileReference</string>
			<key>lastKnownFileType</key>
			<string>sourcecode.swift</string>
			<key>path</key>
			<string>AFURLSessionManager+Extensions.swift</string>
			<key>sourceTree</key>
			<string>&lt;group&gt;</string>
		</dict>
		<key>AFFA405C1C9CE9EB00C7B6F3</key>
		<dict>
			<key>fileEncoding</key>
			<string>4</string>
			<key>isa</key>
			<string>PBXFileReference</string>
			<key>lastKnownFileType</key>
			<string>sourcecode.swift</string>
			<key>path</key>
			<string>NSError+Extensions.swift</string>
			<key>sourceTree</key>
			<string>&lt;group&gt;</string>
		</dict>
		<key>AFFA405D1C9CE9EB00C7B6F3</key>
		<dict>
			<key>fileEncoding</key>
			<string>4</string>
			<key>isa</key>
			<string>PBXFileReference</string>
			<key>lastKnownFileType</key>
			<string>sourcecode.swift</string>
			<key>path</key>
			<string>NSFileManager+Extensions.swift</string>
			<key>sourceTree</key>
			<string>&lt;group&gt;</string>
		</dict>
		<key>AFFA405E1C9CE9EB00C7B6F3</key>
		<dict>
			<key>children</key>
			<array>
				<string>AFFA405F1C9CE9EB00C7B6F3</string>
				<string>AFFA40601C9CE9EB00C7B6F3</string>
				<string>AFFA40611C9CE9EB00C7B6F3</string>
				<string>AFFA40621C9CE9EB00C7B6F3</string>
			</array>
			<key>isa</key>
			<string>PBXGroup</string>
			<key>path</key>
			<string>Networking</string>
			<key>sourceTree</key>
			<string>&lt;group&gt;</string>
		</dict>
		<key>AFFA405F1C9CE9EB00C7B6F3</key>
		<dict>
			<key>fileEncoding</key>
			<string>4</string>
			<key>isa</key>
			<string>PBXFileReference</string>
			<key>lastKnownFileType</key>
			<string>sourcecode.swift</string>
			<key>path</key>
			<string>Constants.swift</string>
			<key>sourceTree</key>
			<string>&lt;group&gt;</string>
		</dict>
		<key>AFFA40601C9CE9EB00C7B6F3</key>
		<dict>
			<key>fileEncoding</key>
			<string>4</string>
			<key>isa</key>
			<string>PBXFileReference</string>
			<key>lastKnownFileType</key>
			<string>sourcecode.swift</string>
			<key>path</key>
			<string>VimeoRequestSerializer.swift</string>
			<key>sourceTree</key>
			<string>&lt;group&gt;</string>
		</dict>
		<key>AFFA40611C9CE9EB00C7B6F3</key>
		<dict>
			<key>fileEncoding</key>
			<string>4</string>
			<key>isa</key>
			<string>PBXFileReference</string>
			<key>lastKnownFileType</key>
			<string>sourcecode.swift</string>
			<key>path</key>
			<string>VimeoResponseSerializer.swift</string>
			<key>sourceTree</key>
			<string>&lt;group&gt;</string>
		</dict>
		<key>AFFA40621C9CE9EB00C7B6F3</key>
		<dict>
			<key>fileEncoding</key>
			<string>4</string>
			<key>isa</key>
			<string>PBXFileReference</string>
			<key>lastKnownFileType</key>
			<string>sourcecode.swift</string>
			<key>path</key>
			<string>VimeoSessionManager.swift</string>
			<key>sourceTree</key>
			<string>&lt;group&gt;</string>
		</dict>
		<key>AFFA40631C9CE9EB00C7B6F3</key>
		<dict>
			<key>children</key>
			<array>
				<string>AFFA40641C9CE9EB00C7B6F3</string>
				<string>AFFA40671C9CE9EB00C7B6F3</string>
				<string>AFFA40701C9CE9EB00C7B6F3</string>
				<string>AFFA40761C9CE9EB00C7B6F3</string>
				<string>AFFA40791C9CE9EB00C7B6F3</string>
				<string>AFFA40811C9CE9EB00C7B6F3</string>
			</array>
			<key>isa</key>
			<string>PBXGroup</string>
			<key>path</key>
			<string>Upload</string>
			<key>sourceTree</key>
			<string>&lt;group&gt;</string>
		</dict>
		<key>AFFA40641C9CE9EB00C7B6F3</key>
		<dict>
			<key>children</key>
			<array>
				<string>AFFA40651C9CE9EB00C7B6F3</string>
				<string>AFFA40661C9CE9EB00C7B6F3</string>
			</array>
			<key>isa</key>
			<string>PBXGroup</string>
			<key>path</key>
			<string>Controllers</string>
			<key>sourceTree</key>
			<string>&lt;group&gt;</string>
		</dict>
		<key>AFFA40651C9CE9EB00C7B6F3</key>
		<dict>
			<key>fileEncoding</key>
			<string>4</string>
			<key>isa</key>
			<string>PBXFileReference</string>
			<key>lastKnownFileType</key>
			<string>sourcecode.swift</string>
			<key>path</key>
			<string>VideoDeletionManager.swift</string>
			<key>sourceTree</key>
			<string>&lt;group&gt;</string>
		</dict>
		<key>AFFA40661C9CE9EB00C7B6F3</key>
		<dict>
			<key>fileEncoding</key>
			<string>4</string>
			<key>isa</key>
			<string>PBXFileReference</string>
			<key>lastKnownFileType</key>
			<string>sourcecode.swift</string>
			<key>path</key>
			<string>VideoRefreshManager.swift</string>
			<key>sourceTree</key>
			<string>&lt;group&gt;</string>
		</dict>
		<key>AFFA40671C9CE9EB00C7B6F3</key>
		<dict>
			<key>children</key>
			<array>
				<string>AFFA40681C9CE9EB00C7B6F3</string>
				<string>AFFA40691C9CE9EB00C7B6F3</string>
				<string>AFFA406B1C9CE9EB00C7B6F3</string>
				<string>AFFA406E1C9CE9EB00C7B6F3</string>
				<string>AFFA406F1C9CE9EB00C7B6F3</string>
			</array>
			<key>isa</key>
			<string>PBXGroup</string>
			<key>path</key>
			<string>Descriptor System</string>
			<key>sourceTree</key>
			<string>&lt;group&gt;</string>
		</dict>
		<key>AFFA40681C9CE9EB00C7B6F3</key>
		<dict>
			<key>fileEncoding</key>
			<string>4</string>
			<key>isa</key>
			<string>PBXFileReference</string>
			<key>lastKnownFileType</key>
			<string>sourcecode.swift</string>
			<key>path</key>
			<string>DescriptorManagerTracker.swift</string>
			<key>sourceTree</key>
			<string>&lt;group&gt;</string>
		</dict>
		<key>AFFA40691C9CE9EB00C7B6F3</key>
		<dict>
			<key>children</key>
			<array>
				<string>AFFA406A1C9CE9EB00C7B6F3</string>
			</array>
			<key>isa</key>
			<string>PBXGroup</string>
			<key>path</key>
			<string>New Upload (Private)</string>
			<key>sourceTree</key>
			<string>&lt;group&gt;</string>
		</dict>
		<key>AFFA406A1C9CE9EB00C7B6F3</key>
		<dict>
			<key>fileEncoding</key>
			<string>4</string>
			<key>isa</key>
			<string>PBXFileReference</string>
			<key>lastKnownFileType</key>
			<string>sourcecode.swift</string>
			<key>path</key>
			<string>UploadDescriptor.swift</string>
			<key>sourceTree</key>
			<string>&lt;group&gt;</string>
		</dict>
		<key>AFFA406B1C9CE9EB00C7B6F3</key>
		<dict>
			<key>children</key>
			<array>
				<string>AFFA406C1C9CE9EB00C7B6F3</string>
				<string>AFFA406D1C9CE9EB00C7B6F3</string>
			</array>
			<key>isa</key>
			<string>PBXGroup</string>
			<key>path</key>
			<string>Old Upload</string>
			<key>sourceTree</key>
			<string>&lt;group&gt;</string>
		</dict>
		<key>AFFA406C1C9CE9EB00C7B6F3</key>
		<dict>
			<key>fileEncoding</key>
			<string>4</string>
			<key>isa</key>
			<string>PBXFileReference</string>
			<key>lastKnownFileType</key>
			<string>sourcecode.swift</string>
			<key>path</key>
			<string>OldUploadDescriptor.swift</string>
			<key>sourceTree</key>
			<string>&lt;group&gt;</string>
		</dict>
		<key>AFFA406D1C9CE9EB00C7B6F3</key>
		<dict>
			<key>fileEncoding</key>
			<string>4</string>
			<key>isa</key>
			<string>PBXFileReference</string>
			<key>lastKnownFileType</key>
			<string>sourcecode.swift</string>
			<key>path</key>
			<string>OldUploadRequest.swift</string>
			<key>sourceTree</key>
			<string>&lt;group&gt;</string>
		</dict>
		<key>AFFA406E1C9CE9EB00C7B6F3</key>
		<dict>
			<key>fileEncoding</key>
			<string>4</string>
			<key>isa</key>
			<string>PBXFileReference</string>
			<key>lastKnownFileType</key>
			<string>sourcecode.swift</string>
			<key>path</key>
			<string>VideoDescriptor.swift</string>
			<key>sourceTree</key>
			<string>&lt;group&gt;</string>
		</dict>
		<key>AFFA406F1C9CE9EB00C7B6F3</key>
		<dict>
			<key>fileEncoding</key>
			<string>4</string>
			<key>isa</key>
			<string>PBXFileReference</string>
			<key>lastKnownFileType</key>
			<string>sourcecode.swift</string>
			<key>path</key>
			<string>VideoDescriptorFailureTracker.swift</string>
			<key>sourceTree</key>
			<string>&lt;group&gt;</string>
		</dict>
		<key>AFFA40701C9CE9EB00C7B6F3</key>
		<dict>
			<key>children</key>
			<array>
				<string>AFFA40711C9CE9EB00C7B6F3</string>
				<string>AFFA40721C9CE9EB00C7B6F3</string>
				<string>AFFA40731C9CE9EB00C7B6F3</string>
				<string>AFFA40741C9CE9EB00C7B6F3</string>
				<string>AFFA40751C9CE9EB00C7B6F3</string>
			</array>
			<key>isa</key>
			<string>PBXGroup</string>
			<key>path</key>
			<string>Extensions</string>
			<key>sourceTree</key>
			<string>&lt;group&gt;</string>
		</dict>
		<key>AFFA40711C9CE9EB00C7B6F3</key>
		<dict>
			<key>fileEncoding</key>
			<string>4</string>
			<key>isa</key>
			<string>PBXFileReference</string>
			<key>lastKnownFileType</key>
			<string>sourcecode.swift</string>
			<key>path</key>
			<string>AFURLSessionManager+Upload.swift</string>
			<key>sourceTree</key>
			<string>&lt;group&gt;</string>
		</dict>
		<key>AFFA40721C9CE9EB00C7B6F3</key>
		<dict>
			<key>fileEncoding</key>
			<string>4</string>
			<key>isa</key>
			<string>PBXFileReference</string>
			<key>lastKnownFileType</key>
			<string>sourcecode.swift</string>
			<key>path</key>
			<string>AVAsset+Extensions.swift</string>
			<key>sourceTree</key>
			<string>&lt;group&gt;</string>
		</dict>
		<key>AFFA40731C9CE9EB00C7B6F3</key>
		<dict>
			<key>fileEncoding</key>
			<string>4</string>
			<key>isa</key>
			<string>PBXFileReference</string>
			<key>lastKnownFileType</key>
			<string>sourcecode.swift</string>
			<key>path</key>
			<string>AVURLAsset+Extensions.swift</string>
			<key>sourceTree</key>
			<string>&lt;group&gt;</string>
		</dict>
		<key>AFFA40741C9CE9EB00C7B6F3</key>
		<dict>
			<key>fileEncoding</key>
			<string>4</string>
			<key>isa</key>
			<string>PBXFileReference</string>
			<key>lastKnownFileType</key>
			<string>sourcecode.swift</string>
			<key>path</key>
			<string>NSError+Upload.swift</string>
			<key>sourceTree</key>
			<string>&lt;group&gt;</string>
		</dict>
		<key>AFFA40751C9CE9EB00C7B6F3</key>
		<dict>
			<key>fileEncoding</key>
			<string>4</string>
			<key>isa</key>
			<string>PBXFileReference</string>
			<key>lastKnownFileType</key>
			<string>sourcecode.swift</string>
			<key>path</key>
			<string>NSURL+Upload.swift</string>
			<key>sourceTree</key>
			<string>&lt;group&gt;</string>
		</dict>
		<key>AFFA40761C9CE9EB00C7B6F3</key>
		<dict>
			<key>children</key>
			<array>
				<string>AFFA40771C9CE9EB00C7B6F3</string>
				<string>AFFA40781C9CE9EB00C7B6F3</string>
			</array>
			<key>isa</key>
			<string>PBXGroup</string>
			<key>path</key>
			<string>Model</string>
			<key>sourceTree</key>
			<string>&lt;group&gt;</string>
		</dict>
		<key>AFFA40771C9CE9EB00C7B6F3</key>
		<dict>
			<key>fileEncoding</key>
			<string>4</string>
			<key>isa</key>
			<string>PBXFileReference</string>
			<key>lastKnownFileType</key>
			<string>sourcecode.swift</string>
			<key>path</key>
			<string>BlockTypes.swift</string>
			<key>sourceTree</key>
			<string>&lt;group&gt;</string>
		</dict>
		<key>AFFA40781C9CE9EB00C7B6F3</key>
		<dict>
			<key>fileEncoding</key>
			<string>4</string>
			<key>isa</key>
			<string>PBXFileReference</string>
			<key>lastKnownFileType</key>
			<string>sourcecode.swift</string>
			<key>path</key>
			<string>VideoSettings.swift</string>
			<key>sourceTree</key>
			<string>&lt;group&gt;</string>
		</dict>
		<key>AFFA40791C9CE9EB00C7B6F3</key>
		<dict>
			<key>children</key>
			<array>
				<string>AFFA407A1C9CE9EB00C7B6F3</string>
				<string>AFFA407D1C9CE9EB00C7B6F3</string>
			</array>
			<key>isa</key>
			<string>PBXGroup</string>
			<key>path</key>
			<string>Networking</string>
			<key>sourceTree</key>
			<string>&lt;group&gt;</string>
		</dict>
		<key>AFFA407A1C9CE9EB00C7B6F3</key>
		<dict>
			<key>children</key>
			<array>
				<string>AFFA407B1C9CE9EB00C7B6F3</string>
				<string>AFFA407C1C9CE9EB00C7B6F3</string>
			</array>
			<key>isa</key>
			<string>PBXGroup</string>
			<key>path</key>
			<string>New Upload (Private)</string>
			<key>sourceTree</key>
			<string>&lt;group&gt;</string>
		</dict>
		<key>AFFA407B1C9CE9EB00C7B6F3</key>
		<dict>
			<key>fileEncoding</key>
			<string>4</string>
			<key>isa</key>
			<string>PBXFileReference</string>
			<key>lastKnownFileType</key>
			<string>sourcecode.swift</string>
			<key>path</key>
			<string>VimeoRequestSerializer+Upload.swift</string>
			<key>sourceTree</key>
			<string>&lt;group&gt;</string>
		</dict>
		<key>AFFA407C1C9CE9EB00C7B6F3</key>
		<dict>
			<key>fileEncoding</key>
			<string>4</string>
			<key>isa</key>
			<string>PBXFileReference</string>
			<key>lastKnownFileType</key>
			<string>sourcecode.swift</string>
			<key>path</key>
			<string>VimeoSessionManager+Upload.swift</string>
			<key>sourceTree</key>
			<string>&lt;group&gt;</string>
		</dict>
		<key>AFFA407D1C9CE9EB00C7B6F3</key>
		<dict>
			<key>children</key>
			<array>
				<string>AFFA407E1C9CE9EB00C7B6F3</string>
				<string>AFFA407F1C9CE9EB00C7B6F3</string>
				<string>AFFA40801C9CE9EB00C7B6F3</string>
			</array>
			<key>isa</key>
			<string>PBXGroup</string>
			<key>path</key>
			<string>Old Upload</string>
			<key>sourceTree</key>
			<string>&lt;group&gt;</string>
		</dict>
		<key>AFFA407E1C9CE9EB00C7B6F3</key>
		<dict>
			<key>fileEncoding</key>
			<string>4</string>
			<key>isa</key>
			<string>PBXFileReference</string>
			<key>lastKnownFileType</key>
			<string>sourcecode.swift</string>
			<key>path</key>
			<string>VimeoRequestSerializer+OldUpload.swift</string>
			<key>sourceTree</key>
			<string>&lt;group&gt;</string>
		</dict>
		<key>AFFA407F1C9CE9EB00C7B6F3</key>
		<dict>
			<key>fileEncoding</key>
			<string>4</string>
			<key>isa</key>
			<string>PBXFileReference</string>
			<key>lastKnownFileType</key>
			<string>sourcecode.swift</string>
			<key>path</key>
			<string>VimeoResponseSerializer+OldUpload.swift</string>
			<key>sourceTree</key>
			<string>&lt;group&gt;</string>
		</dict>
		<key>AFFA40801C9CE9EB00C7B6F3</key>
		<dict>
			<key>fileEncoding</key>
			<string>4</string>
			<key>isa</key>
			<string>PBXFileReference</string>
			<key>lastKnownFileType</key>
			<string>sourcecode.swift</string>
			<key>path</key>
			<string>VimeoSessionManager+OldUpload.swift</string>
			<key>sourceTree</key>
			<string>&lt;group&gt;</string>
		</dict>
		<key>AFFA40811C9CE9EB00C7B6F3</key>
		<dict>
			<key>children</key>
			<array>
				<string>AFFA40821C9CE9EB00C7B6F3</string>
				<string>AFFA40901C9CE9EB00C7B6F3</string>
				<string>AFFA409A1C9CE9EB00C7B6F3</string>
			</array>
			<key>isa</key>
			<string>PBXGroup</string>
			<key>path</key>
			<string>Operations</string>
			<key>sourceTree</key>
			<string>&lt;group&gt;</string>
		</dict>
		<key>AFFA40821C9CE9EB00C7B6F3</key>
		<dict>
			<key>children</key>
			<array>
				<string>AFFA40831C9CE9EB00C7B6F3</string>
				<string>AFFA40841C9CE9EB00C7B6F3</string>
				<string>AFFA40851C9CE9EB00C7B6F3</string>
				<string>AFFA40861C9CE9EB00C7B6F3</string>
				<string>AFFA40871C9CE9EB00C7B6F3</string>
				<string>AFFA40891C9CE9EB00C7B6F3</string>
				<string>AFFA408D1C9CE9EB00C7B6F3</string>
				<string>AFFA408E1C9CE9EB00C7B6F3</string>
				<string>AFFA408F1C9CE9EB00C7B6F3</string>
			</array>
			<key>isa</key>
			<string>PBXGroup</string>
			<key>path</key>
			<string>Async</string>
			<key>sourceTree</key>
			<string>&lt;group&gt;</string>
		</dict>
		<key>AFFA40831C9CE9EB00C7B6F3</key>
		<dict>
			<key>fileEncoding</key>
			<string>4</string>
			<key>isa</key>
			<string>PBXFileReference</string>
			<key>lastKnownFileType</key>
			<string>sourcecode.swift</string>
			<key>path</key>
			<string>ConcurrentOperation.swift</string>
			<key>sourceTree</key>
			<string>&lt;group&gt;</string>
		</dict>
		<key>AFFA40841C9CE9EB00C7B6F3</key>
		<dict>
			<key>fileEncoding</key>
			<string>4</string>
			<key>isa</key>
			<string>PBXFileReference</string>
			<key>lastKnownFileType</key>
			<string>sourcecode.swift</string>
			<key>path</key>
			<string>DeleteVideoOperation.swift</string>
			<key>sourceTree</key>
			<string>&lt;group&gt;</string>
		</dict>
		<key>AFFA40851C9CE9EB00C7B6F3</key>
		<dict>
			<key>fileEncoding</key>
			<string>4</string>
			<key>isa</key>
			<string>PBXFileReference</string>
			<key>lastKnownFileType</key>
			<string>sourcecode.swift</string>
			<key>path</key>
			<string>ExportOperation.swift</string>
			<key>sourceTree</key>
			<string>&lt;group&gt;</string>
		</dict>
		<key>AFFA40861C9CE9EB00C7B6F3</key>
		<dict>
			<key>fileEncoding</key>
			<string>4</string>
			<key>isa</key>
			<string>PBXFileReference</string>
			<key>lastKnownFileType</key>
			<string>sourcecode.swift</string>
			<key>path</key>
			<string>ExportQuotaOperation.swift</string>
			<key>sourceTree</key>
			<string>&lt;group&gt;</string>
		</dict>
		<key>AFFA40871C9CE9EB00C7B6F3</key>
		<dict>
			<key>children</key>
			<array>
				<string>AFFA40881C9CE9EB00C7B6F3</string>
			</array>
			<key>isa</key>
			<string>PBXGroup</string>
			<key>path</key>
			<string>iOS7</string>
			<key>sourceTree</key>
			<string>&lt;group&gt;</string>
		</dict>
		<key>AFFA40881C9CE9EB00C7B6F3</key>
		<dict>
			<key>fileEncoding</key>
			<string>4</string>
			<key>isa</key>
			<string>PBXFileReference</string>
			<key>lastKnownFileType</key>
			<string>sourcecode.swift</string>
			<key>path</key>
			<string>ALAssetExportQuotaOperation.swift</string>
			<key>sourceTree</key>
			<string>&lt;group&gt;</string>
		</dict>
		<key>AFFA40891C9CE9EB00C7B6F3</key>
		<dict>
			<key>children</key>
			<array>
				<string>AFFA408A1C9CE9EB00C7B6F3</string>
				<string>AFFA408B1C9CE9EB00C7B6F3</string>
				<string>AFFA408C1C9CE9EB00C7B6F3</string>
			</array>
			<key>isa</key>
			<string>PBXGroup</string>
			<key>path</key>
			<string>iOS8</string>
			<key>sourceTree</key>
			<string>&lt;group&gt;</string>
		</dict>
		<key>AFFA408A1C9CE9EB00C7B6F3</key>
		<dict>
			<key>fileEncoding</key>
			<string>4</string>
			<key>isa</key>
			<string>PBXFileReference</string>
			<key>lastKnownFileType</key>
			<string>sourcecode.swift</string>
			<key>path</key>
			<string>PHAssetCloudExportQuotaOperation.swift</string>
			<key>sourceTree</key>
			<string>&lt;group&gt;</string>
		</dict>
		<key>AFFA408B1C9CE9EB00C7B6F3</key>
		<dict>
			<key>fileEncoding</key>
			<string>4</string>
			<key>isa</key>
			<string>PBXFileReference</string>
			<key>lastKnownFileType</key>
			<string>sourcecode.swift</string>
			<key>path</key>
			<string>PHAssetDownloadOperation.swift</string>
			<key>sourceTree</key>
			<string>&lt;group&gt;</string>
		</dict>
		<key>AFFA408C1C9CE9EB00C7B6F3</key>
		<dict>
			<key>fileEncoding</key>
			<string>4</string>
			<key>isa</key>
			<string>PBXFileReference</string>
			<key>lastKnownFileType</key>
			<string>sourcecode.swift</string>
			<key>path</key>
			<string>PHAssetExportSessionOperation.swift</string>
			<key>sourceTree</key>
			<string>&lt;group&gt;</string>
		</dict>
		<key>AFFA408D1C9CE9EB00C7B6F3</key>
		<dict>
			<key>fileEncoding</key>
			<string>4</string>
			<key>isa</key>
			<string>PBXFileReference</string>
			<key>lastKnownFileType</key>
			<string>sourcecode.swift</string>
			<key>path</key>
			<string>MeOperation.swift</string>
			<key>sourceTree</key>
			<string>&lt;group&gt;</string>
		</dict>
		<key>AFFA408E1C9CE9EB00C7B6F3</key>
		<dict>
			<key>fileEncoding</key>
			<string>4</string>
			<key>isa</key>
			<string>PBXFileReference</string>
			<key>lastKnownFileType</key>
			<string>sourcecode.swift</string>
			<key>path</key>
			<string>MeQuotaOperation.swift</string>
			<key>sourceTree</key>
			<string>&lt;group&gt;</string>
		</dict>
		<key>AFFA408F1C9CE9EB00C7B6F3</key>
		<dict>
			<key>fileEncoding</key>
			<string>4</string>
			<key>isa</key>
			<string>PBXFileReference</string>
			<key>lastKnownFileType</key>
			<string>sourcecode.swift</string>
			<key>path</key>
			<string>VideoOperation.swift</string>
			<key>sourceTree</key>
			<string>&lt;group&gt;</string>
		</dict>
		<key>AFFA40901C9CE9EB00C7B6F3</key>
		<dict>
			<key>children</key>
			<array>
				<string>AFFA40911C9CE9EB00C7B6F3</string>
				<string>AFFA40921C9CE9EB00C7B6F3</string>
				<string>AFFA40931C9CE9EB00C7B6F3</string>
				<string>AFFA40961C9CE9EB00C7B6F3</string>
				<string>AFFA40991C9CE9EB00C7B6F3</string>
			</array>
			<key>isa</key>
			<string>PBXGroup</string>
			<key>path</key>
			<string>Private</string>
			<key>sourceTree</key>
			<string>&lt;group&gt;</string>
		</dict>
		<key>AFFA40911C9CE9EB00C7B6F3</key>
		<dict>
			<key>fileEncoding</key>
			<string>4</string>
			<key>isa</key>
			<string>PBXFileReference</string>
			<key>lastKnownFileType</key>
			<string>sourcecode.swift</string>
			<key>path</key>
			<string>CreateVideoOperation.swift</string>
			<key>sourceTree</key>
			<string>&lt;group&gt;</string>
		</dict>
		<key>AFFA40921C9CE9EB00C7B6F3</key>
		<dict>
			<key>fileEncoding</key>
			<string>4</string>
			<key>isa</key>
			<string>PBXFileReference</string>
			<key>lastKnownFileType</key>
			<string>sourcecode.swift</string>
			<key>path</key>
			<string>ExportQuotaCreateOperation.swift</string>
			<key>sourceTree</key>
			<string>&lt;group&gt;</string>
		</dict>
		<key>AFFA40931C9CE9EB00C7B6F3</key>
		<dict>
			<key>children</key>
			<array>
				<string>AFFA40941C9CE9EB00C7B6F3</string>
				<string>AFFA40951C9CE9EB00C7B6F3</string>
			</array>
			<key>isa</key>
			<string>PBXGroup</string>
			<key>path</key>
			<string>iOS7</string>
			<key>sourceTree</key>
			<string>&lt;group&gt;</string>
		</dict>
		<key>AFFA40941C9CE9EB00C7B6F3</key>
		<dict>
			<key>fileEncoding</key>
			<string>4</string>
			<key>isa</key>
			<string>PBXFileReference</string>
			<key>lastKnownFileType</key>
			<string>sourcecode.swift</string>
			<key>path</key>
			<string>ALAssetExportQuotaCreateOperation.swift</string>
			<key>sourceTree</key>
			<string>&lt;group&gt;</string>
		</dict>
		<key>AFFA40951C9CE9EB00C7B6F3</key>
		<dict>
			<key>fileEncoding</key>
			<string>4</string>
			<key>isa</key>
			<string>PBXFileReference</string>
			<key>lastKnownFileType</key>
			<string>sourcecode.swift</string>
			<key>path</key>
			<string>ALAssetRetryUploadOperation.swift</string>
			<key>sourceTree</key>
			<string>&lt;group&gt;</string>
		</dict>
		<key>AFFA40961C9CE9EB00C7B6F3</key>
		<dict>
			<key>children</key>
			<array>
				<string>AFFA40971C9CE9EB00C7B6F3</string>
				<string>AFFA40981C9CE9EB00C7B6F3</string>
			</array>
			<key>isa</key>
			<string>PBXGroup</string>
			<key>path</key>
			<string>iOS8</string>
			<key>sourceTree</key>
			<string>&lt;group&gt;</string>
		</dict>
		<key>AFFA40971C9CE9EB00C7B6F3</key>
		<dict>
			<key>fileEncoding</key>
			<string>4</string>
			<key>isa</key>
			<string>PBXFileReference</string>
			<key>lastKnownFileType</key>
			<string>sourcecode.swift</string>
			<key>path</key>
			<string>PHAssetCloudExportQuotaCreateOperation.swift</string>
			<key>sourceTree</key>
			<string>&lt;group&gt;</string>
		</dict>
		<key>AFFA40981C9CE9EB00C7B6F3</key>
		<dict>
			<key>fileEncoding</key>
			<string>4</string>
			<key>isa</key>
			<string>PBXFileReference</string>
			<key>lastKnownFileType</key>
			<string>sourcecode.swift</string>
			<key>path</key>
			<string>PHAssetRetryUploadOperation.swift</string>
			<key>sourceTree</key>
			<string>&lt;group&gt;</string>
		</dict>
		<key>AFFA40991C9CE9EB00C7B6F3</key>
		<dict>
			<key>fileEncoding</key>
			<string>4</string>
			<key>isa</key>
			<string>PBXFileReference</string>
			<key>lastKnownFileType</key>
			<string>sourcecode.swift</string>
			<key>path</key>
			<string>RetryUploadOperation.swift</string>
			<key>sourceTree</key>
			<string>&lt;group&gt;</string>
		</dict>
		<key>AFFA409A1C9CE9EB00C7B6F3</key>
		<dict>
			<key>children</key>
			<array>
				<string>AFFA409B1C9CE9EB00C7B6F3</string>
				<string>AFFA409C1C9CE9EB00C7B6F3</string>
				<string>AFFA409D1C9CE9EB00C7B6F3</string>
			</array>
			<key>isa</key>
			<string>PBXGroup</string>
			<key>path</key>
			<string>Sync</string>
			<key>sourceTree</key>
			<string>&lt;group&gt;</string>
		</dict>
		<key>AFFA409B1C9CE9EB00C7B6F3</key>
		<dict>
			<key>fileEncoding</key>
			<string>4</string>
			<key>isa</key>
			<string>PBXFileReference</string>
			<key>lastKnownFileType</key>
			<string>sourcecode.swift</string>
			<key>path</key>
			<string>DailyQuotaOperation.swift</string>
			<key>sourceTree</key>
			<string>&lt;group&gt;</string>
		</dict>
		<key>AFFA409C1C9CE9EB00C7B6F3</key>
		<dict>
			<key>fileEncoding</key>
			<string>4</string>
			<key>isa</key>
			<string>PBXFileReference</string>
			<key>lastKnownFileType</key>
			<string>sourcecode.swift</string>
			<key>path</key>
			<string>DiskSpaceOperation.swift</string>
			<key>sourceTree</key>
			<string>&lt;group&gt;</string>
		</dict>
		<key>AFFA409D1C9CE9EB00C7B6F3</key>
		<dict>
			<key>fileEncoding</key>
			<string>4</string>
			<key>isa</key>
			<string>PBXFileReference</string>
			<key>lastKnownFileType</key>
			<string>sourcecode.swift</string>
			<key>path</key>
			<string>WeeklyQuotaOperation.swift</string>
			<key>sourceTree</key>
			<string>&lt;group&gt;</string>
		</dict>
		<key>AFFA409F1C9CE9EB00C7B6F3</key>
		<dict>
			<key>fileEncoding</key>
			<string>4</string>
			<key>isa</key>
			<string>PBXFileReference</string>
			<key>lastKnownFileType</key>
			<string>sourcecode.swift</string>
			<key>path</key>
			<string>VimeoUpload.swift</string>
			<key>sourceTree</key>
			<string>&lt;group&gt;</string>
		</dict>
		<key>AFFA40A01C9CE9EB00C7B6F3</key>
		<dict>
			<key>children</key>
			<array>
				<string>AFFA40A11C9CE9EB00C7B6F3</string>
				<string>AFFA40A41C9CE9EB00C7B6F3</string>
			</array>
			<key>isa</key>
			<string>PBXGroup</string>
			<key>name</key>
			<string>VimeoUpload+Demos</string>
			<key>path</key>
			<string>../../../VimeoUpload+Demos</string>
			<key>sourceTree</key>
			<string>&lt;group&gt;</string>
		</dict>
		<key>AFFA40A11C9CE9EB00C7B6F3</key>
		<dict>
			<key>children</key>
			<array>
				<string>AFFA40A21C9CE9EB00C7B6F3</string>
				<string>AFFA40A31C9CE9EB00C7B6F3</string>
			</array>
			<key>isa</key>
			<string>PBXGroup</string>
			<key>path</key>
			<string>Cells</string>
			<key>sourceTree</key>
			<string>&lt;group&gt;</string>
		</dict>
		<key>AFFA40A21C9CE9EB00C7B6F3</key>
		<dict>
			<key>fileEncoding</key>
			<string>4</string>
			<key>isa</key>
			<string>PBXFileReference</string>
			<key>lastKnownFileType</key>
			<string>sourcecode.swift</string>
			<key>path</key>
			<string>DemoCameraRollCell.swift</string>
			<key>sourceTree</key>
			<string>&lt;group&gt;</string>
		</dict>
		<key>AFFA40A31C9CE9EB00C7B6F3</key>
		<dict>
			<key>fileEncoding</key>
			<string>4</string>
			<key>isa</key>
			<string>PBXFileReference</string>
			<key>lastKnownFileType</key>
			<string>file.xib</string>
			<key>path</key>
			<string>DemoCameraRollCell.xib</string>
			<key>sourceTree</key>
			<string>&lt;group&gt;</string>
		</dict>
		<key>AFFA40A41C9CE9EB00C7B6F3</key>
		<dict>
			<key>children</key>
			<array>
				<string>AFFA40A51C9CE9EB00C7B6F3</string>
				<string>AFFA40A61C9CE9EB00C7B6F3</string>
			</array>
			<key>isa</key>
			<string>PBXGroup</string>
			<key>path</key>
			<string>ViewControllers</string>
			<key>sourceTree</key>
			<string>&lt;group&gt;</string>
		</dict>
		<key>AFFA40A51C9CE9EB00C7B6F3</key>
		<dict>
			<key>fileEncoding</key>
			<string>4</string>
			<key>isa</key>
			<string>PBXFileReference</string>
			<key>lastKnownFileType</key>
			<string>sourcecode.swift</string>
			<key>path</key>
			<string>BaseCameraRollViewController.swift</string>
			<key>sourceTree</key>
			<string>&lt;group&gt;</string>
		</dict>
		<key>AFFA40A61C9CE9EB00C7B6F3</key>
		<dict>
			<key>fileEncoding</key>
			<string>4</string>
			<key>isa</key>
			<string>PBXFileReference</string>
			<key>lastKnownFileType</key>
			<string>file.xib</string>
			<key>path</key>
			<string>BaseCameraRollViewController.xib</string>
			<key>sourceTree</key>
			<string>&lt;group&gt;</string>
		</dict>
		<key>AFFA40A71C9CE9EB00C7B6F3</key>
		<dict>
			<key>children</key>
			<array>
				<string>AFFA40A81C9CE9EB00C7B6F3</string>
				<string>AFFA40A91C9CE9EB00C7B6F3</string>
				<string>AFFA40AA1C9CE9EB00C7B6F3</string>
				<string>AFFA40AB1C9CE9EB00C7B6F3</string>
				<string>AFFA40AD1C9CE9EB00C7B6F3</string>
				<string>AFFA40B11C9CE9EB00C7B6F3</string>
			</array>
			<key>isa</key>
			<string>PBXGroup</string>
			<key>name</key>
			<string>VimeoUpload+UIKit</string>
			<key>path</key>
			<string>../../../VimeoUpload+UIKit</string>
			<key>sourceTree</key>
			<string>&lt;group&gt;</string>
		</dict>
		<key>AFFA40A81C9CE9EB00C7B6F3</key>
		<dict>
			<key>fileEncoding</key>
			<string>4</string>
			<key>isa</key>
			<string>PBXFileReference</string>
			<key>lastKnownFileType</key>
			<string>sourcecode.swift</string>
			<key>path</key>
			<string>ALAssetHelper.swift</string>
			<key>sourceTree</key>
			<string>&lt;group&gt;</string>
		</dict>
		<key>AFFA40A91C9CE9EB00C7B6F3</key>
		<dict>
			<key>fileEncoding</key>
			<string>4</string>
			<key>isa</key>
			<string>PBXFileReference</string>
			<key>lastKnownFileType</key>
			<string>sourcecode.swift</string>
			<key>path</key>
			<string>CameraRollAssetCell.swift</string>
			<key>sourceTree</key>
			<string>&lt;group&gt;</string>
		</dict>
		<key>AFFA40AA1C9CE9EB00C7B6F3</key>
		<dict>
			<key>fileEncoding</key>
			<string>4</string>
			<key>isa</key>
			<string>PBXFileReference</string>
			<key>lastKnownFileType</key>
			<string>sourcecode.swift</string>
			<key>path</key>
			<string>CameraRollAssetHelper.swift</string>
			<key>sourceTree</key>
			<string>&lt;group&gt;</string>
		</dict>
		<key>AFFA40AB1C9CE9EB00C7B6F3</key>
		<dict>
			<key>children</key>
			<array>
				<string>AFFA40AC1C9CE9EB00C7B6F3</string>
			</array>
			<key>isa</key>
			<string>PBXGroup</string>
			<key>path</key>
			<string>Extensions</string>
			<key>sourceTree</key>
			<string>&lt;group&gt;</string>
		</dict>
		<key>AFFA40AC1C9CE9EB00C7B6F3</key>
		<dict>
			<key>fileEncoding</key>
			<string>4</string>
			<key>isa</key>
			<string>PBXFileReference</string>
			<key>lastKnownFileType</key>
			<string>sourcecode.swift</string>
			<key>path</key>
			<string>NSString+Conversions.swift</string>
			<key>sourceTree</key>
			<string>&lt;group&gt;</string>
		</dict>
		<key>AFFA40AD1C9CE9EB00C7B6F3</key>
		<dict>
			<key>children</key>
			<array>
				<string>AFFA40AE1C9CE9EB00C7B6F3</string>
				<string>AFFA40AF1C9CE9EB00C7B6F3</string>
				<string>AFFA40B01C9CE9EB00C7B6F3</string>
			</array>
			<key>isa</key>
			<string>PBXGroup</string>
			<key>path</key>
			<string>Model</string>
			<key>sourceTree</key>
			<string>&lt;group&gt;</string>
		</dict>
		<key>AFFA40AE1C9CE9EB00C7B6F3</key>
		<dict>
			<key>fileEncoding</key>
			<string>4</string>
			<key>isa</key>
			<string>PBXFileReference</string>
			<key>lastKnownFileType</key>
			<string>sourcecode.swift</string>
			<key>path</key>
			<string>CameraRollAsset.swift</string>
			<key>sourceTree</key>
			<string>&lt;group&gt;</string>
		</dict>
		<key>AFFA40AF1C9CE9EB00C7B6F3</key>
		<dict>
			<key>fileEncoding</key>
			<string>4</string>
			<key>isa</key>
			<string>PBXFileReference</string>
			<key>lastKnownFileType</key>
			<string>sourcecode.swift</string>
			<key>path</key>
			<string>VIMALAsset.swift</string>
			<key>sourceTree</key>
			<string>&lt;group&gt;</string>
		</dict>
		<key>AFFA40B01C9CE9EB00C7B6F3</key>
		<dict>
			<key>fileEncoding</key>
			<string>4</string>
			<key>isa</key>
			<string>PBXFileReference</string>
			<key>lastKnownFileType</key>
			<string>sourcecode.swift</string>
			<key>path</key>
			<string>VIMPHAsset.swift</string>
			<key>sourceTree</key>
			<string>&lt;group&gt;</string>
		</dict>
		<key>AFFA40B11C9CE9EB00C7B6F3</key>
		<dict>
			<key>fileEncoding</key>
			<string>4</string>
			<key>isa</key>
			<string>PBXFileReference</string>
			<key>lastKnownFileType</key>
			<string>sourcecode.swift</string>
			<key>path</key>
			<string>PHAssetHelper.swift</string>
			<key>sourceTree</key>
			<string>&lt;group&gt;</string>
		</dict>
		<key>AFFA40B21C9CE9EB00C7B6F3</key>
		<dict>
			<key>fileRef</key>
			<string>AFFA40511C9CE9EB00C7B6F3</string>
			<key>isa</key>
			<string>PBXBuildFile</string>
		</dict>
		<key>AFFA40B31C9CE9EB00C7B6F3</key>
		<dict>
			<key>fileRef</key>
			<string>AFFA40521C9CE9EB00C7B6F3</string>
			<key>isa</key>
			<string>PBXBuildFile</string>
		</dict>
		<key>AFFA40B41C9CE9EB00C7B6F3</key>
		<dict>
			<key>fileRef</key>
			<string>AFFA40531C9CE9EB00C7B6F3</string>
			<key>isa</key>
			<string>PBXBuildFile</string>
		</dict>
		<key>AFFA40B51C9CE9EB00C7B6F3</key>
		<dict>
			<key>fileRef</key>
			<string>AFFA40541C9CE9EB00C7B6F3</string>
			<key>isa</key>
			<string>PBXBuildFile</string>
		</dict>
		<key>AFFA40B61C9CE9EB00C7B6F3</key>
		<dict>
			<key>fileRef</key>
			<string>AFFA40551C9CE9EB00C7B6F3</string>
			<key>isa</key>
			<string>PBXBuildFile</string>
		</dict>
		<key>AFFA40B71C9CE9EB00C7B6F3</key>
		<dict>
			<key>fileRef</key>
			<string>AFFA40561C9CE9EB00C7B6F3</string>
			<key>isa</key>
			<string>PBXBuildFile</string>
		</dict>
		<key>AFFA40B81C9CE9EB00C7B6F3</key>
		<dict>
			<key>fileRef</key>
			<string>AFFA40571C9CE9EB00C7B6F3</string>
			<key>isa</key>
			<string>PBXBuildFile</string>
		</dict>
		<key>AFFA40B91C9CE9EB00C7B6F3</key>
		<dict>
			<key>fileRef</key>
			<string>AFFA40581C9CE9EB00C7B6F3</string>
			<key>isa</key>
			<string>PBXBuildFile</string>
		</dict>
		<key>AFFA40BA1C9CE9EB00C7B6F3</key>
		<dict>
			<key>fileRef</key>
			<string>AFFA40591C9CE9EB00C7B6F3</string>
			<key>isa</key>
			<string>PBXBuildFile</string>
		</dict>
		<key>AFFA40BB1C9CE9EB00C7B6F3</key>
		<dict>
			<key>fileRef</key>
			<string>AFFA405B1C9CE9EB00C7B6F3</string>
			<key>isa</key>
			<string>PBXBuildFile</string>
		</dict>
		<key>AFFA40BC1C9CE9EB00C7B6F3</key>
		<dict>
			<key>fileRef</key>
			<string>AFFA405C1C9CE9EB00C7B6F3</string>
			<key>isa</key>
			<string>PBXBuildFile</string>
		</dict>
		<key>AFFA40BD1C9CE9EB00C7B6F3</key>
		<dict>
			<key>fileRef</key>
			<string>AFFA405D1C9CE9EB00C7B6F3</string>
			<key>isa</key>
			<string>PBXBuildFile</string>
		</dict>
		<key>AFFA40BE1C9CE9EB00C7B6F3</key>
		<dict>
			<key>fileRef</key>
			<string>AFFA405F1C9CE9EB00C7B6F3</string>
			<key>isa</key>
			<string>PBXBuildFile</string>
		</dict>
		<key>AFFA40BF1C9CE9EB00C7B6F3</key>
		<dict>
			<key>fileRef</key>
			<string>AFFA40601C9CE9EB00C7B6F3</string>
			<key>isa</key>
			<string>PBXBuildFile</string>
		</dict>
		<key>AFFA40C01C9CE9EB00C7B6F3</key>
		<dict>
			<key>fileRef</key>
			<string>AFFA40611C9CE9EB00C7B6F3</string>
			<key>isa</key>
			<string>PBXBuildFile</string>
		</dict>
		<key>AFFA40C11C9CE9EB00C7B6F3</key>
		<dict>
			<key>fileRef</key>
			<string>AFFA40621C9CE9EB00C7B6F3</string>
			<key>isa</key>
			<string>PBXBuildFile</string>
		</dict>
		<key>AFFA40C21C9CE9EB00C7B6F3</key>
		<dict>
			<key>fileRef</key>
			<string>AFFA40651C9CE9EB00C7B6F3</string>
			<key>isa</key>
			<string>PBXBuildFile</string>
		</dict>
		<key>AFFA40C31C9CE9EB00C7B6F3</key>
		<dict>
			<key>fileRef</key>
			<string>AFFA40661C9CE9EB00C7B6F3</string>
			<key>isa</key>
			<string>PBXBuildFile</string>
		</dict>
		<key>AFFA40C41C9CE9EB00C7B6F3</key>
		<dict>
			<key>fileRef</key>
			<string>AFFA40681C9CE9EB00C7B6F3</string>
			<key>isa</key>
			<string>PBXBuildFile</string>
		</dict>
		<key>AFFA40C51C9CE9EB00C7B6F3</key>
		<dict>
			<key>fileRef</key>
			<string>AFFA406A1C9CE9EB00C7B6F3</string>
			<key>isa</key>
			<string>PBXBuildFile</string>
		</dict>
		<key>AFFA40C61C9CE9EB00C7B6F3</key>
		<dict>
			<key>fileRef</key>
			<string>AFFA406C1C9CE9EB00C7B6F3</string>
			<key>isa</key>
			<string>PBXBuildFile</string>
		</dict>
		<key>AFFA40C71C9CE9EB00C7B6F3</key>
		<dict>
			<key>fileRef</key>
			<string>AFFA406D1C9CE9EB00C7B6F3</string>
			<key>isa</key>
			<string>PBXBuildFile</string>
		</dict>
		<key>AFFA40C81C9CE9EB00C7B6F3</key>
		<dict>
			<key>fileRef</key>
			<string>AFFA406E1C9CE9EB00C7B6F3</string>
			<key>isa</key>
			<string>PBXBuildFile</string>
		</dict>
		<key>AFFA40C91C9CE9EB00C7B6F3</key>
		<dict>
			<key>fileRef</key>
			<string>AFFA406F1C9CE9EB00C7B6F3</string>
			<key>isa</key>
			<string>PBXBuildFile</string>
		</dict>
		<key>AFFA40CA1C9CE9EB00C7B6F3</key>
		<dict>
			<key>fileRef</key>
			<string>AFFA40711C9CE9EB00C7B6F3</string>
			<key>isa</key>
			<string>PBXBuildFile</string>
		</dict>
		<key>AFFA40CB1C9CE9EB00C7B6F3</key>
		<dict>
			<key>fileRef</key>
			<string>AFFA40721C9CE9EB00C7B6F3</string>
			<key>isa</key>
			<string>PBXBuildFile</string>
		</dict>
		<key>AFFA40CC1C9CE9EB00C7B6F3</key>
		<dict>
			<key>fileRef</key>
			<string>AFFA40731C9CE9EB00C7B6F3</string>
			<key>isa</key>
			<string>PBXBuildFile</string>
		</dict>
		<key>AFFA40CD1C9CE9EB00C7B6F3</key>
		<dict>
			<key>fileRef</key>
			<string>AFFA40741C9CE9EB00C7B6F3</string>
			<key>isa</key>
			<string>PBXBuildFile</string>
		</dict>
		<key>AFFA40CE1C9CE9EB00C7B6F3</key>
		<dict>
			<key>fileRef</key>
			<string>AFFA40751C9CE9EB00C7B6F3</string>
			<key>isa</key>
			<string>PBXBuildFile</string>
		</dict>
		<key>AFFA40CF1C9CE9EB00C7B6F3</key>
		<dict>
			<key>fileRef</key>
			<string>AFFA40771C9CE9EB00C7B6F3</string>
			<key>isa</key>
			<string>PBXBuildFile</string>
		</dict>
		<key>AFFA40D01C9CE9EB00C7B6F3</key>
		<dict>
			<key>fileRef</key>
			<string>AFFA40781C9CE9EB00C7B6F3</string>
			<key>isa</key>
			<string>PBXBuildFile</string>
		</dict>
		<key>AFFA40D11C9CE9EB00C7B6F3</key>
		<dict>
			<key>fileRef</key>
			<string>AFFA407B1C9CE9EB00C7B6F3</string>
			<key>isa</key>
			<string>PBXBuildFile</string>
		</dict>
		<key>AFFA40D21C9CE9EB00C7B6F3</key>
		<dict>
			<key>fileRef</key>
			<string>AFFA407C1C9CE9EB00C7B6F3</string>
			<key>isa</key>
			<string>PBXBuildFile</string>
		</dict>
		<key>AFFA40D31C9CE9EB00C7B6F3</key>
		<dict>
			<key>fileRef</key>
			<string>AFFA407E1C9CE9EB00C7B6F3</string>
			<key>isa</key>
			<string>PBXBuildFile</string>
		</dict>
		<key>AFFA40D41C9CE9EB00C7B6F3</key>
		<dict>
			<key>fileRef</key>
			<string>AFFA407F1C9CE9EB00C7B6F3</string>
			<key>isa</key>
			<string>PBXBuildFile</string>
		</dict>
		<key>AFFA40D51C9CE9EB00C7B6F3</key>
		<dict>
			<key>fileRef</key>
			<string>AFFA40801C9CE9EB00C7B6F3</string>
			<key>isa</key>
			<string>PBXBuildFile</string>
		</dict>
		<key>AFFA40D61C9CE9EB00C7B6F3</key>
		<dict>
			<key>fileRef</key>
			<string>AFFA40831C9CE9EB00C7B6F3</string>
			<key>isa</key>
			<string>PBXBuildFile</string>
		</dict>
		<key>AFFA40D71C9CE9EB00C7B6F3</key>
		<dict>
			<key>fileRef</key>
			<string>AFFA40841C9CE9EB00C7B6F3</string>
			<key>isa</key>
			<string>PBXBuildFile</string>
		</dict>
		<key>AFFA40D81C9CE9EB00C7B6F3</key>
		<dict>
			<key>fileRef</key>
			<string>AFFA40851C9CE9EB00C7B6F3</string>
			<key>isa</key>
			<string>PBXBuildFile</string>
		</dict>
		<key>AFFA40D91C9CE9EB00C7B6F3</key>
		<dict>
			<key>fileRef</key>
			<string>AFFA40861C9CE9EB00C7B6F3</string>
			<key>isa</key>
			<string>PBXBuildFile</string>
		</dict>
		<key>AFFA40DA1C9CE9EB00C7B6F3</key>
		<dict>
			<key>fileRef</key>
			<string>AFFA40881C9CE9EB00C7B6F3</string>
			<key>isa</key>
			<string>PBXBuildFile</string>
		</dict>
		<key>AFFA40DB1C9CE9EB00C7B6F3</key>
		<dict>
			<key>fileRef</key>
			<string>AFFA408A1C9CE9EB00C7B6F3</string>
			<key>isa</key>
			<string>PBXBuildFile</string>
		</dict>
		<key>AFFA40DC1C9CE9EB00C7B6F3</key>
		<dict>
			<key>fileRef</key>
			<string>AFFA408B1C9CE9EB00C7B6F3</string>
			<key>isa</key>
			<string>PBXBuildFile</string>
		</dict>
		<key>AFFA40DD1C9CE9EB00C7B6F3</key>
		<dict>
			<key>fileRef</key>
			<string>AFFA408C1C9CE9EB00C7B6F3</string>
			<key>isa</key>
			<string>PBXBuildFile</string>
		</dict>
		<key>AFFA40DE1C9CE9EB00C7B6F3</key>
		<dict>
			<key>fileRef</key>
			<string>AFFA408D1C9CE9EB00C7B6F3</string>
			<key>isa</key>
			<string>PBXBuildFile</string>
		</dict>
		<key>AFFA40DF1C9CE9EB00C7B6F3</key>
		<dict>
			<key>fileRef</key>
			<string>AFFA408E1C9CE9EB00C7B6F3</string>
			<key>isa</key>
			<string>PBXBuildFile</string>
		</dict>
		<key>AFFA40E01C9CE9EB00C7B6F3</key>
		<dict>
			<key>fileRef</key>
			<string>AFFA408F1C9CE9EB00C7B6F3</string>
			<key>isa</key>
			<string>PBXBuildFile</string>
		</dict>
		<key>AFFA40E11C9CE9EB00C7B6F3</key>
		<dict>
			<key>fileRef</key>
			<string>AFFA40911C9CE9EB00C7B6F3</string>
			<key>isa</key>
			<string>PBXBuildFile</string>
		</dict>
		<key>AFFA40E21C9CE9EB00C7B6F3</key>
		<dict>
			<key>fileRef</key>
			<string>AFFA40921C9CE9EB00C7B6F3</string>
			<key>isa</key>
			<string>PBXBuildFile</string>
		</dict>
		<key>AFFA40E31C9CE9EB00C7B6F3</key>
		<dict>
			<key>fileRef</key>
			<string>AFFA40941C9CE9EB00C7B6F3</string>
			<key>isa</key>
			<string>PBXBuildFile</string>
		</dict>
		<key>AFFA40E41C9CE9EB00C7B6F3</key>
		<dict>
			<key>fileRef</key>
			<string>AFFA40951C9CE9EB00C7B6F3</string>
			<key>isa</key>
			<string>PBXBuildFile</string>
		</dict>
		<key>AFFA40E51C9CE9EB00C7B6F3</key>
		<dict>
			<key>fileRef</key>
			<string>AFFA40971C9CE9EB00C7B6F3</string>
			<key>isa</key>
			<string>PBXBuildFile</string>
		</dict>
		<key>AFFA40E61C9CE9EB00C7B6F3</key>
		<dict>
			<key>fileRef</key>
			<string>AFFA40981C9CE9EB00C7B6F3</string>
			<key>isa</key>
			<string>PBXBuildFile</string>
		</dict>
		<key>AFFA40E71C9CE9EB00C7B6F3</key>
		<dict>
			<key>fileRef</key>
			<string>AFFA40991C9CE9EB00C7B6F3</string>
			<key>isa</key>
			<string>PBXBuildFile</string>
		</dict>
		<key>AFFA40E81C9CE9EB00C7B6F3</key>
		<dict>
			<key>fileRef</key>
			<string>AFFA409B1C9CE9EB00C7B6F3</string>
			<key>isa</key>
			<string>PBXBuildFile</string>
		</dict>
		<key>AFFA40E91C9CE9EB00C7B6F3</key>
		<dict>
			<key>fileRef</key>
			<string>AFFA409C1C9CE9EB00C7B6F3</string>
			<key>isa</key>
			<string>PBXBuildFile</string>
		</dict>
		<key>AFFA40EA1C9CE9EC00C7B6F3</key>
		<dict>
			<key>fileRef</key>
			<string>AFFA409D1C9CE9EB00C7B6F3</string>
			<key>isa</key>
			<string>PBXBuildFile</string>
		</dict>
		<key>AFFA40EC1C9CE9EC00C7B6F3</key>
		<dict>
			<key>fileRef</key>
			<string>AFFA409F1C9CE9EB00C7B6F3</string>
			<key>isa</key>
			<string>PBXBuildFile</string>
		</dict>
		<key>AFFA40ED1C9CE9EC00C7B6F3</key>
		<dict>
			<key>fileRef</key>
			<string>AFFA40A21C9CE9EB00C7B6F3</string>
			<key>isa</key>
			<string>PBXBuildFile</string>
		</dict>
		<key>AFFA40EE1C9CE9EC00C7B6F3</key>
		<dict>
			<key>fileRef</key>
			<string>AFFA40A31C9CE9EB00C7B6F3</string>
			<key>isa</key>
			<string>PBXBuildFile</string>
		</dict>
		<key>AFFA40EF1C9CE9EC00C7B6F3</key>
		<dict>
			<key>fileRef</key>
			<string>AFFA40A51C9CE9EB00C7B6F3</string>
			<key>isa</key>
			<string>PBXBuildFile</string>
		</dict>
		<key>AFFA40F01C9CE9EC00C7B6F3</key>
		<dict>
			<key>fileRef</key>
			<string>AFFA40A61C9CE9EB00C7B6F3</string>
			<key>isa</key>
			<string>PBXBuildFile</string>
		</dict>
		<key>AFFA40F11C9CE9EC00C7B6F3</key>
		<dict>
			<key>fileRef</key>
			<string>AFFA40A81C9CE9EB00C7B6F3</string>
			<key>isa</key>
			<string>PBXBuildFile</string>
		</dict>
		<key>AFFA40F21C9CE9EC00C7B6F3</key>
		<dict>
			<key>fileRef</key>
			<string>AFFA40A91C9CE9EB00C7B6F3</string>
			<key>isa</key>
			<string>PBXBuildFile</string>
		</dict>
		<key>AFFA40F31C9CE9EC00C7B6F3</key>
		<dict>
			<key>fileRef</key>
			<string>AFFA40AA1C9CE9EB00C7B6F3</string>
			<key>isa</key>
			<string>PBXBuildFile</string>
		</dict>
		<key>AFFA40F41C9CE9EC00C7B6F3</key>
		<dict>
			<key>fileRef</key>
			<string>AFFA40AC1C9CE9EB00C7B6F3</string>
			<key>isa</key>
			<string>PBXBuildFile</string>
		</dict>
		<key>AFFA40F51C9CE9EC00C7B6F3</key>
		<dict>
			<key>fileRef</key>
			<string>AFFA40AE1C9CE9EB00C7B6F3</string>
			<key>isa</key>
			<string>PBXBuildFile</string>
		</dict>
		<key>AFFA40F61C9CE9EC00C7B6F3</key>
		<dict>
			<key>fileRef</key>
			<string>AFFA40AF1C9CE9EB00C7B6F3</string>
			<key>isa</key>
			<string>PBXBuildFile</string>
		</dict>
		<key>AFFA40F71C9CE9EC00C7B6F3</key>
		<dict>
			<key>fileRef</key>
			<string>AFFA40B01C9CE9EB00C7B6F3</string>
			<key>isa</key>
			<string>PBXBuildFile</string>
		</dict>
		<key>AFFA40F81C9CE9EC00C7B6F3</key>
		<dict>
			<key>fileRef</key>
			<string>AFFA40B11C9CE9EB00C7B6F3</string>
			<key>isa</key>
			<string>PBXBuildFile</string>
		</dict>
		<key>BFAE01663A3415731065DAAA</key>
		<dict>
			<key>children</key>
			<array>
				<string>CDA13E1C64C38371E76F2F7E</string>
			</array>
			<key>isa</key>
			<string>PBXGroup</string>
			<key>name</key>
			<string>Frameworks</string>
			<key>sourceTree</key>
			<string>&lt;group&gt;</string>
		</dict>
		<key>CDA13E1C64C38371E76F2F7E</key>
		<dict>
			<key>explicitFileType</key>
			<string>archive.ar</string>
			<key>includeInIndex</key>
			<string>0</string>
			<key>isa</key>
			<string>PBXFileReference</string>
			<key>path</key>
			<string>libPods-VimeoUpload-iOS-OldUpload.a</string>
			<key>sourceTree</key>
			<string>BUILT_PRODUCTS_DIR</string>
		</dict>
		<key>CEE1B3D12A6927014E253022</key>
		<dict>
			<key>includeInIndex</key>
			<string>1</string>
			<key>isa</key>
			<string>PBXFileReference</string>
			<key>lastKnownFileType</key>
			<string>text.xcconfig</string>
			<key>name</key>
			<string>Pods-VimeoUpload-iOS-OldUpload.debug.xcconfig</string>
			<key>path</key>
			<string>../../Pods/Target Support Files/Pods-VimeoUpload-iOS-OldUpload/Pods-VimeoUpload-iOS-OldUpload.debug.xcconfig</string>
			<key>sourceTree</key>
			<string>&lt;group&gt;</string>
		</dict>
		<key>D62B0737830FFDFB2C83D158</key>
		<dict>
			<key>fileRef</key>
			<string>CDA13E1C64C38371E76F2F7E</string>
			<key>isa</key>
			<string>PBXBuildFile</string>
		</dict>
	</dict>
	<key>rootObject</key>
	<string>AFFA40031C9CE8E000C7B6F3</string>
</dict>
</plist>
