PODS:
  - VimeoNetworking (5.0.0)

DEPENDENCIES:
  - VimeoNetworking (from `https://github.com/vimeo/VimeoNetworking.git`, branch `tech/VIM-XXXX_MovesAFNetworkingFilesToRepo`)

EXTERNAL SOURCES:
  VimeoNetworking:
    :branch: tech/VIM-XXXX_MovesAFNetworkingFilesToRepo
    :git: https://github.com/vimeo/VimeoNetworking.git

CHECKOUT OPTIONS:
  VimeoNetworking:
    :commit: 62024727135c9ae1a5324b2b041501df63812c11
    :git: https://github.com/vimeo/VimeoNetworking.git

SPEC CHECKSUMS:
  VimeoNetworking: 2cfd95cd0da3e3bb4faa12e6a5f04a2860ade5ab

PODFILE CHECKSUM: d3407a0da025e297d792c056fca95542e8e8cfdd

COCOAPODS: 1.5.2
