// !$*UTF8*$!
{
	archiveVersion = 1;
	classes = {
	};
	objectVersion = 46;
	objects = {

/* Begin PBXBuildFile section */
		3EA4C85A2094FE57009F3D9B /* NSKeyedUnarchiver+Migrations.swift in Sources */ = {isa = PBXBuildFile; fileRef = 3EA4C8592094FE57009F3D9B /* NSKeyedUnarchiver+Migrations.swift */; };
		3EA5DCC3220B735C00321273 /* URL+MIMETypeTests.swift in Sources */ = {isa = PBXBuildFile; fileRef = 3EA5DCC2220B735C00321273 /* URL+MIMETypeTests.swift */; };
		5009CCE91E00604200887FC1 /* VimeoUpload.framework in Frameworks */ = {isa = PBXBuildFile; fileRef = 5009CCE81E00604200887FC1 /* VimeoUpload.framework */; };
		5009CCEA1E00604200887FC1 /* VimeoUpload.framework in Embed Frameworks */ = {isa = PBXBuildFile; fileRef = 5009CCE81E00604200887FC1 /* VimeoUpload.framework */; settings = {ATTRIBUTES = (CodeSignOnCopy, RemoveHeadersOnCopy, ); }; };
		5073D6EB1CAD66C600D08C5F /* DemoCameraRollCell.swift in Sources */ = {isa = PBXBuildFile; fileRef = 5073D6E61CAD66C600D08C5F /* DemoCameraRollCell.swift */; };
		5073D6EC1CAD66C600D08C5F /* DemoCameraRollCell.xib in Resources */ = {isa = PBXBuildFile; fileRef = 5073D6E71CAD66C600D08C5F /* DemoCameraRollCell.xib */; };
		5073D6ED1CAD66C600D08C5F /* BaseCameraRollViewController.swift in Sources */ = {isa = PBXBuildFile; fileRef = 5073D6E91CAD66C600D08C5F /* BaseCameraRollViewController.swift */; };
		5073D6EE1CAD66C600D08C5F /* BaseCameraRollViewController.xib in Resources */ = {isa = PBXBuildFile; fileRef = 5073D6EA1CAD66C600D08C5F /* BaseCameraRollViewController.xib */; };
		8E8246D821826057006EF68C /* VimeoRequestSerializerTests.swift in Sources */ = {isa = PBXBuildFile; fileRef = 8E8246D721826056006EF68C /* VimeoRequestSerializerTests.swift */; };
		8EB2E470219B227C0083C2AA /* StreamingUploadStrategyTests.swift in Sources */ = {isa = PBXBuildFile; fileRef = 8EB2E46F219B227C0083C2AA /* StreamingUploadStrategyTests.swift */; };
		8EB2E474219B39F30083C2AA /* clip_streaming.json in Resources */ = {isa = PBXBuildFile; fileRef = 8EB2E473219B39F30083C2AA /* clip_streaming.json */; };
		8EB2E476219B52F40083C2AA /* clip_streaming_no_link.json in Resources */ = {isa = PBXBuildFile; fileRef = 8EB2E475219B52F40083C2AA /* clip_streaming_no_link.json */; };
		8EB3526321AF071000B108C3 /* clip_tus.json in Resources */ = {isa = PBXBuildFile; fileRef = 8EB3526221AF071000B108C3 /* clip_tus.json */; };
		8EBE8EA8218263C60041553F /* wide_worlds.mp4 in Resources */ = {isa = PBXBuildFile; fileRef = 8EBE8EA7218263C60041553F /* wide_worlds.mp4 */; };
		AFFA3F181C9CE22500C7B6F3 /* AppDelegate.swift in Sources */ = {isa = PBXBuildFile; fileRef = AFFA3F171C9CE22500C7B6F3 /* AppDelegate.swift */; };
		AFFA3F1F1C9CE22500C7B6F3 /* Assets.xcassets in Resources */ = {isa = PBXBuildFile; fileRef = AFFA3F1E1C9CE22500C7B6F3 /* Assets.xcassets */; };
		AFFA3F221C9CE22500C7B6F3 /* LaunchScreen.storyboard in Resources */ = {isa = PBXBuildFile; fileRef = AFFA3F201C9CE22500C7B6F3 /* LaunchScreen.storyboard */; };
		AFFA3F501C9CE34700C7B6F3 /* VideoCell.swift in Sources */ = {isa = PBXBuildFile; fileRef = AFFA3F471C9CE34700C7B6F3 /* VideoCell.swift */; };
		AFFA3F511C9CE34700C7B6F3 /* VideoCell.xib in Resources */ = {isa = PBXBuildFile; fileRef = AFFA3F481C9CE34700C7B6F3 /* VideoCell.xib */; };
		AFFA3F521C9CE34700C7B6F3 /* NewVimeoUploader.swift in Sources */ = {isa = PBXBuildFile; fileRef = AFFA3F491C9CE34700C7B6F3 /* NewVimeoUploader.swift */; };
		AFFA3F531C9CE34700C7B6F3 /* CameraRollViewController.swift in Sources */ = {isa = PBXBuildFile; fileRef = AFFA3F4B1C9CE34700C7B6F3 /* CameraRollViewController.swift */; };
		AFFA3F541C9CE34700C7B6F3 /* MyVideosViewController.swift in Sources */ = {isa = PBXBuildFile; fileRef = AFFA3F4C1C9CE34700C7B6F3 /* MyVideosViewController.swift */; };
		AFFA3F551C9CE34700C7B6F3 /* MyVideosViewController.xib in Resources */ = {isa = PBXBuildFile; fileRef = AFFA3F4D1C9CE34700C7B6F3 /* MyVideosViewController.xib */; };
		AFFA3F561C9CE34700C7B6F3 /* VideoSettingsViewController.swift in Sources */ = {isa = PBXBuildFile; fileRef = AFFA3F4E1C9CE34700C7B6F3 /* VideoSettingsViewController.swift */; };
		AFFA3F571C9CE34700C7B6F3 /* VideoSettingsViewController.xib in Resources */ = {isa = PBXBuildFile; fileRef = AFFA3F4F1C9CE34700C7B6F3 /* VideoSettingsViewController.xib */; };
		BD9E42BF3359F5825ABFCFC5 /* Pods_VimeoUpload_iOS.framework in Frameworks */ = {isa = PBXBuildFile; fileRef = 47ED4955B1448D82B035D2BF /* Pods_VimeoUpload_iOS.framework */; };
		FA634A97CAB68F2E1393751B /* Pods_VimeoUpload_iOSTests.framework in Frameworks */ = {isa = PBXBuildFile; fileRef = 49DF265822E7E25ECC46C743 /* Pods_VimeoUpload_iOSTests.framework */; };
/* End PBXBuildFile section */

/* Begin PBXContainerItemProxy section */
		AFFA3F291C9CE22500C7B6F3 /* PBXContainerItemProxy */ = {
			isa = PBXContainerItemProxy;
			containerPortal = AFFA3F0C1C9CE22500C7B6F3 /* Project object */;
			proxyType = 1;
			remoteGlobalIDString = AFFA3F131C9CE22500C7B6F3;
			remoteInfo = "VimeoUpload-iOS";
		};
/* End PBXContainerItemProxy section */

/* Begin PBXCopyFilesBuildPhase section */
		5009CCEB1E00604200887FC1 /* Embed Frameworks */ = {
			isa = PBXCopyFilesBuildPhase;
			buildActionMask = 2147483647;
			dstPath = "";
			dstSubfolderSpec = 10;
			files = (
				5009CCEA1E00604200887FC1 /* VimeoUpload.framework in Embed Frameworks */,
			);
			name = "Embed Frameworks";
			runOnlyForDeploymentPostprocessing = 0;
		};
/* End PBXCopyFilesBuildPhase section */

/* Begin PBXFileReference section */
		3EA4C8592094FE57009F3D9B /* NSKeyedUnarchiver+Migrations.swift */ = {isa = PBXFileReference; fileEncoding = 4; lastKnownFileType = sourcecode.swift; path = "NSKeyedUnarchiver+Migrations.swift"; sourceTree = "<group>"; };
		3EA5DCC2220B735C00321273 /* URL+MIMETypeTests.swift */ = {isa = PBXFileReference; lastKnownFileType = sourcecode.swift; path = "URL+MIMETypeTests.swift"; sourceTree = "<group>"; };
		47ED4955B1448D82B035D2BF /* Pods_VimeoUpload_iOS.framework */ = {isa = PBXFileReference; explicitFileType = wrapper.framework; includeInIndex = 0; path = Pods_VimeoUpload_iOS.framework; sourceTree = BUILT_PRODUCTS_DIR; };
		49DF265822E7E25ECC46C743 /* Pods_VimeoUpload_iOSTests.framework */ = {isa = PBXFileReference; explicitFileType = wrapper.framework; includeInIndex = 0; path = Pods_VimeoUpload_iOSTests.framework; sourceTree = BUILT_PRODUCTS_DIR; };
		5009CCE81E00604200887FC1 /* VimeoUpload.framework */ = {isa = PBXFileReference; explicitFileType = wrapper.framework; path = VimeoUpload.framework; sourceTree = BUILT_PRODUCTS_DIR; };
		5073D6E61CAD66C600D08C5F /* DemoCameraRollCell.swift */ = {isa = PBXFileReference; fileEncoding = 4; lastKnownFileType = sourcecode.swift; path = DemoCameraRollCell.swift; sourceTree = "<group>"; };
		5073D6E71CAD66C600D08C5F /* DemoCameraRollCell.xib */ = {isa = PBXFileReference; fileEncoding = 4; lastKnownFileType = file.xib; path = DemoCameraRollCell.xib; sourceTree = "<group>"; };
		5073D6E91CAD66C600D08C5F /* BaseCameraRollViewController.swift */ = {isa = PBXFileReference; fileEncoding = 4; lastKnownFileType = sourcecode.swift; path = BaseCameraRollViewController.swift; sourceTree = "<group>"; };
		5073D6EA1CAD66C600D08C5F /* BaseCameraRollViewController.xib */ = {isa = PBXFileReference; fileEncoding = 4; lastKnownFileType = file.xib; path = BaseCameraRollViewController.xib; sourceTree = "<group>"; };
		5286EE6686C20A6F5B5BFD2C /* Pods-VimeoUpload-iOS.release.xcconfig */ = {isa = PBXFileReference; includeInIndex = 1; lastKnownFileType = text.xcconfig; name = "Pods-VimeoUpload-iOS.release.xcconfig"; path = "../../Pods/Target Support Files/Pods-VimeoUpload-iOS/Pods-VimeoUpload-iOS.release.xcconfig"; sourceTree = "<group>"; };
		6449B9C8E7825FACDC56569C /* Pods-VimeoUpload-iOSTests.release.xcconfig */ = {isa = PBXFileReference; includeInIndex = 1; lastKnownFileType = text.xcconfig; name = "Pods-VimeoUpload-iOSTests.release.xcconfig"; path = "../../Pods/Target Support Files/Pods-VimeoUpload-iOSTests/Pods-VimeoUpload-iOSTests.release.xcconfig"; sourceTree = "<group>"; };
		8D408A747D8113745C4A1D77 /* Pods-VimeoUpload-iOS.debug.xcconfig */ = {isa = PBXFileReference; includeInIndex = 1; lastKnownFileType = text.xcconfig; name = "Pods-VimeoUpload-iOS.debug.xcconfig"; path = "../../Pods/Target Support Files/Pods-VimeoUpload-iOS/Pods-VimeoUpload-iOS.debug.xcconfig"; sourceTree = "<group>"; };
		8E8246D721826056006EF68C /* VimeoRequestSerializerTests.swift */ = {isa = PBXFileReference; fileEncoding = 4; lastKnownFileType = sourcecode.swift; path = VimeoRequestSerializerTests.swift; sourceTree = "<group>"; };
		8EB2E46F219B227C0083C2AA /* StreamingUploadStrategyTests.swift */ = {isa = PBXFileReference; lastKnownFileType = sourcecode.swift; path = StreamingUploadStrategyTests.swift; sourceTree = "<group>"; };
		8EB2E473219B39F30083C2AA /* clip_streaming.json */ = {isa = PBXFileReference; lastKnownFileType = text.json; path = clip_streaming.json; sourceTree = "<group>"; };
		8EB2E475219B52F40083C2AA /* clip_streaming_no_link.json */ = {isa = PBXFileReference; lastKnownFileType = text.json; path = clip_streaming_no_link.json; sourceTree = "<group>"; };
		8EB3526221AF071000B108C3 /* clip_tus.json */ = {isa = PBXFileReference; lastKnownFileType = text.json; path = clip_tus.json; sourceTree = "<group>"; };
		8EBE8EA7218263C60041553F /* wide_worlds.mp4 */ = {isa = PBXFileReference; lastKnownFileType = file; path = wide_worlds.mp4; sourceTree = "<group>"; };
		AFFA3F141C9CE22500C7B6F3 /* VimeoUpload-iOS.app */ = {isa = PBXFileReference; explicitFileType = wrapper.application; includeInIndex = 0; path = "VimeoUpload-iOS.app"; sourceTree = BUILT_PRODUCTS_DIR; };
		AFFA3F171C9CE22500C7B6F3 /* AppDelegate.swift */ = {isa = PBXFileReference; lastKnownFileType = sourcecode.swift; path = AppDelegate.swift; sourceTree = "<group>"; };
		AFFA3F1E1C9CE22500C7B6F3 /* Assets.xcassets */ = {isa = PBXFileReference; lastKnownFileType = folder.assetcatalog; path = Assets.xcassets; sourceTree = "<group>"; };
		AFFA3F211C9CE22500C7B6F3 /* Base */ = {isa = PBXFileReference; lastKnownFileType = file.storyboard; name = Base; path = Base.lproj/LaunchScreen.storyboard; sourceTree = "<group>"; };
		AFFA3F231C9CE22500C7B6F3 /* Info.plist */ = {isa = PBXFileReference; lastKnownFileType = text.plist.xml; path = Info.plist; sourceTree = "<group>"; };
		AFFA3F281C9CE22500C7B6F3 /* VimeoUpload-iOSTests.xctest */ = {isa = PBXFileReference; explicitFileType = wrapper.cfbundle; includeInIndex = 0; path = "VimeoUpload-iOSTests.xctest"; sourceTree = BUILT_PRODUCTS_DIR; };
		AFFA3F2E1C9CE22500C7B6F3 /* Info.plist */ = {isa = PBXFileReference; lastKnownFileType = text.plist.xml; path = Info.plist; sourceTree = "<group>"; };
		AFFA3F451C9CE34700C7B6F3 /* Bridge.h */ = {isa = PBXFileReference; fileEncoding = 4; lastKnownFileType = sourcecode.c.h; path = Bridge.h; sourceTree = "<group>"; };
		AFFA3F471C9CE34700C7B6F3 /* VideoCell.swift */ = {isa = PBXFileReference; fileEncoding = 4; lastKnownFileType = sourcecode.swift; path = VideoCell.swift; sourceTree = "<group>"; };
		AFFA3F481C9CE34700C7B6F3 /* VideoCell.xib */ = {isa = PBXFileReference; fileEncoding = 4; lastKnownFileType = file.xib; path = VideoCell.xib; sourceTree = "<group>"; };
		AFFA3F491C9CE34700C7B6F3 /* NewVimeoUploader.swift */ = {isa = PBXFileReference; fileEncoding = 4; lastKnownFileType = sourcecode.swift; path = NewVimeoUploader.swift; sourceTree = "<group>"; };
		AFFA3F4B1C9CE34700C7B6F3 /* CameraRollViewController.swift */ = {isa = PBXFileReference; fileEncoding = 4; lastKnownFileType = sourcecode.swift; path = CameraRollViewController.swift; sourceTree = "<group>"; };
		AFFA3F4C1C9CE34700C7B6F3 /* MyVideosViewController.swift */ = {isa = PBXFileReference; fileEncoding = 4; lastKnownFileType = sourcecode.swift; path = MyVideosViewController.swift; sourceTree = "<group>"; };
		AFFA3F4D1C9CE34700C7B6F3 /* MyVideosViewController.xib */ = {isa = PBXFileReference; fileEncoding = 4; lastKnownFileType = file.xib; path = MyVideosViewController.xib; sourceTree = "<group>"; };
		AFFA3F4E1C9CE34700C7B6F3 /* VideoSettingsViewController.swift */ = {isa = PBXFileReference; fileEncoding = 4; lastKnownFileType = sourcecode.swift; path = VideoSettingsViewController.swift; sourceTree = "<group>"; };
		AFFA3F4F1C9CE34700C7B6F3 /* VideoSettingsViewController.xib */ = {isa = PBXFileReference; fileEncoding = 4; lastKnownFileType = file.xib; path = VideoSettingsViewController.xib; sourceTree = "<group>"; };
		F80B55E965FB8CE26E905D3E /* Pods-VimeoUpload-iOSTests.debug.xcconfig */ = {isa = PBXFileReference; includeInIndex = 1; lastKnownFileType = text.xcconfig; name = "Pods-VimeoUpload-iOSTests.debug.xcconfig"; path = "../../Pods/Target Support Files/Pods-VimeoUpload-iOSTests/Pods-VimeoUpload-iOSTests.debug.xcconfig"; sourceTree = "<group>"; };
/* End PBXFileReference section */

/* Begin PBXFrameworksBuildPhase section */
		AFFA3F111C9CE22500C7B6F3 /* Frameworks */ = {
			isa = PBXFrameworksBuildPhase;
			buildActionMask = 2147483647;
			files = (
				5009CCE91E00604200887FC1 /* VimeoUpload.framework in Frameworks */,
				BD9E42BF3359F5825ABFCFC5 /* Pods_VimeoUpload_iOS.framework in Frameworks */,
			);
			runOnlyForDeploymentPostprocessing = 0;
		};
		AFFA3F251C9CE22500C7B6F3 /* Frameworks */ = {
			isa = PBXFrameworksBuildPhase;
			buildActionMask = 2147483647;
			files = (
				FA634A97CAB68F2E1393751B /* Pods_VimeoUpload_iOSTests.framework in Frameworks */,
			);
			runOnlyForDeploymentPostprocessing = 0;
		};
/* End PBXFrameworksBuildPhase section */

/* Begin PBXGroup section */
		033CADC2E8DBF643CDB0B7C6 /* Frameworks */ = {
			isa = PBXGroup;
			children = (
				5009CCE81E00604200887FC1 /* VimeoUpload.framework */,
				47ED4955B1448D82B035D2BF /* Pods_VimeoUpload_iOS.framework */,
				49DF265822E7E25ECC46C743 /* Pods_VimeoUpload_iOSTests.framework */,
			);
			name = Frameworks;
			sourceTree = "<group>";
		};
		3EA4C85B2094FE60009F3D9B /* Extensions */ = {
			isa = PBXGroup;
			children = (
				3EA4C8592094FE57009F3D9B /* NSKeyedUnarchiver+Migrations.swift */,
			);
			path = Extensions;
			sourceTree = "<group>";
		};
		5073D6E41CAD66C600D08C5F /* VimeoUpload+Demos */ = {
			isa = PBXGroup;
			children = (
				5073D6E51CAD66C600D08C5F /* Cells */,
				5073D6E81CAD66C600D08C5F /* ViewControllers */,
			);
			name = "VimeoUpload+Demos";
			path = "../../VimeoUpload+Demos";
			sourceTree = "<group>";
		};
		5073D6E51CAD66C600D08C5F /* Cells */ = {
			isa = PBXGroup;
			children = (
				5073D6E61CAD66C600D08C5F /* DemoCameraRollCell.swift */,
				5073D6E71CAD66C600D08C5F /* DemoCameraRollCell.xib */,
			);
			path = Cells;
			sourceTree = "<group>";
		};
		5073D6E81CAD66C600D08C5F /* ViewControllers */ = {
			isa = PBXGroup;
			children = (
				5073D6E91CAD66C600D08C5F /* BaseCameraRollViewController.swift */,
				5073D6EA1CAD66C600D08C5F /* BaseCameraRollViewController.xib */,
			);
			path = ViewControllers;
			sourceTree = "<group>";
		};
		AFFA3F0B1C9CE22500C7B6F3 = {
			isa = PBXGroup;
			children = (
				AFFA3F161C9CE22500C7B6F3 /* VimeoUpload-iOS */,
				AFFA3F2B1C9CE22500C7B6F3 /* VimeoUpload-iOSTests */,
				AFFA3F151C9CE22500C7B6F3 /* Products */,
				D8F1EA38D89E81FE074C8575 /* Pods */,
				033CADC2E8DBF643CDB0B7C6 /* Frameworks */,
			);
			sourceTree = "<group>";
		};
		AFFA3F151C9CE22500C7B6F3 /* Products */ = {
			isa = PBXGroup;
			children = (
				AFFA3F141C9CE22500C7B6F3 /* VimeoUpload-iOS.app */,
				AFFA3F281C9CE22500C7B6F3 /* VimeoUpload-iOSTests.xctest */,
			);
			name = Products;
			sourceTree = "<group>";
		};
		AFFA3F161C9CE22500C7B6F3 /* VimeoUpload-iOS */ = {
			isa = PBXGroup;
			children = (
				AFFA3F171C9CE22500C7B6F3 /* AppDelegate.swift */,
				AFFA3F491C9CE34700C7B6F3 /* NewVimeoUploader.swift */,
				AFFA3F461C9CE34700C7B6F3 /* Cells */,
				AFFA3F4A1C9CE34700C7B6F3 /* ViewControllers */,
				5073D6E41CAD66C600D08C5F /* VimeoUpload+Demos */,
				AFFA3F1E1C9CE22500C7B6F3 /* Assets.xcassets */,
				AFFA3F201C9CE22500C7B6F3 /* LaunchScreen.storyboard */,
				AFFA3F231C9CE22500C7B6F3 /* Info.plist */,
				AFFA3F451C9CE34700C7B6F3 /* Bridge.h */,
				3EA4C85B2094FE60009F3D9B /* Extensions */,
			);
			path = "VimeoUpload-iOS";
			sourceTree = "<group>";
		};
		AFFA3F2B1C9CE22500C7B6F3 /* VimeoUpload-iOSTests */ = {
			isa = PBXGroup;
			children = (
				8EBE8EA7218263C60041553F /* wide_worlds.mp4 */,
				3EA5DCC2220B735C00321273 /* URL+MIMETypeTests.swift */,
				8E8246D721826056006EF68C /* VimeoRequestSerializerTests.swift */,
				AFFA3F2E1C9CE22500C7B6F3 /* Info.plist */,
				8EB2E46F219B227C0083C2AA /* StreamingUploadStrategyTests.swift */,
				8EB2E473219B39F30083C2AA /* clip_streaming.json */,
				8EB2E475219B52F40083C2AA /* clip_streaming_no_link.json */,
				8EB3526221AF071000B108C3 /* clip_tus.json */,
			);
			path = "VimeoUpload-iOSTests";
			sourceTree = "<group>";
		};
		AFFA3F461C9CE34700C7B6F3 /* Cells */ = {
			isa = PBXGroup;
			children = (
				AFFA3F471C9CE34700C7B6F3 /* VideoCell.swift */,
				AFFA3F481C9CE34700C7B6F3 /* VideoCell.xib */,
			);
			path = Cells;
			sourceTree = "<group>";
		};
		AFFA3F4A1C9CE34700C7B6F3 /* ViewControllers */ = {
			isa = PBXGroup;
			children = (
				AFFA3F4B1C9CE34700C7B6F3 /* CameraRollViewController.swift */,
				AFFA3F4C1C9CE34700C7B6F3 /* MyVideosViewController.swift */,
				AFFA3F4D1C9CE34700C7B6F3 /* MyVideosViewController.xib */,
				AFFA3F4E1C9CE34700C7B6F3 /* VideoSettingsViewController.swift */,
				AFFA3F4F1C9CE34700C7B6F3 /* VideoSettingsViewController.xib */,
			);
			path = ViewControllers;
			sourceTree = "<group>";
		};
		D8F1EA38D89E81FE074C8575 /* Pods */ = {
			isa = PBXGroup;
			children = (
				8D408A747D8113745C4A1D77 /* Pods-VimeoUpload-iOS.debug.xcconfig */,
				5286EE6686C20A6F5B5BFD2C /* Pods-VimeoUpload-iOS.release.xcconfig */,
				F80B55E965FB8CE26E905D3E /* Pods-VimeoUpload-iOSTests.debug.xcconfig */,
				6449B9C8E7825FACDC56569C /* Pods-VimeoUpload-iOSTests.release.xcconfig */,
			);
			name = Pods;
			sourceTree = "<group>";
		};
/* End PBXGroup section */

/* Begin PBXNativeTarget section */
		AFFA3F131C9CE22500C7B6F3 /* VimeoUpload-iOS */ = {
			isa = PBXNativeTarget;
			buildConfigurationList = AFFA3F3C1C9CE22500C7B6F3 /* Build configuration list for PBXNativeTarget "VimeoUpload-iOS" */;
			buildPhases = (
				7B5C5CEC1A3E28ED8906F076 /* [CP] Check Pods Manifest.lock */,
				AFFA3F101C9CE22500C7B6F3 /* Sources */,
				AFFA3F111C9CE22500C7B6F3 /* Frameworks */,
				AFFA3F121C9CE22500C7B6F3 /* Resources */,
				F99B806A68B81482408B6D2F /* [CP] Embed Pods Frameworks */,
				5009CCEB1E00604200887FC1 /* Embed Frameworks */,
			);
			buildRules = (
			);
			dependencies = (
			);
			name = "VimeoUpload-iOS";
			productName = "VimeoUpload-iOS";
			productReference = AFFA3F141C9CE22500C7B6F3 /* VimeoUpload-iOS.app */;
			productType = "com.apple.product-type.application";
		};
		AFFA3F271C9CE22500C7B6F3 /* VimeoUpload-iOSTests */ = {
			isa = PBXNativeTarget;
			buildConfigurationList = AFFA3F3F1C9CE22500C7B6F3 /* Build configuration list for PBXNativeTarget "VimeoUpload-iOSTests" */;
			buildPhases = (
				6CB5EF2426E5A92A7E91B861 /* [CP] Check Pods Manifest.lock */,
				AFFA3F241C9CE22500C7B6F3 /* Sources */,
				AFFA3F251C9CE22500C7B6F3 /* Frameworks */,
				AFFA3F261C9CE22500C7B6F3 /* Resources */,
			);
			buildRules = (
			);
			dependencies = (
				AFFA3F2A1C9CE22500C7B6F3 /* PBXTargetDependency */,
			);
			name = "VimeoUpload-iOSTests";
			productName = "VimeoUpload-iOSTests";
			productReference = AFFA3F281C9CE22500C7B6F3 /* VimeoUpload-iOSTests.xctest */;
			productType = "com.apple.product-type.bundle.unit-test";
		};
/* End PBXNativeTarget section */

/* Begin PBXProject section */
		AFFA3F0C1C9CE22500C7B6F3 /* Project object */ = {
			isa = PBXProject;
			attributes = {
				LastSwiftUpdateCheck = 0720;
				LastUpgradeCheck = 1020;
				ORGANIZATIONNAME = "Alfie Hanssen";
				TargetAttributes = {
					AFFA3F131C9CE22500C7B6F3 = {
						CreatedOnToolsVersion = 7.2;
						DevelopmentTeam = 35R365FS4Q;
						LastSwiftMigration = 1020;
					};
					AFFA3F271C9CE22500C7B6F3 = {
						CreatedOnToolsVersion = 7.2;
						LastSwiftMigration = 1020;
						TestTargetID = AFFA3F131C9CE22500C7B6F3;
					};
				};
			};
			buildConfigurationList = AFFA3F0F1C9CE22500C7B6F3 /* Build configuration list for PBXProject "VimeoUpload-iOS" */;
			compatibilityVersion = "Xcode 3.2";
			developmentRegion = en;
			hasScannedForEncodings = 0;
			knownRegions = (
				en,
				Base,
			);
			mainGroup = AFFA3F0B1C9CE22500C7B6F3;
			productRefGroup = AFFA3F151C9CE22500C7B6F3 /* Products */;
			projectDirPath = "";
			projectRoot = "";
			targets = (
				AFFA3F131C9CE22500C7B6F3 /* VimeoUpload-iOS */,
				AFFA3F271C9CE22500C7B6F3 /* VimeoUpload-iOSTests */,
			);
		};
/* End PBXProject section */

/* Begin PBXResourcesBuildPhase section */
		AFFA3F121C9CE22500C7B6F3 /* Resources */ = {
			isa = PBXResourcesBuildPhase;
			buildActionMask = 2147483647;
			files = (
				AFFA3F221C9CE22500C7B6F3 /* LaunchScreen.storyboard in Resources */,
				AFFA3F571C9CE34700C7B6F3 /* VideoSettingsViewController.xib in Resources */,
				AFFA3F511C9CE34700C7B6F3 /* VideoCell.xib in Resources */,
				AFFA3F551C9CE34700C7B6F3 /* MyVideosViewController.xib in Resources */,
				5073D6EC1CAD66C600D08C5F /* DemoCameraRollCell.xib in Resources */,
				AFFA3F1F1C9CE22500C7B6F3 /* Assets.xcassets in Resources */,
				5073D6EE1CAD66C600D08C5F /* BaseCameraRollViewController.xib in Resources */,
			);
			runOnlyForDeploymentPostprocessing = 0;
		};
		AFFA3F261C9CE22500C7B6F3 /* Resources */ = {
			isa = PBXResourcesBuildPhase;
			buildActionMask = 2147483647;
			files = (
				8EB3526321AF071000B108C3 /* clip_tus.json in Resources */,
				8EBE8EA8218263C60041553F /* wide_worlds.mp4 in Resources */,
				8EB2E476219B52F40083C2AA /* clip_streaming_no_link.json in Resources */,
				8EB2E474219B39F30083C2AA /* clip_streaming.json in Resources */,
			);
			runOnlyForDeploymentPostprocessing = 0;
		};
/* End PBXResourcesBuildPhase section */

/* Begin PBXShellScriptBuildPhase section */
		6CB5EF2426E5A92A7E91B861 /* [CP] Check Pods Manifest.lock */ = {
			isa = PBXShellScriptBuildPhase;
			buildActionMask = 2147483647;
			files = (
			);
			inputPaths = (
				"${PODS_PODFILE_DIR_PATH}/Podfile.lock",
				"${PODS_ROOT}/Manifest.lock",
			);
			name = "[CP] Check Pods Manifest.lock";
			outputPaths = (
				"$(DERIVED_FILE_DIR)/Pods-VimeoUpload-iOSTests-checkManifestLockResult.txt",
			);
			runOnlyForDeploymentPostprocessing = 0;
			shellPath = /bin/sh;
			shellScript = "diff \"${PODS_PODFILE_DIR_PATH}/Podfile.lock\" \"${PODS_ROOT}/Manifest.lock\" > /dev/null\nif [ $? != 0 ] ; then\n    # print error to STDERR\n    echo \"error: The sandbox is not in sync with the Podfile.lock. Run 'pod install' or update your CocoaPods installation.\" >&2\n    exit 1\nfi\n# This output is used by Xcode 'outputs' to avoid re-running this script phase.\necho \"SUCCESS\" > \"${SCRIPT_OUTPUT_FILE_0}\"\n";
			showEnvVarsInLog = 0;
		};
		7B5C5CEC1A3E28ED8906F076 /* [CP] Check Pods Manifest.lock */ = {
			isa = PBXShellScriptBuildPhase;
			buildActionMask = 2147483647;
			files = (
			);
			inputPaths = (
				"${PODS_PODFILE_DIR_PATH}/Podfile.lock",
				"${PODS_ROOT}/Manifest.lock",
			);
			name = "[CP] Check Pods Manifest.lock";
			outputPaths = (
				"$(DERIVED_FILE_DIR)/Pods-VimeoUpload-iOS-checkManifestLockResult.txt",
			);
			runOnlyForDeploymentPostprocessing = 0;
			shellPath = /bin/sh;
			shellScript = "diff \"${PODS_PODFILE_DIR_PATH}/Podfile.lock\" \"${PODS_ROOT}/Manifest.lock\" > /dev/null\nif [ $? != 0 ] ; then\n    # print error to STDERR\n    echo \"error: The sandbox is not in sync with the Podfile.lock. Run 'pod install' or update your CocoaPods installation.\" >&2\n    exit 1\nfi\n# This output is used by Xcode 'outputs' to avoid re-running this script phase.\necho \"SUCCESS\" > \"${SCRIPT_OUTPUT_FILE_0}\"\n";
			showEnvVarsInLog = 0;
		};
		F99B806A68B81482408B6D2F /* [CP] Embed Pods Frameworks */ = {
			isa = PBXShellScriptBuildPhase;
			buildActionMask = 2147483647;
			files = (
			);
			inputPaths = (
				"${SRCROOT}/../../Pods/Target Support Files/Pods-VimeoUpload-iOS/Pods-VimeoUpload-iOS-frameworks.sh",
				"${BUILT_PRODUCTS_DIR}/AFNetworking/AFNetworking.framework",
				"${BUILT_PRODUCTS_DIR}/VimeoNetworking/VimeoNetworking.framework",
			);
			name = "[CP] Embed Pods Frameworks";
			outputPaths = (
				"${TARGET_BUILD_DIR}/${FRAMEWORKS_FOLDER_PATH}/AFNetworking.framework",
				"${TARGET_BUILD_DIR}/${FRAMEWORKS_FOLDER_PATH}/VimeoNetworking.framework",
			);
			runOnlyForDeploymentPostprocessing = 0;
			shellPath = /bin/sh;
			shellScript = "\"${SRCROOT}/../../Pods/Target Support Files/Pods-VimeoUpload-iOS/Pods-VimeoUpload-iOS-frameworks.sh\"\n";
			showEnvVarsInLog = 0;
		};
/* End PBXShellScriptBuildPhase section */

/* Begin PBXSourcesBuildPhase section */
		AFFA3F101C9CE22500C7B6F3 /* Sources */ = {
			isa = PBXSourcesBuildPhase;
			buildActionMask = 2147483647;
			files = (
				3EA4C85A2094FE57009F3D9B /* NSKeyedUnarchiver+Migrations.swift in Sources */,
				AFFA3F521C9CE34700C7B6F3 /* NewVimeoUploader.swift in Sources */,
				AFFA3F561C9CE34700C7B6F3 /* VideoSettingsViewController.swift in Sources */,
				5073D6ED1CAD66C600D08C5F /* BaseCameraRollViewController.swift in Sources */,
				AFFA3F181C9CE22500C7B6F3 /* AppDelegate.swift in Sources */,
				AFFA3F541C9CE34700C7B6F3 /* MyVideosViewController.swift in Sources */,
				5073D6EB1CAD66C600D08C5F /* DemoCameraRollCell.swift in Sources */,
				AFFA3F531C9CE34700C7B6F3 /* CameraRollViewController.swift in Sources */,
				AFFA3F501C9CE34700C7B6F3 /* VideoCell.swift in Sources */,
			);
			runOnlyForDeploymentPostprocessing = 0;
		};
		AFFA3F241C9CE22500C7B6F3 /* Sources */ = {
			isa = PBXSourcesBuildPhase;
			buildActionMask = 2147483647;
			files = (
				3EA5DCC3220B735C00321273 /* URL+MIMETypeTests.swift in Sources */,
				8E8246D821826057006EF68C /* VimeoRequestSerializerTests.swift in Sources */,
				8EB2E470219B227C0083C2AA /* StreamingUploadStrategyTests.swift in Sources */,
			);
			runOnlyForDeploymentPostprocessing = 0;
		};
/* End PBXSourcesBuildPhase section */

/* Begin PBXTargetDependency section */
		AFFA3F2A1C9CE22500C7B6F3 /* PBXTargetDependency */ = {
			isa = PBXTargetDependency;
			target = AFFA3F131C9CE22500C7B6F3 /* VimeoUpload-iOS */;
			targetProxy = AFFA3F291C9CE22500C7B6F3 /* PBXContainerItemProxy */;
		};
/* End PBXTargetDependency section */

/* Begin PBXVariantGroup section */
		AFFA3F201C9CE22500C7B6F3 /* LaunchScreen.storyboard */ = {
			isa = PBXVariantGroup;
			children = (
				AFFA3F211C9CE22500C7B6F3 /* Base */,
			);
			name = LaunchScreen.storyboard;
			sourceTree = "<group>";
		};
/* End PBXVariantGroup section */

/* Begin XCBuildConfiguration section */
		AFFA3F3A1C9CE22500C7B6F3 /* Debug */ = {
			isa = XCBuildConfiguration;
			buildSettings = {
				ALWAYS_SEARCH_USER_PATHS = NO;
				CLANG_ANALYZER_LOCALIZABILITY_NONLOCALIZED = YES;
				CLANG_CXX_LANGUAGE_STANDARD = "gnu++0x";
				CLANG_CXX_LIBRARY = "libc++";
				CLANG_ENABLE_MODULES = YES;
				CLANG_ENABLE_OBJC_ARC = YES;
				CLANG_WARN_BLOCK_CAPTURE_AUTORELEASING = YES;
				CLANG_WARN_BOOL_CONVERSION = YES;
				CLANG_WARN_COMMA = YES;
				CLANG_WARN_CONSTANT_CONVERSION = YES;
				CLANG_WARN_DEPRECATED_OBJC_IMPLEMENTATIONS = YES;
				CLANG_WARN_DIRECT_OBJC_ISA_USAGE = YES_ERROR;
				CLANG_WARN_EMPTY_BODY = YES;
				CLANG_WARN_ENUM_CONVERSION = YES;
				CLANG_WARN_INFINITE_RECURSION = YES;
				CLANG_WARN_INT_CONVERSION = YES;
				CLANG_WARN_NON_LITERAL_NULL_CONVERSION = YES;
				CLANG_WARN_OBJC_IMPLICIT_RETAIN_SELF = YES;
				CLANG_WARN_OBJC_LITERAL_CONVERSION = YES;
				CLANG_WARN_OBJC_ROOT_CLASS = YES_ERROR;
				CLANG_WARN_RANGE_LOOP_ANALYSIS = YES;
				CLANG_WARN_STRICT_PROTOTYPES = YES;
				CLANG_WARN_SUSPICIOUS_MOVE = YES;
				CLANG_WARN_UNREACHABLE_CODE = YES;
				CLANG_WARN__DUPLICATE_METHOD_MATCH = YES;
				"CODE_SIGN_IDENTITY[sdk=iphoneos*]" = "iPhone Developer";
				COPY_PHASE_STRIP = NO;
				DEBUG_INFORMATION_FORMAT = dwarf;
				ENABLE_STRICT_OBJC_MSGSEND = YES;
				ENABLE_TESTABILITY = YES;
				GCC_C_LANGUAGE_STANDARD = gnu99;
				GCC_DYNAMIC_NO_PIC = NO;
				GCC_NO_COMMON_BLOCKS = YES;
				GCC_OPTIMIZATION_LEVEL = 0;
				GCC_PREPROCESSOR_DEFINITIONS = (
					"DEBUG=1",
					"$(inherited)",
				);
				GCC_WARN_64_TO_32_BIT_CONVERSION = YES;
				GCC_WARN_ABOUT_RETURN_TYPE = YES_ERROR;
				GCC_WARN_UNDECLARED_SELECTOR = YES;
				GCC_WARN_UNINITIALIZED_AUTOS = YES_AGGRESSIVE;
				GCC_WARN_UNUSED_FUNCTION = YES;
				GCC_WARN_UNUSED_VARIABLE = YES;
				IPHONEOS_DEPLOYMENT_TARGET = 9.2;
				MTL_ENABLE_DEBUG_INFO = YES;
				ONLY_ACTIVE_ARCH = YES;
				SDKROOT = iphoneos;
				SWIFT_OPTIMIZATION_LEVEL = "-Onone";
				SWIFT_SWIFT3_OBJC_INFERENCE = Default;
				SWIFT_VERSION = 4.2;
			};
			name = Debug;
		};
		AFFA3F3B1C9CE22500C7B6F3 /* Release */ = {
			isa = XCBuildConfiguration;
			buildSettings = {
				ALWAYS_SEARCH_USER_PATHS = NO;
				CLANG_ANALYZER_LOCALIZABILITY_NONLOCALIZED = YES;
				CLANG_CXX_LANGUAGE_STANDARD = "gnu++0x";
				CLANG_CXX_LIBRARY = "libc++";
				CLANG_ENABLE_MODULES = YES;
				CLANG_ENABLE_OBJC_ARC = YES;
				CLANG_WARN_BLOCK_CAPTURE_AUTORELEASING = YES;
				CLANG_WARN_BOOL_CONVERSION = YES;
				CLANG_WARN_COMMA = YES;
				CLANG_WARN_CONSTANT_CONVERSION = YES;
				CLANG_WARN_DEPRECATED_OBJC_IMPLEMENTATIONS = YES;
				CLANG_WARN_DIRECT_OBJC_ISA_USAGE = YES_ERROR;
				CLANG_WARN_EMPTY_BODY = YES;
				CLANG_WARN_ENUM_CONVERSION = YES;
				CLANG_WARN_INFINITE_RECURSION = YES;
				CLANG_WARN_INT_CONVERSION = YES;
				CLANG_WARN_NON_LITERAL_NULL_CONVERSION = YES;
				CLANG_WARN_OBJC_IMPLICIT_RETAIN_SELF = YES;
				CLANG_WARN_OBJC_LITERAL_CONVERSION = YES;
				CLANG_WARN_OBJC_ROOT_CLASS = YES_ERROR;
				CLANG_WARN_RANGE_LOOP_ANALYSIS = YES;
				CLANG_WARN_STRICT_PROTOTYPES = YES;
				CLANG_WARN_SUSPICIOUS_MOVE = YES;
				CLANG_WARN_UNREACHABLE_CODE = YES;
				CLANG_WARN__DUPLICATE_METHOD_MATCH = YES;
				"CODE_SIGN_IDENTITY[sdk=iphoneos*]" = "iPhone Developer";
				COPY_PHASE_STRIP = NO;
				DEBUG_INFORMATION_FORMAT = "dwarf-with-dsym";
				ENABLE_NS_ASSERTIONS = NO;
				ENABLE_STRICT_OBJC_MSGSEND = YES;
				GCC_C_LANGUAGE_STANDARD = gnu99;
				GCC_NO_COMMON_BLOCKS = YES;
				GCC_WARN_64_TO_32_BIT_CONVERSION = YES;
				GCC_WARN_ABOUT_RETURN_TYPE = YES_ERROR;
				GCC_WARN_UNDECLARED_SELECTOR = YES;
				GCC_WARN_UNINITIALIZED_AUTOS = YES_AGGRESSIVE;
				GCC_WARN_UNUSED_FUNCTION = YES;
				GCC_WARN_UNUSED_VARIABLE = YES;
				IPHONEOS_DEPLOYMENT_TARGET = 9.2;
				MTL_ENABLE_DEBUG_INFO = NO;
				SDKROOT = iphoneos;
				SWIFT_OPTIMIZATION_LEVEL = "-Owholemodule";
				SWIFT_SWIFT3_OBJC_INFERENCE = Default;
				SWIFT_VERSION = 4.2;
				VALIDATE_PRODUCT = YES;
			};
			name = Release;
		};
		AFFA3F3D1C9CE22500C7B6F3 /* Debug */ = {
			isa = XCBuildConfiguration;
			baseConfigurationReference = 8D408A747D8113745C4A1D77 /* Pods-VimeoUpload-iOS.debug.xcconfig */;
			buildSettings = {
				ASSETCATALOG_COMPILER_APPICON_NAME = AppIcon;
				DEVELOPMENT_TEAM = 35R365FS4Q;
				FRAMEWORK_SEARCH_PATHS = (
					"$(inherited)",
					"\"$PODS_CONFIGURATION_BUILD_DIR/AFNetworking\"",
					"\"$PODS_CONFIGURATION_BUILD_DIR/VimeoNetworking\"",
				);
				INFOPLIST_FILE = "VimeoUpload-iOS/Info.plist";
				IPHONEOS_DEPLOYMENT_TARGET = 8.0;
				LD_RUNPATH_SEARCH_PATHS = "$(inherited) @executable_path/Frameworks";
				OTHER_SWIFT_FLAGS = "$(inherited)";
				PRODUCT_BUNDLE_IDENTIFIER = "com.alfiehanssen.VimeoUpload-iOS";
				PRODUCT_NAME = "$(TARGET_NAME)";
				SWIFT_OBJC_BRIDGING_HEADER = "${SRCROOT}/VimeoUpload-iOS/Bridge.h";
				SWIFT_VERSION = 5.0;
			};
			name = Debug;
		};
		AFFA3F3E1C9CE22500C7B6F3 /* Release */ = {
			isa = XCBuildConfiguration;
			baseConfigurationReference = 5286EE6686C20A6F5B5BFD2C /* Pods-VimeoUpload-iOS.release.xcconfig */;
			buildSettings = {
				ASSETCATALOG_COMPILER_APPICON_NAME = AppIcon;
				DEVELOPMENT_TEAM = 35R365FS4Q;
				INFOPLIST_FILE = "VimeoUpload-iOS/Info.plist";
				IPHONEOS_DEPLOYMENT_TARGET = 8.0;
				LD_RUNPATH_SEARCH_PATHS = "$(inherited) @executable_path/Frameworks";
				OTHER_SWIFT_FLAGS = "$(inherited)";
				PRODUCT_BUNDLE_IDENTIFIER = "com.alfiehanssen.VimeoUpload-iOS";
				PRODUCT_NAME = "$(TARGET_NAME)";
				SWIFT_OBJC_BRIDGING_HEADER = "${SRCROOT}/VimeoUpload-iOS/Bridge.h";
				SWIFT_VERSION = 5.0;
			};
			name = Release;
		};
		AFFA3F401C9CE22500C7B6F3 /* Debug */ = {
			isa = XCBuildConfiguration;
			baseConfigurationReference = F80B55E965FB8CE26E905D3E /* Pods-VimeoUpload-iOSTests.debug.xcconfig */;
			buildSettings = {
				BUNDLE_LOADER = "$(TEST_HOST)";
				CLANG_ENABLE_MODULES = YES;
				INFOPLIST_FILE = "VimeoUpload-iOSTests/Info.plist";
				LD_RUNPATH_SEARCH_PATHS = "$(inherited) @executable_path/Frameworks @loader_path/Frameworks";
				PRODUCT_BUNDLE_IDENTIFIER = "com.alfiehanssen.VimeoUpload-iOSTests";
				PRODUCT_NAME = "$(TARGET_NAME)";
				SWIFT_OPTIMIZATION_LEVEL = "-Onone";
				SWIFT_VERSION = 5.0;
				TEST_HOST = "$(BUILT_PRODUCTS_DIR)/VimeoUpload-iOS.app/VimeoUpload-iOS";
			};
			name = Debug;
		};
		AFFA3F411C9CE22500C7B6F3 /* Release */ = {
			isa = XCBuildConfiguration;
			baseConfigurationReference = 6449B9C8E7825FACDC56569C /* Pods-VimeoUpload-iOSTests.release.xcconfig */;
			buildSettings = {
				BUNDLE_LOADER = "$(TEST_HOST)";
				CLANG_ENABLE_MODULES = YES;
				INFOPLIST_FILE = "VimeoUpload-iOSTests/Info.plist";
				LD_RUNPATH_SEARCH_PATHS = "$(inherited) @executable_path/Frameworks @loader_path/Frameworks";
				PRODUCT_BUNDLE_IDENTIFIER = "com.alfiehanssen.VimeoUpload-iOSTests";
				PRODUCT_NAME = "$(TARGET_NAME)";
				SWIFT_VERSION = 5.0;
				TEST_HOST = "$(BUILT_PRODUCTS_DIR)/VimeoUpload-iOS.app/VimeoUpload-iOS";
			};
			name = Release;
		};
/* End XCBuildConfiguration section */

/* Begin XCConfigurationList section */
		AFFA3F0F1C9CE22500C7B6F3 /* Build configuration list for PBXProject "VimeoUpload-iOS" */ = {
			isa = XCConfigurationList;
			buildConfigurations = (
				AFFA3F3A1C9CE22500C7B6F3 /* Debug */,
				AFFA3F3B1C9CE22500C7B6F3 /* Release */,
			);
			defaultConfigurationIsVisible = 0;
			defaultConfigurationName = Release;
		};
		AFFA3F3C1C9CE22500C7B6F3 /* Build configuration list for PBXNativeTarget "VimeoUpload-iOS" */ = {
			isa = XCConfigurationList;
			buildConfigurations = (
				AFFA3F3D1C9CE22500C7B6F3 /* Debug */,
				AFFA3F3E1C9CE22500C7B6F3 /* Release */,
			);
			defaultConfigurationIsVisible = 0;
			defaultConfigurationName = Release;
		};
		AFFA3F3F1C9CE22500C7B6F3 /* Build configuration list for PBXNativeTarget "VimeoUpload-iOSTests" */ = {
			isa = XCConfigurationList;
			buildConfigurations = (
				AFFA3F401C9CE22500C7B6F3 /* Debug */,
				AFFA3F411C9CE22500C7B6F3 /* Release */,
			);
			defaultConfigurationIsVisible = 0;
			defaultConfigurationName = Release;
		};
/* End XCConfigurationList section */
	};
	rootObject = AFFA3F0C1C9CE22500C7B6F3 /* Project object */;
}
