// !$*UTF8*$!
{
	archiveVersion = 1;
	classes = {
	};
	objectVersion = 46;
	objects = {

/* Begin PBXBuildFile section */
		29B7A31D564C0E4623DE4D3D /* libPods-VimeoUpload-iOS-2StepUITests.a in Frameworks */ = {isa = PBXBuildFile; fileRef = B6AD3F7286FDE891B381D743 /* libPods-VimeoUpload-iOS-2StepUITests.a */; };
		50001DF81C908E620074E3C7 /* DemoCameraRollCell.swift in Sources */ = {isa = PBXBuildFile; fileRef = 50001DE61C908E620074E3C7 /* DemoCameraRollCell.swift */; };
		50001DF91C908E620074E3C7 /* DemoCameraRollCell.xib in Resources */ = {isa = PBXBuildFile; fileRef = 50001DE71C908E620074E3C7 /* DemoCameraRollCell.xib */; };
		50001DFA1C908E620074E3C7 /* ForegroundSessionManager.swift in Sources */ = {isa = PBXBuildFile; fileRef = 50001DE91C908E620074E3C7 /* ForegroundSessionManager.swift */; };
		50001DFB1C908E620074E3C7 /* BaseCameraRollViewController.swift in Sources */ = {isa = PBXBuildFile; fileRef = 50001DEB1C908E620074E3C7 /* BaseCameraRollViewController.swift */; };
		50001DFC1C908E620074E3C7 /* BaseCameraRollViewController.xib in Resources */ = {isa = PBXBuildFile; fileRef = 50001DEC1C908E620074E3C7 /* BaseCameraRollViewController.xib */; };
		50001DFD1C908E620074E3C7 /* ALAssetHelper.swift in Sources */ = {isa = PBXBuildFile; fileRef = 50001DEE1C908E620074E3C7 /* ALAssetHelper.swift */; };
		50001DFE1C908E620074E3C7 /* CameraRollAssetCell.swift in Sources */ = {isa = PBXBuildFile; fileRef = 50001DEF1C908E620074E3C7 /* CameraRollAssetCell.swift */; };
		50001DFF1C908E620074E3C7 /* CameraRollAssetHelper.swift in Sources */ = {isa = PBXBuildFile; fileRef = 50001DF01C908E620074E3C7 /* CameraRollAssetHelper.swift */; };
		50001E001C908E620074E3C7 /* NSString+Conversions.swift in Sources */ = {isa = PBXBuildFile; fileRef = 50001DF21C908E620074E3C7 /* NSString+Conversions.swift */; };
		50001E011C908E620074E3C7 /* CameraRollAsset.swift in Sources */ = {isa = PBXBuildFile; fileRef = 50001DF41C908E620074E3C7 /* CameraRollAsset.swift */; };
		50001E021C908E620074E3C7 /* VIMALAsset.swift in Sources */ = {isa = PBXBuildFile; fileRef = 50001DF51C908E620074E3C7 /* VIMALAsset.swift */; };
		50001E031C908E620074E3C7 /* VIMPHAsset.swift in Sources */ = {isa = PBXBuildFile; fileRef = 50001DF61C908E620074E3C7 /* VIMPHAsset.swift */; };
		50001E041C908E620074E3C7 /* PHAssetHelper.swift in Sources */ = {isa = PBXBuildFile; fileRef = 50001DF71C908E620074E3C7 /* PHAssetHelper.swift */; };
		500020AE1C90C94E0074E3C7 /* ArchiverProtocol.swift in Sources */ = {isa = PBXBuildFile; fileRef = 500020611C90C94E0074E3C7 /* ArchiverProtocol.swift */; };
		500020AF1C90C94E0074E3C7 /* ConnectivityManager.swift in Sources */ = {isa = PBXBuildFile; fileRef = 500020621C90C94E0074E3C7 /* ConnectivityManager.swift */; };
		500020B01C90C94E0074E3C7 /* Descriptor.swift in Sources */ = {isa = PBXBuildFile; fileRef = 500020631C90C94E0074E3C7 /* Descriptor.swift */; };
		500020B11C90C94E0074E3C7 /* DescriptorManager.swift in Sources */ = {isa = PBXBuildFile; fileRef = 500020641C90C94E0074E3C7 /* DescriptorManager.swift */; };
		500020B21C90C94E0074E3C7 /* DescriptorManagerArchiver.swift in Sources */ = {isa = PBXBuildFile; fileRef = 500020651C90C94E0074E3C7 /* DescriptorManagerArchiver.swift */; };
		500020B31C90C94E0074E3C7 /* DescriptorManagerDelegate.swift in Sources */ = {isa = PBXBuildFile; fileRef = 500020661C90C94E0074E3C7 /* DescriptorManagerDelegate.swift */; };
		500020B41C90C94E0074E3C7 /* KeyedArchiver.swift in Sources */ = {isa = PBXBuildFile; fileRef = 500020671C90C94E0074E3C7 /* KeyedArchiver.swift */; };
		500020B51C90C94E0074E3C7 /* ProgressDescriptor.swift in Sources */ = {isa = PBXBuildFile; fileRef = 500020681C90C94E0074E3C7 /* ProgressDescriptor.swift */; };
		500020B61C90C94E0074E3C7 /* ReachableDescriptorManager.swift in Sources */ = {isa = PBXBuildFile; fileRef = 500020691C90C94E0074E3C7 /* ReachableDescriptorManager.swift */; };
		500020B71C90C94E0074E3C7 /* AFURLSessionManager+Extensions.swift in Sources */ = {isa = PBXBuildFile; fileRef = 5000206B1C90C94E0074E3C7 /* AFURLSessionManager+Extensions.swift */; };
		500020B81C90C94E0074E3C7 /* NSError+Extensions.swift in Sources */ = {isa = PBXBuildFile; fileRef = 5000206C1C90C94E0074E3C7 /* NSError+Extensions.swift */; };
		500020B91C90C94E0074E3C7 /* NSFileManager+Extensions.swift in Sources */ = {isa = PBXBuildFile; fileRef = 5000206D1C90C94E0074E3C7 /* NSFileManager+Extensions.swift */; };
		500020BA1C90C94E0074E3C7 /* Constants.swift in Sources */ = {isa = PBXBuildFile; fileRef = 5000206F1C90C94E0074E3C7 /* Constants.swift */; };
		500020BB1C90C94E0074E3C7 /* VimeoRequestSerializer.swift in Sources */ = {isa = PBXBuildFile; fileRef = 500020701C90C94E0074E3C7 /* VimeoRequestSerializer.swift */; };
		500020BC1C90C94E0074E3C7 /* VimeoResponseSerializer.swift in Sources */ = {isa = PBXBuildFile; fileRef = 500020711C90C94E0074E3C7 /* VimeoResponseSerializer.swift */; };
		500020BD1C90C94E0074E3C7 /* VimeoSessionManager.swift in Sources */ = {isa = PBXBuildFile; fileRef = 500020721C90C94E0074E3C7 /* VimeoSessionManager.swift */; };
		500020BE1C90C94E0074E3C7 /* VideoDeletionManager.swift in Sources */ = {isa = PBXBuildFile; fileRef = 500020751C90C94E0074E3C7 /* VideoDeletionManager.swift */; };
		500020BF1C90C94E0074E3C7 /* VideoRefreshManager.swift in Sources */ = {isa = PBXBuildFile; fileRef = 500020761C90C94E0074E3C7 /* VideoRefreshManager.swift */; };
		500020C01C90C94E0074E3C7 /* DescriptorManagerTracker.swift in Sources */ = {isa = PBXBuildFile; fileRef = 500020781C90C94E0074E3C7 /* DescriptorManagerTracker.swift */; };
		500020C11C90C94E0074E3C7 /* Upload1Descriptor.swift in Sources */ = {isa = PBXBuildFile; fileRef = 5000207A1C90C94E0074E3C7 /* Upload1Descriptor.swift */; };
		500020C21C90C94E0074E3C7 /* Upload1Request.swift in Sources */ = {isa = PBXBuildFile; fileRef = 5000207B1C90C94E0074E3C7 /* Upload1Request.swift */; };
		500020C31C90C94E0074E3C7 /* UploadDescriptor.swift in Sources */ = {isa = PBXBuildFile; fileRef = 5000207D1C90C94E0074E3C7 /* UploadDescriptor.swift */; };
		500020C41C90C94E0074E3C7 /* VideoDescriptor.swift in Sources */ = {isa = PBXBuildFile; fileRef = 5000207E1C90C94E0074E3C7 /* VideoDescriptor.swift */; };
		500020C51C90C94E0074E3C7 /* VideoDescriptorFailureTracker.swift in Sources */ = {isa = PBXBuildFile; fileRef = 5000207F1C90C94E0074E3C7 /* VideoDescriptorFailureTracker.swift */; };
		500020C61C90C94E0074E3C7 /* AFURLSessionManager+Upload.swift in Sources */ = {isa = PBXBuildFile; fileRef = 500020811C90C94E0074E3C7 /* AFURLSessionManager+Upload.swift */; };
		500020C71C90C94E0074E3C7 /* AVAsset+Extensions.swift in Sources */ = {isa = PBXBuildFile; fileRef = 500020821C90C94E0074E3C7 /* AVAsset+Extensions.swift */; };
		500020C81C90C94E0074E3C7 /* AVURLAsset+Extensions.swift in Sources */ = {isa = PBXBuildFile; fileRef = 500020831C90C94E0074E3C7 /* AVURLAsset+Extensions.swift */; };
		500020C91C90C94E0074E3C7 /* NSError+Upload.swift in Sources */ = {isa = PBXBuildFile; fileRef = 500020841C90C94E0074E3C7 /* NSError+Upload.swift */; };
		500020CA1C90C94E0074E3C7 /* NSURL+Upload.swift in Sources */ = {isa = PBXBuildFile; fileRef = 500020851C90C94E0074E3C7 /* NSURL+Upload.swift */; };
		500020CB1C90C94E0074E3C7 /* BlockTypes.swift in Sources */ = {isa = PBXBuildFile; fileRef = 500020871C90C94E0074E3C7 /* BlockTypes.swift */; };
		500020CC1C90C94E0074E3C7 /* VideoSettings.swift in Sources */ = {isa = PBXBuildFile; fileRef = 500020881C90C94E0074E3C7 /* VideoSettings.swift */; };
		500020CD1C90C94E0074E3C7 /* VimeoRequestSerializer+Upload.swift in Sources */ = {isa = PBXBuildFile; fileRef = 5000208B1C90C94E0074E3C7 /* VimeoRequestSerializer+Upload.swift */; };
		500020CE1C90C94E0074E3C7 /* VimeoResponseSerializer+Upload.swift in Sources */ = {isa = PBXBuildFile; fileRef = 5000208C1C90C94E0074E3C7 /* VimeoResponseSerializer+Upload.swift */; };
		500020CF1C90C94E0074E3C7 /* VimeoSessionManager+Upload.swift in Sources */ = {isa = PBXBuildFile; fileRef = 5000208D1C90C94E0074E3C7 /* VimeoSessionManager+Upload.swift */; };
		500020D01C90C94E0074E3C7 /* VimeoRequestSerializer+Upload2.swift in Sources */ = {isa = PBXBuildFile; fileRef = 5000208F1C90C94E0074E3C7 /* VimeoRequestSerializer+Upload2.swift */; };
		500020D11C90C94E0074E3C7 /* VimeoSessionManager+Upload2.swift in Sources */ = {isa = PBXBuildFile; fileRef = 500020901C90C94E0074E3C7 /* VimeoSessionManager+Upload2.swift */; };
		500020D21C90C94E0074E3C7 /* ConcurrentOperation.swift in Sources */ = {isa = PBXBuildFile; fileRef = 500020931C90C94E0074E3C7 /* ConcurrentOperation.swift */; };
		500020D31C90C94E0074E3C7 /* DeleteVideoOperation.swift in Sources */ = {isa = PBXBuildFile; fileRef = 500020941C90C94E0074E3C7 /* DeleteVideoOperation.swift */; };
		500020D41C90C94E0074E3C7 /* ExportOperation.swift in Sources */ = {isa = PBXBuildFile; fileRef = 500020951C90C94E0074E3C7 /* ExportOperation.swift */; };
		500020D51C90C94E0074E3C7 /* ExportQuotaOperation.swift in Sources */ = {isa = PBXBuildFile; fileRef = 500020961C90C94E0074E3C7 /* ExportQuotaOperation.swift */; };
		500020D61C90C94E0074E3C7 /* ALAssetExportQuotaOperation.swift in Sources */ = {isa = PBXBuildFile; fileRef = 500020981C90C94E0074E3C7 /* ALAssetExportQuotaOperation.swift */; };
		500020D71C90C94E0074E3C7 /* PHAssetCloudExportQuotaOperation.swift in Sources */ = {isa = PBXBuildFile; fileRef = 5000209A1C90C94E0074E3C7 /* PHAssetCloudExportQuotaOperation.swift */; };
		500020D81C90C94E0074E3C7 /* PHAssetDownloadOperation.swift in Sources */ = {isa = PBXBuildFile; fileRef = 5000209B1C90C94E0074E3C7 /* PHAssetDownloadOperation.swift */; };
		500020D91C90C94E0074E3C7 /* PHAssetExportSessionOperation.swift in Sources */ = {isa = PBXBuildFile; fileRef = 5000209C1C90C94E0074E3C7 /* PHAssetExportSessionOperation.swift */; };
		500020DA1C90C94E0074E3C7 /* MeOperation.swift in Sources */ = {isa = PBXBuildFile; fileRef = 5000209D1C90C94E0074E3C7 /* MeOperation.swift */; };
		500020DB1C90C94E0074E3C7 /* MeQuotaOperation.swift in Sources */ = {isa = PBXBuildFile; fileRef = 5000209E1C90C94E0074E3C7 /* MeQuotaOperation.swift */; };
		500020DC1C90C94E0074E3C7 /* VideoOperation.swift in Sources */ = {isa = PBXBuildFile; fileRef = 5000209F1C90C94E0074E3C7 /* VideoOperation.swift */; };
		500020DD1C90C94E0074E3C7 /* CreateVideoOperation.swift in Sources */ = {isa = PBXBuildFile; fileRef = 500020A11C90C94E0074E3C7 /* CreateVideoOperation.swift */; };
		500020DE1C90C94E0074E3C7 /* ExportQuotaCreateOperation.swift in Sources */ = {isa = PBXBuildFile; fileRef = 500020A21C90C94E0074E3C7 /* ExportQuotaCreateOperation.swift */; };
		500020DF1C90C94E0074E3C7 /* ALAssetExportQuotaCreateOperation.swift in Sources */ = {isa = PBXBuildFile; fileRef = 500020A41C90C94E0074E3C7 /* ALAssetExportQuotaCreateOperation.swift */; };
		500020E01C90C94E0074E3C7 /* ALAssetRetryUploadOperation.swift in Sources */ = {isa = PBXBuildFile; fileRef = 500020A51C90C94E0074E3C7 /* ALAssetRetryUploadOperation.swift */; };
		500020E11C90C94E0074E3C7 /* PHAssetCloudExportQuotaCreateOperation.swift in Sources */ = {isa = PBXBuildFile; fileRef = 500020A71C90C94E0074E3C7 /* PHAssetCloudExportQuotaCreateOperation.swift */; };
		500020E21C90C94E0074E3C7 /* PHAssetRetryUploadOperation.swift in Sources */ = {isa = PBXBuildFile; fileRef = 500020A81C90C94E0074E3C7 /* PHAssetRetryUploadOperation.swift */; };
		500020E31C90C94E0074E3C7 /* RetryUploadOperation.swift in Sources */ = {isa = PBXBuildFile; fileRef = 500020A91C90C94E0074E3C7 /* RetryUploadOperation.swift */; };
		500020E41C90C94E0074E3C7 /* DailyQuotaOperation.swift in Sources */ = {isa = PBXBuildFile; fileRef = 500020AB1C90C94E0074E3C7 /* DailyQuotaOperation.swift */; };
		500020E51C90C94E0074E3C7 /* DiskSpaceOperation.swift in Sources */ = {isa = PBXBuildFile; fileRef = 500020AC1C90C94E0074E3C7 /* DiskSpaceOperation.swift */; };
		500020E61C90C94E0074E3C7 /* WeeklyQuotaOperation.swift in Sources */ = {isa = PBXBuildFile; fileRef = 500020AD1C90C94E0074E3C7 /* WeeklyQuotaOperation.swift */; };
		5043A53F1BFFA00300D70725 /* VideoSettingsViewController.swift in Sources */ = {isa = PBXBuildFile; fileRef = 5043A53B1BFFA00300D70725 /* VideoSettingsViewController.swift */; };
		5043A5401BFFA00300D70725 /* VideoSettingsViewController.xib in Resources */ = {isa = PBXBuildFile; fileRef = 5043A53C1BFFA00300D70725 /* VideoSettingsViewController.xib */; };
		50596E111BE2D57700D1F8EC /* AppDelegate.swift in Sources */ = {isa = PBXBuildFile; fileRef = 50596E101BE2D57700D1F8EC /* AppDelegate.swift */; };
		50596E181BE2D57700D1F8EC /* Assets.xcassets in Resources */ = {isa = PBXBuildFile; fileRef = 50596E171BE2D57700D1F8EC /* Assets.xcassets */; };
		50596E1B1BE2D57700D1F8EC /* LaunchScreen.storyboard in Resources */ = {isa = PBXBuildFile; fileRef = 50596E191BE2D57700D1F8EC /* LaunchScreen.storyboard */; };
		50596E261BE2D57700D1F8EC /* VimeoUpload_iOS_2StepTests.swift in Sources */ = {isa = PBXBuildFile; fileRef = 50596E251BE2D57700D1F8EC /* VimeoUpload_iOS_2StepTests.swift */; };
		50596E311BE2D57700D1F8EC /* VimeoUpload_iOS_2StepUITests.swift in Sources */ = {isa = PBXBuildFile; fileRef = 50596E301BE2D57700D1F8EC /* VimeoUpload_iOS_2StepUITests.swift */; };
		50B49D871C1F727200D8F1A2 /* CameraRollViewController.swift in Sources */ = {isa = PBXBuildFile; fileRef = 50B49D861C1F727200D8F1A2 /* CameraRollViewController.swift */; };
		89E4C504BCC067775EC1FC82 /* libPods-VimeoUpload-iOS-2Step.a in Frameworks */ = {isa = PBXBuildFile; fileRef = AE9093CABDD62D4AC6CB7F27 /* libPods-VimeoUpload-iOS-2Step.a */; };
		AF34DB701BE721150094D1F8 /* MyVideosViewController.swift in Sources */ = {isa = PBXBuildFile; fileRef = AF34DB681BE721150094D1F8 /* MyVideosViewController.swift */; };
		AF34DB711BE721150094D1F8 /* MyVideosViewController.xib in Resources */ = {isa = PBXBuildFile; fileRef = AF34DB691BE721150094D1F8 /* MyVideosViewController.xib */; };
		AFF28EC51C03D52900258476 /* VideoCell.swift in Sources */ = {isa = PBXBuildFile; fileRef = AFF28EC11C03D52900258476 /* VideoCell.swift */; };
		AFF28EC61C03D52900258476 /* VideoCell.xib in Resources */ = {isa = PBXBuildFile; fileRef = AFF28EC21C03D52900258476 /* VideoCell.xib */; };
		AFF28EC71C03D52900258476 /* UploadManager.swift in Sources */ = {isa = PBXBuildFile; fileRef = AFF28EC41C03D52900258476 /* UploadManager.swift */; };
		D51F65F7E8D8FCFD5F412228 /* libPods-VimeoUpload-iOS-2StepTests.a in Frameworks */ = {isa = PBXBuildFile; fileRef = 8640E9F148A1862658648F22 /* libPods-VimeoUpload-iOS-2StepTests.a */; };
/* End PBXBuildFile section */

/* Begin PBXContainerItemProxy section */
		50596E221BE2D57700D1F8EC /* PBXContainerItemProxy */ = {
			isa = PBXContainerItemProxy;
			containerPortal = 50596E051BE2D57700D1F8EC /* Project object */;
			proxyType = 1;
			remoteGlobalIDString = 50596E0C1BE2D57700D1F8EC;
			remoteInfo = "VimeoUpload-iOS-2Step";
		};
		50596E2D1BE2D57700D1F8EC /* PBXContainerItemProxy */ = {
			isa = PBXContainerItemProxy;
			containerPortal = 50596E051BE2D57700D1F8EC /* Project object */;
			proxyType = 1;
			remoteGlobalIDString = 50596E0C1BE2D57700D1F8EC;
			remoteInfo = "VimeoUpload-iOS-2Step";
		};
/* End PBXContainerItemProxy section */

/* Begin PBXFileReference section */
		50001DE61C908E620074E3C7 /* DemoCameraRollCell.swift */ = {isa = PBXFileReference; fileEncoding = 4; lastKnownFileType = sourcecode.swift; path = DemoCameraRollCell.swift; sourceTree = "<group>"; };
		50001DE71C908E620074E3C7 /* DemoCameraRollCell.xib */ = {isa = PBXFileReference; fileEncoding = 4; lastKnownFileType = file.xib; path = DemoCameraRollCell.xib; sourceTree = "<group>"; };
		50001DE91C908E620074E3C7 /* ForegroundSessionManager.swift */ = {isa = PBXFileReference; fileEncoding = 4; lastKnownFileType = sourcecode.swift; path = ForegroundSessionManager.swift; sourceTree = "<group>"; };
		50001DEB1C908E620074E3C7 /* BaseCameraRollViewController.swift */ = {isa = PBXFileReference; fileEncoding = 4; lastKnownFileType = sourcecode.swift; path = BaseCameraRollViewController.swift; sourceTree = "<group>"; };
		50001DEC1C908E620074E3C7 /* BaseCameraRollViewController.xib */ = {isa = PBXFileReference; fileEncoding = 4; lastKnownFileType = file.xib; path = BaseCameraRollViewController.xib; sourceTree = "<group>"; };
		50001DEE1C908E620074E3C7 /* ALAssetHelper.swift */ = {isa = PBXFileReference; fileEncoding = 4; lastKnownFileType = sourcecode.swift; path = ALAssetHelper.swift; sourceTree = "<group>"; };
		50001DEF1C908E620074E3C7 /* CameraRollAssetCell.swift */ = {isa = PBXFileReference; fileEncoding = 4; lastKnownFileType = sourcecode.swift; path = CameraRollAssetCell.swift; sourceTree = "<group>"; };
		50001DF01C908E620074E3C7 /* CameraRollAssetHelper.swift */ = {isa = PBXFileReference; fileEncoding = 4; lastKnownFileType = sourcecode.swift; path = CameraRollAssetHelper.swift; sourceTree = "<group>"; };
		50001DF21C908E620074E3C7 /* NSString+Conversions.swift */ = {isa = PBXFileReference; fileEncoding = 4; lastKnownFileType = sourcecode.swift; path = "NSString+Conversions.swift"; sourceTree = "<group>"; };
		50001DF41C908E620074E3C7 /* CameraRollAsset.swift */ = {isa = PBXFileReference; fileEncoding = 4; lastKnownFileType = sourcecode.swift; path = CameraRollAsset.swift; sourceTree = "<group>"; };
		50001DF51C908E620074E3C7 /* VIMALAsset.swift */ = {isa = PBXFileReference; fileEncoding = 4; lastKnownFileType = sourcecode.swift; path = VIMALAsset.swift; sourceTree = "<group>"; };
		50001DF61C908E620074E3C7 /* VIMPHAsset.swift */ = {isa = PBXFileReference; fileEncoding = 4; lastKnownFileType = sourcecode.swift; path = VIMPHAsset.swift; sourceTree = "<group>"; };
		50001DF71C908E620074E3C7 /* PHAssetHelper.swift */ = {isa = PBXFileReference; fileEncoding = 4; lastKnownFileType = sourcecode.swift; path = PHAssetHelper.swift; sourceTree = "<group>"; };
		500020611C90C94E0074E3C7 /* ArchiverProtocol.swift */ = {isa = PBXFileReference; fileEncoding = 4; lastKnownFileType = sourcecode.swift; path = ArchiverProtocol.swift; sourceTree = "<group>"; };
		500020621C90C94E0074E3C7 /* ConnectivityManager.swift */ = {isa = PBXFileReference; fileEncoding = 4; lastKnownFileType = sourcecode.swift; path = ConnectivityManager.swift; sourceTree = "<group>"; };
		500020631C90C94E0074E3C7 /* Descriptor.swift */ = {isa = PBXFileReference; fileEncoding = 4; lastKnownFileType = sourcecode.swift; path = Descriptor.swift; sourceTree = "<group>"; };
		500020641C90C94E0074E3C7 /* DescriptorManager.swift */ = {isa = PBXFileReference; fileEncoding = 4; lastKnownFileType = sourcecode.swift; path = DescriptorManager.swift; sourceTree = "<group>"; };
		500020651C90C94E0074E3C7 /* DescriptorManagerArchiver.swift */ = {isa = PBXFileReference; fileEncoding = 4; lastKnownFileType = sourcecode.swift; path = DescriptorManagerArchiver.swift; sourceTree = "<group>"; };
		500020661C90C94E0074E3C7 /* DescriptorManagerDelegate.swift */ = {isa = PBXFileReference; fileEncoding = 4; lastKnownFileType = sourcecode.swift; path = DescriptorManagerDelegate.swift; sourceTree = "<group>"; };
		500020671C90C94E0074E3C7 /* KeyedArchiver.swift */ = {isa = PBXFileReference; fileEncoding = 4; lastKnownFileType = sourcecode.swift; path = KeyedArchiver.swift; sourceTree = "<group>"; };
		500020681C90C94E0074E3C7 /* ProgressDescriptor.swift */ = {isa = PBXFileReference; fileEncoding = 4; lastKnownFileType = sourcecode.swift; path = ProgressDescriptor.swift; sourceTree = "<group>"; };
		500020691C90C94E0074E3C7 /* ReachableDescriptorManager.swift */ = {isa = PBXFileReference; fileEncoding = 4; lastKnownFileType = sourcecode.swift; path = ReachableDescriptorManager.swift; sourceTree = "<group>"; };
		5000206B1C90C94E0074E3C7 /* AFURLSessionManager+Extensions.swift */ = {isa = PBXFileReference; fileEncoding = 4; lastKnownFileType = sourcecode.swift; path = "AFURLSessionManager+Extensions.swift"; sourceTree = "<group>"; };
		5000206C1C90C94E0074E3C7 /* NSError+Extensions.swift */ = {isa = PBXFileReference; fileEncoding = 4; lastKnownFileType = sourcecode.swift; path = "NSError+Extensions.swift"; sourceTree = "<group>"; };
		5000206D1C90C94E0074E3C7 /* NSFileManager+Extensions.swift */ = {isa = PBXFileReference; fileEncoding = 4; lastKnownFileType = sourcecode.swift; path = "NSFileManager+Extensions.swift"; sourceTree = "<group>"; };
		5000206F1C90C94E0074E3C7 /* Constants.swift */ = {isa = PBXFileReference; fileEncoding = 4; lastKnownFileType = sourcecode.swift; path = Constants.swift; sourceTree = "<group>"; };
		500020701C90C94E0074E3C7 /* VimeoRequestSerializer.swift */ = {isa = PBXFileReference; fileEncoding = 4; lastKnownFileType = sourcecode.swift; path = VimeoRequestSerializer.swift; sourceTree = "<group>"; };
		500020711C90C94E0074E3C7 /* VimeoResponseSerializer.swift */ = {isa = PBXFileReference; fileEncoding = 4; lastKnownFileType = sourcecode.swift; path = VimeoResponseSerializer.swift; sourceTree = "<group>"; };
		500020721C90C94E0074E3C7 /* VimeoSessionManager.swift */ = {isa = PBXFileReference; fileEncoding = 4; lastKnownFileType = sourcecode.swift; path = VimeoSessionManager.swift; sourceTree = "<group>"; };
		500020751C90C94E0074E3C7 /* VideoDeletionManager.swift */ = {isa = PBXFileReference; fileEncoding = 4; lastKnownFileType = sourcecode.swift; path = VideoDeletionManager.swift; sourceTree = "<group>"; };
		500020761C90C94E0074E3C7 /* VideoRefreshManager.swift */ = {isa = PBXFileReference; fileEncoding = 4; lastKnownFileType = sourcecode.swift; path = VideoRefreshManager.swift; sourceTree = "<group>"; };
		500020781C90C94E0074E3C7 /* DescriptorManagerTracker.swift */ = {isa = PBXFileReference; fileEncoding = 4; lastKnownFileType = sourcecode.swift; path = DescriptorManagerTracker.swift; sourceTree = "<group>"; };
		5000207A1C90C94E0074E3C7 /* Upload1Descriptor.swift */ = {isa = PBXFileReference; fileEncoding = 4; lastKnownFileType = sourcecode.swift; path = Upload1Descriptor.swift; sourceTree = "<group>"; };
		5000207B1C90C94E0074E3C7 /* Upload1Request.swift */ = {isa = PBXFileReference; fileEncoding = 4; lastKnownFileType = sourcecode.swift; path = Upload1Request.swift; sourceTree = "<group>"; };
		5000207D1C90C94E0074E3C7 /* UploadDescriptor.swift */ = {isa = PBXFileReference; fileEncoding = 4; lastKnownFileType = sourcecode.swift; path = UploadDescriptor.swift; sourceTree = "<group>"; };
		5000207E1C90C94E0074E3C7 /* VideoDescriptor.swift */ = {isa = PBXFileReference; fileEncoding = 4; lastKnownFileType = sourcecode.swift; path = VideoDescriptor.swift; sourceTree = "<group>"; };
		5000207F1C90C94E0074E3C7 /* VideoDescriptorFailureTracker.swift */ = {isa = PBXFileReference; fileEncoding = 4; lastKnownFileType = sourcecode.swift; path = VideoDescriptorFailureTracker.swift; sourceTree = "<group>"; };
		500020811C90C94E0074E3C7 /* AFURLSessionManager+Upload.swift */ = {isa = PBXFileReference; fileEncoding = 4; lastKnownFileType = sourcecode.swift; path = "AFURLSessionManager+Upload.swift"; sourceTree = "<group>"; };
		500020821C90C94E0074E3C7 /* AVAsset+Extensions.swift */ = {isa = PBXFileReference; fileEncoding = 4; lastKnownFileType = sourcecode.swift; path = "AVAsset+Extensions.swift"; sourceTree = "<group>"; };
		500020831C90C94E0074E3C7 /* AVURLAsset+Extensions.swift */ = {isa = PBXFileReference; fileEncoding = 4; lastKnownFileType = sourcecode.swift; path = "AVURLAsset+Extensions.swift"; sourceTree = "<group>"; };
		500020841C90C94E0074E3C7 /* NSError+Upload.swift */ = {isa = PBXFileReference; fileEncoding = 4; lastKnownFileType = sourcecode.swift; path = "NSError+Upload.swift"; sourceTree = "<group>"; };
		500020851C90C94E0074E3C7 /* NSURL+Upload.swift */ = {isa = PBXFileReference; fileEncoding = 4; lastKnownFileType = sourcecode.swift; path = "NSURL+Upload.swift"; sourceTree = "<group>"; };
		500020871C90C94E0074E3C7 /* BlockTypes.swift */ = {isa = PBXFileReference; fileEncoding = 4; lastKnownFileType = sourcecode.swift; path = BlockTypes.swift; sourceTree = "<group>"; };
		500020881C90C94E0074E3C7 /* VideoSettings.swift */ = {isa = PBXFileReference; fileEncoding = 4; lastKnownFileType = sourcecode.swift; path = VideoSettings.swift; sourceTree = "<group>"; };
		5000208B1C90C94E0074E3C7 /* VimeoRequestSerializer+Upload.swift */ = {isa = PBXFileReference; fileEncoding = 4; lastKnownFileType = sourcecode.swift; path = "VimeoRequestSerializer+Upload.swift"; sourceTree = "<group>"; };
		5000208C1C90C94E0074E3C7 /* VimeoResponseSerializer+Upload.swift */ = {isa = PBXFileReference; fileEncoding = 4; lastKnownFileType = sourcecode.swift; path = "VimeoResponseSerializer+Upload.swift"; sourceTree = "<group>"; };
		5000208D1C90C94E0074E3C7 /* VimeoSessionManager+Upload.swift */ = {isa = PBXFileReference; fileEncoding = 4; lastKnownFileType = sourcecode.swift; path = "VimeoSessionManager+Upload.swift"; sourceTree = "<group>"; };
		5000208F1C90C94E0074E3C7 /* VimeoRequestSerializer+Upload2.swift */ = {isa = PBXFileReference; fileEncoding = 4; lastKnownFileType = sourcecode.swift; path = "VimeoRequestSerializer+Upload2.swift"; sourceTree = "<group>"; };
		500020901C90C94E0074E3C7 /* VimeoSessionManager+Upload2.swift */ = {isa = PBXFileReference; fileEncoding = 4; lastKnownFileType = sourcecode.swift; path = "VimeoSessionManager+Upload2.swift"; sourceTree = "<group>"; };
		500020931C90C94E0074E3C7 /* ConcurrentOperation.swift */ = {isa = PBXFileReference; fileEncoding = 4; lastKnownFileType = sourcecode.swift; path = ConcurrentOperation.swift; sourceTree = "<group>"; };
		500020941C90C94E0074E3C7 /* DeleteVideoOperation.swift */ = {isa = PBXFileReference; fileEncoding = 4; lastKnownFileType = sourcecode.swift; path = DeleteVideoOperation.swift; sourceTree = "<group>"; };
		500020951C90C94E0074E3C7 /* ExportOperation.swift */ = {isa = PBXFileReference; fileEncoding = 4; lastKnownFileType = sourcecode.swift; path = ExportOperation.swift; sourceTree = "<group>"; };
		500020961C90C94E0074E3C7 /* ExportQuotaOperation.swift */ = {isa = PBXFileReference; fileEncoding = 4; lastKnownFileType = sourcecode.swift; path = ExportQuotaOperation.swift; sourceTree = "<group>"; };
		500020981C90C94E0074E3C7 /* ALAssetExportQuotaOperation.swift */ = {isa = PBXFileReference; fileEncoding = 4; lastKnownFileType = sourcecode.swift; path = ALAssetExportQuotaOperation.swift; sourceTree = "<group>"; };
		5000209A1C90C94E0074E3C7 /* PHAssetCloudExportQuotaOperation.swift */ = {isa = PBXFileReference; fileEncoding = 4; lastKnownFileType = sourcecode.swift; path = PHAssetCloudExportQuotaOperation.swift; sourceTree = "<group>"; };
		5000209B1C90C94E0074E3C7 /* PHAssetDownloadOperation.swift */ = {isa = PBXFileReference; fileEncoding = 4; lastKnownFileType = sourcecode.swift; path = PHAssetDownloadOperation.swift; sourceTree = "<group>"; };
		5000209C1C90C94E0074E3C7 /* PHAssetExportSessionOperation.swift */ = {isa = PBXFileReference; fileEncoding = 4; lastKnownFileType = sourcecode.swift; path = PHAssetExportSessionOperation.swift; sourceTree = "<group>"; };
		5000209D1C90C94E0074E3C7 /* MeOperation.swift */ = {isa = PBXFileReference; fileEncoding = 4; lastKnownFileType = sourcecode.swift; path = MeOperation.swift; sourceTree = "<group>"; };
		5000209E1C90C94E0074E3C7 /* MeQuotaOperation.swift */ = {isa = PBXFileReference; fileEncoding = 4; lastKnownFileType = sourcecode.swift; path = MeQuotaOperation.swift; sourceTree = "<group>"; };
		5000209F1C90C94E0074E3C7 /* VideoOperation.swift */ = {isa = PBXFileReference; fileEncoding = 4; lastKnownFileType = sourcecode.swift; path = VideoOperation.swift; sourceTree = "<group>"; };
		500020A11C90C94E0074E3C7 /* CreateVideoOperation.swift */ = {isa = PBXFileReference; fileEncoding = 4; lastKnownFileType = sourcecode.swift; path = CreateVideoOperation.swift; sourceTree = "<group>"; };
		500020A21C90C94E0074E3C7 /* ExportQuotaCreateOperation.swift */ = {isa = PBXFileReference; fileEncoding = 4; lastKnownFileType = sourcecode.swift; path = ExportQuotaCreateOperation.swift; sourceTree = "<group>"; };
		500020A41C90C94E0074E3C7 /* ALAssetExportQuotaCreateOperation.swift */ = {isa = PBXFileReference; fileEncoding = 4; lastKnownFileType = sourcecode.swift; path = ALAssetExportQuotaCreateOperation.swift; sourceTree = "<group>"; };
		500020A51C90C94E0074E3C7 /* ALAssetRetryUploadOperation.swift */ = {isa = PBXFileReference; fileEncoding = 4; lastKnownFileType = sourcecode.swift; path = ALAssetRetryUploadOperation.swift; sourceTree = "<group>"; };
		500020A71C90C94E0074E3C7 /* PHAssetCloudExportQuotaCreateOperation.swift */ = {isa = PBXFileReference; fileEncoding = 4; lastKnownFileType = sourcecode.swift; path = PHAssetCloudExportQuotaCreateOperation.swift; sourceTree = "<group>"; };
		500020A81C90C94E0074E3C7 /* PHAssetRetryUploadOperation.swift */ = {isa = PBXFileReference; fileEncoding = 4; lastKnownFileType = sourcecode.swift; path = PHAssetRetryUploadOperation.swift; sourceTree = "<group>"; };
		500020A91C90C94E0074E3C7 /* RetryUploadOperation.swift */ = {isa = PBXFileReference; fileEncoding = 4; lastKnownFileType = sourcecode.swift; path = RetryUploadOperation.swift; sourceTree = "<group>"; };
		500020AB1C90C94E0074E3C7 /* DailyQuotaOperation.swift */ = {isa = PBXFileReference; fileEncoding = 4; lastKnownFileType = sourcecode.swift; path = DailyQuotaOperation.swift; sourceTree = "<group>"; };
		500020AC1C90C94E0074E3C7 /* DiskSpaceOperation.swift */ = {isa = PBXFileReference; fileEncoding = 4; lastKnownFileType = sourcecode.swift; path = DiskSpaceOperation.swift; sourceTree = "<group>"; };
		500020AD1C90C94E0074E3C7 /* WeeklyQuotaOperation.swift */ = {isa = PBXFileReference; fileEncoding = 4; lastKnownFileType = sourcecode.swift; path = WeeklyQuotaOperation.swift; sourceTree = "<group>"; };
		5043A53B1BFFA00300D70725 /* VideoSettingsViewController.swift */ = {isa = PBXFileReference; fileEncoding = 4; lastKnownFileType = sourcecode.swift; path = VideoSettingsViewController.swift; sourceTree = "<group>"; };
		5043A53C1BFFA00300D70725 /* VideoSettingsViewController.xib */ = {isa = PBXFileReference; fileEncoding = 4; lastKnownFileType = file.xib; path = VideoSettingsViewController.xib; sourceTree = "<group>"; };
		50596E0D1BE2D57700D1F8EC /* VimeoUpload-iOS-2Step.app */ = {isa = PBXFileReference; explicitFileType = wrapper.application; includeInIndex = 0; path = "VimeoUpload-iOS-2Step.app"; sourceTree = BUILT_PRODUCTS_DIR; };
		50596E101BE2D57700D1F8EC /* AppDelegate.swift */ = {isa = PBXFileReference; lastKnownFileType = sourcecode.swift; path = AppDelegate.swift; sourceTree = "<group>"; };
		50596E171BE2D57700D1F8EC /* Assets.xcassets */ = {isa = PBXFileReference; lastKnownFileType = folder.assetcatalog; path = Assets.xcassets; sourceTree = "<group>"; };
		50596E1A1BE2D57700D1F8EC /* Base */ = {isa = PBXFileReference; lastKnownFileType = file.storyboard; name = Base; path = Base.lproj/LaunchScreen.storyboard; sourceTree = "<group>"; };
		50596E1C1BE2D57700D1F8EC /* Info.plist */ = {isa = PBXFileReference; lastKnownFileType = text.plist.xml; path = Info.plist; sourceTree = "<group>"; };
		50596E211BE2D57700D1F8EC /* VimeoUpload-iOS-2StepTests.xctest */ = {isa = PBXFileReference; explicitFileType = wrapper.cfbundle; includeInIndex = 0; path = "VimeoUpload-iOS-2StepTests.xctest"; sourceTree = BUILT_PRODUCTS_DIR; };
		50596E251BE2D57700D1F8EC /* VimeoUpload_iOS_2StepTests.swift */ = {isa = PBXFileReference; lastKnownFileType = sourcecode.swift; path = VimeoUpload_iOS_2StepTests.swift; sourceTree = "<group>"; };
		50596E271BE2D57700D1F8EC /* Info.plist */ = {isa = PBXFileReference; lastKnownFileType = text.plist.xml; path = Info.plist; sourceTree = "<group>"; };
		50596E2C1BE2D57700D1F8EC /* VimeoUpload-iOS-2StepUITests.xctest */ = {isa = PBXFileReference; explicitFileType = wrapper.cfbundle; includeInIndex = 0; path = "VimeoUpload-iOS-2StepUITests.xctest"; sourceTree = BUILT_PRODUCTS_DIR; };
		50596E301BE2D57700D1F8EC /* VimeoUpload_iOS_2StepUITests.swift */ = {isa = PBXFileReference; lastKnownFileType = sourcecode.swift; path = VimeoUpload_iOS_2StepUITests.swift; sourceTree = "<group>"; };
		50596E321BE2D57700D1F8EC /* Info.plist */ = {isa = PBXFileReference; lastKnownFileType = text.plist.xml; path = Info.plist; sourceTree = "<group>"; };
		50596E821BE2D73B00D1F8EC /* Bridge.h */ = {isa = PBXFileReference; fileEncoding = 4; lastKnownFileType = sourcecode.c.h; path = Bridge.h; sourceTree = "<group>"; };
		50B49D861C1F727200D8F1A2 /* CameraRollViewController.swift */ = {isa = PBXFileReference; fileEncoding = 4; lastKnownFileType = sourcecode.swift; path = CameraRollViewController.swift; sourceTree = "<group>"; };
		7B6EC39DD3463B97A35F9BA9 /* Pods-VimeoUpload-iOS-2StepTests.release.xcconfig */ = {isa = PBXFileReference; includeInIndex = 1; lastKnownFileType = text.xcconfig; name = "Pods-VimeoUpload-iOS-2StepTests.release.xcconfig"; path = "../../Pods/Target Support Files/Pods-VimeoUpload-iOS-2StepTests/Pods-VimeoUpload-iOS-2StepTests.release.xcconfig"; sourceTree = "<group>"; };
		8640E9F148A1862658648F22 /* libPods-VimeoUpload-iOS-2StepTests.a */ = {isa = PBXFileReference; explicitFileType = archive.ar; includeInIndex = 0; path = "libPods-VimeoUpload-iOS-2StepTests.a"; sourceTree = BUILT_PRODUCTS_DIR; };
		9E662F4DDBB2BB74BAD10498 /* Pods-VimeoUpload-iOS-2StepTests.debug.xcconfig */ = {isa = PBXFileReference; includeInIndex = 1; lastKnownFileType = text.xcconfig; name = "Pods-VimeoUpload-iOS-2StepTests.debug.xcconfig"; path = "../../Pods/Target Support Files/Pods-VimeoUpload-iOS-2StepTests/Pods-VimeoUpload-iOS-2StepTests.debug.xcconfig"; sourceTree = "<group>"; };
		A8CE30D50032A439E683358C /* Pods-VimeoUpload-iOS-2StepUITests.release.xcconfig */ = {isa = PBXFileReference; includeInIndex = 1; lastKnownFileType = text.xcconfig; name = "Pods-VimeoUpload-iOS-2StepUITests.release.xcconfig"; path = "../../Pods/Target Support Files/Pods-VimeoUpload-iOS-2StepUITests/Pods-VimeoUpload-iOS-2StepUITests.release.xcconfig"; sourceTree = "<group>"; };
		AD9B966673E730435A54B685 /* Pods-VimeoUpload-iOS-2Step.release.xcconfig */ = {isa = PBXFileReference; includeInIndex = 1; lastKnownFileType = text.xcconfig; name = "Pods-VimeoUpload-iOS-2Step.release.xcconfig"; path = "../../Pods/Target Support Files/Pods-VimeoUpload-iOS-2Step/Pods-VimeoUpload-iOS-2Step.release.xcconfig"; sourceTree = "<group>"; };
		AE9093CABDD62D4AC6CB7F27 /* libPods-VimeoUpload-iOS-2Step.a */ = {isa = PBXFileReference; explicitFileType = archive.ar; includeInIndex = 0; path = "libPods-VimeoUpload-iOS-2Step.a"; sourceTree = BUILT_PRODUCTS_DIR; };
		AF34DB681BE721150094D1F8 /* MyVideosViewController.swift */ = {isa = PBXFileReference; fileEncoding = 4; lastKnownFileType = sourcecode.swift; path = MyVideosViewController.swift; sourceTree = "<group>"; };
		AF34DB691BE721150094D1F8 /* MyVideosViewController.xib */ = {isa = PBXFileReference; fileEncoding = 4; lastKnownFileType = file.xib; path = MyVideosViewController.xib; sourceTree = "<group>"; };
		AFF28EC11C03D52900258476 /* VideoCell.swift */ = {isa = PBXFileReference; fileEncoding = 4; lastKnownFileType = sourcecode.swift; path = VideoCell.swift; sourceTree = "<group>"; };
		AFF28EC21C03D52900258476 /* VideoCell.xib */ = {isa = PBXFileReference; fileEncoding = 4; lastKnownFileType = file.xib; path = VideoCell.xib; sourceTree = "<group>"; };
		AFF28EC41C03D52900258476 /* UploadManager.swift */ = {isa = PBXFileReference; fileEncoding = 4; lastKnownFileType = sourcecode.swift; path = UploadManager.swift; sourceTree = "<group>"; };
		B3EC29A4D46E1F80F673DE25 /* Pods-VimeoUpload-iOS-2Step.debug.xcconfig */ = {isa = PBXFileReference; includeInIndex = 1; lastKnownFileType = text.xcconfig; name = "Pods-VimeoUpload-iOS-2Step.debug.xcconfig"; path = "../../Pods/Target Support Files/Pods-VimeoUpload-iOS-2Step/Pods-VimeoUpload-iOS-2Step.debug.xcconfig"; sourceTree = "<group>"; };
		B6AD3F7286FDE891B381D743 /* libPods-VimeoUpload-iOS-2StepUITests.a */ = {isa = PBXFileReference; explicitFileType = archive.ar; includeInIndex = 0; path = "libPods-VimeoUpload-iOS-2StepUITests.a"; sourceTree = BUILT_PRODUCTS_DIR; };
		C7FCF0EF6EEF2391C32EE01C /* Pods-VimeoUpload-iOS-2StepUITests.debug.xcconfig */ = {isa = PBXFileReference; includeInIndex = 1; lastKnownFileType = text.xcconfig; name = "Pods-VimeoUpload-iOS-2StepUITests.debug.xcconfig"; path = "../../Pods/Target Support Files/Pods-VimeoUpload-iOS-2StepUITests/Pods-VimeoUpload-iOS-2StepUITests.debug.xcconfig"; sourceTree = "<group>"; };
/* End PBXFileReference section */

/* Begin PBXFrameworksBuildPhase section */
		50596E0A1BE2D57700D1F8EC /* Frameworks */ = {
			isa = PBXFrameworksBuildPhase;
			buildActionMask = 2147483647;
			files = (
				89E4C504BCC067775EC1FC82 /* libPods-VimeoUpload-iOS-2Step.a in Frameworks */,
			);
			runOnlyForDeploymentPostprocessing = 0;
		};
		50596E1E1BE2D57700D1F8EC /* Frameworks */ = {
			isa = PBXFrameworksBuildPhase;
			buildActionMask = 2147483647;
			files = (
				D51F65F7E8D8FCFD5F412228 /* libPods-VimeoUpload-iOS-2StepTests.a in Frameworks */,
			);
			runOnlyForDeploymentPostprocessing = 0;
		};
		50596E291BE2D57700D1F8EC /* Frameworks */ = {
			isa = PBXFrameworksBuildPhase;
			buildActionMask = 2147483647;
			files = (
				29B7A31D564C0E4623DE4D3D /* libPods-VimeoUpload-iOS-2StepUITests.a in Frameworks */,
			);
			runOnlyForDeploymentPostprocessing = 0;
		};
/* End PBXFrameworksBuildPhase section */

/* Begin PBXGroup section */
		27B98461DEF34F71F190A8E2 /* Frameworks */ = {
			isa = PBXGroup;
			children = (
				AE9093CABDD62D4AC6CB7F27 /* libPods-VimeoUpload-iOS-2Step.a */,
				8640E9F148A1862658648F22 /* libPods-VimeoUpload-iOS-2StepTests.a */,
				B6AD3F7286FDE891B381D743 /* libPods-VimeoUpload-iOS-2StepUITests.a */,
			);
			name = Frameworks;
			sourceTree = "<group>";
		};
		50001DE41C908E620074E3C7 /* VimeoUpload+Demos */ = {
			isa = PBXGroup;
			children = (
				50001DE51C908E620074E3C7 /* Cells */,
				50001DE81C908E620074E3C7 /* Controllers */,
				50001DEA1C908E620074E3C7 /* ViewControllers */,
			);
			name = "VimeoUpload+Demos";
			path = "../../../VimeoUpload+Demos";
			sourceTree = "<group>";
		};
		50001DE51C908E620074E3C7 /* Cells */ = {
			isa = PBXGroup;
			children = (
				50001DE61C908E620074E3C7 /* DemoCameraRollCell.swift */,
				50001DE71C908E620074E3C7 /* DemoCameraRollCell.xib */,
			);
			path = Cells;
			sourceTree = "<group>";
		};
		50001DE81C908E620074E3C7 /* Controllers */ = {
			isa = PBXGroup;
			children = (
				50001DE91C908E620074E3C7 /* ForegroundSessionManager.swift */,
			);
			path = Controllers;
			sourceTree = "<group>";
		};
		50001DEA1C908E620074E3C7 /* ViewControllers */ = {
			isa = PBXGroup;
			children = (
				50001DEB1C908E620074E3C7 /* BaseCameraRollViewController.swift */,
				50001DEC1C908E620074E3C7 /* BaseCameraRollViewController.xib */,
			);
			path = ViewControllers;
			sourceTree = "<group>";
		};
		50001DED1C908E620074E3C7 /* VimeoUpload+UIKit */ = {
			isa = PBXGroup;
			children = (
				50001DEE1C908E620074E3C7 /* ALAssetHelper.swift */,
				50001DEF1C908E620074E3C7 /* CameraRollAssetCell.swift */,
				50001DF01C908E620074E3C7 /* CameraRollAssetHelper.swift */,
				50001DF11C908E620074E3C7 /* Extensions */,
				50001DF31C908E620074E3C7 /* Model */,
				50001DF71C908E620074E3C7 /* PHAssetHelper.swift */,
			);
			name = "VimeoUpload+UIKit";
			path = "../../../VimeoUpload+UIKit";
			sourceTree = "<group>";
		};
		50001DF11C908E620074E3C7 /* Extensions */ = {
			isa = PBXGroup;
			children = (
				50001DF21C908E620074E3C7 /* NSString+Conversions.swift */,
			);
			path = Extensions;
			sourceTree = "<group>";
		};
		50001DF31C908E620074E3C7 /* Model */ = {
			isa = PBXGroup;
			children = (
				50001DF41C908E620074E3C7 /* CameraRollAsset.swift */,
				50001DF51C908E620074E3C7 /* VIMALAsset.swift */,
				50001DF61C908E620074E3C7 /* VIMPHAsset.swift */,
			);
			path = Model;
			sourceTree = "<group>";
		};
		5000205F1C90C94E0074E3C7 /* VimeoUpload */ = {
			isa = PBXGroup;
			children = (
				500020601C90C94E0074E3C7 /* Descriptor System */,
				5000206A1C90C94E0074E3C7 /* Extensions */,
				5000206E1C90C94E0074E3C7 /* Networking */,
				500020731C90C94E0074E3C7 /* Upload */,
			);
			name = VimeoUpload;
			path = ../../../VimeoUpload;
			sourceTree = "<group>";
		};
		500020601C90C94E0074E3C7 /* Descriptor System */ = {
			isa = PBXGroup;
			children = (
				500020611C90C94E0074E3C7 /* ArchiverProtocol.swift */,
				500020621C90C94E0074E3C7 /* ConnectivityManager.swift */,
				500020631C90C94E0074E3C7 /* Descriptor.swift */,
				500020641C90C94E0074E3C7 /* DescriptorManager.swift */,
				500020651C90C94E0074E3C7 /* DescriptorManagerArchiver.swift */,
				500020661C90C94E0074E3C7 /* DescriptorManagerDelegate.swift */,
				500020671C90C94E0074E3C7 /* KeyedArchiver.swift */,
				500020681C90C94E0074E3C7 /* ProgressDescriptor.swift */,
				500020691C90C94E0074E3C7 /* ReachableDescriptorManager.swift */,
			);
			path = "Descriptor System";
			sourceTree = "<group>";
		};
		5000206A1C90C94E0074E3C7 /* Extensions */ = {
			isa = PBXGroup;
			children = (
				5000206B1C90C94E0074E3C7 /* AFURLSessionManager+Extensions.swift */,
				5000206C1C90C94E0074E3C7 /* NSError+Extensions.swift */,
				5000206D1C90C94E0074E3C7 /* NSFileManager+Extensions.swift */,
			);
			path = Extensions;
			sourceTree = "<group>";
		};
		5000206E1C90C94E0074E3C7 /* Networking */ = {
			isa = PBXGroup;
			children = (
				5000206F1C90C94E0074E3C7 /* Constants.swift */,
				500020701C90C94E0074E3C7 /* VimeoRequestSerializer.swift */,
				500020711C90C94E0074E3C7 /* VimeoResponseSerializer.swift */,
				500020721C90C94E0074E3C7 /* VimeoSessionManager.swift */,
			);
			path = Networking;
			sourceTree = "<group>";
		};
		500020731C90C94E0074E3C7 /* Upload */ = {
			isa = PBXGroup;
			children = (
				500020741C90C94E0074E3C7 /* Controllers */,
				500020771C90C94E0074E3C7 /* Descriptor System */,
				500020801C90C94E0074E3C7 /* Extensions */,
				500020861C90C94E0074E3C7 /* Model */,
				500020891C90C94E0074E3C7 /* Networking */,
				500020911C90C94E0074E3C7 /* Operations */,
			);
			path = Upload;
			sourceTree = "<group>";
		};
		500020741C90C94E0074E3C7 /* Controllers */ = {
			isa = PBXGroup;
			children = (
				500020751C90C94E0074E3C7 /* VideoDeletionManager.swift */,
				500020761C90C94E0074E3C7 /* VideoRefreshManager.swift */,
			);
			path = Controllers;
			sourceTree = "<group>";
		};
		500020771C90C94E0074E3C7 /* Descriptor System */ = {
			isa = PBXGroup;
			children = (
				500020781C90C94E0074E3C7 /* DescriptorManagerTracker.swift */,
				500020791C90C94E0074E3C7 /* Upload1 */,
				5000207C1C90C94E0074E3C7 /* Upload2 */,
				5000207E1C90C94E0074E3C7 /* VideoDescriptor.swift */,
				5000207F1C90C94E0074E3C7 /* VideoDescriptorFailureTracker.swift */,
			);
			path = "Descriptor System";
			sourceTree = "<group>";
		};
		500020791C90C94E0074E3C7 /* Upload1 */ = {
			isa = PBXGroup;
			children = (
				5000207A1C90C94E0074E3C7 /* Upload1Descriptor.swift */,
				5000207B1C90C94E0074E3C7 /* Upload1Request.swift */,
			);
			path = Upload1;
			sourceTree = "<group>";
		};
		5000207C1C90C94E0074E3C7 /* Upload2 */ = {
			isa = PBXGroup;
			children = (
				5000207D1C90C94E0074E3C7 /* UploadDescriptor.swift */,
			);
			path = Upload2;
			sourceTree = "<group>";
		};
		500020801C90C94E0074E3C7 /* Extensions */ = {
			isa = PBXGroup;
			children = (
				500020811C90C94E0074E3C7 /* AFURLSessionManager+Upload.swift */,
				500020821C90C94E0074E3C7 /* AVAsset+Extensions.swift */,
				500020831C90C94E0074E3C7 /* AVURLAsset+Extensions.swift */,
				500020841C90C94E0074E3C7 /* NSError+Upload.swift */,
				500020851C90C94E0074E3C7 /* NSURL+Upload.swift */,
			);
			path = Extensions;
			sourceTree = "<group>";
		};
		500020861C90C94E0074E3C7 /* Model */ = {
			isa = PBXGroup;
			children = (
				500020871C90C94E0074E3C7 /* BlockTypes.swift */,
				500020881C90C94E0074E3C7 /* VideoSettings.swift */,
			);
			path = Model;
			sourceTree = "<group>";
		};
		500020891C90C94E0074E3C7 /* Networking */ = {
			isa = PBXGroup;
			children = (
				5000208A1C90C94E0074E3C7 /* Upload1 */,
				5000208E1C90C94E0074E3C7 /* Upload2 */,
			);
			path = Networking;
			sourceTree = "<group>";
		};
		5000208A1C90C94E0074E3C7 /* Upload1 */ = {
			isa = PBXGroup;
			children = (
				5000208B1C90C94E0074E3C7 /* VimeoRequestSerializer+Upload.swift */,
				5000208C1C90C94E0074E3C7 /* VimeoResponseSerializer+Upload.swift */,
				5000208D1C90C94E0074E3C7 /* VimeoSessionManager+Upload.swift */,
			);
			path = Upload1;
			sourceTree = "<group>";
		};
		5000208E1C90C94E0074E3C7 /* Upload2 */ = {
			isa = PBXGroup;
			children = (
				5000208F1C90C94E0074E3C7 /* VimeoRequestSerializer+Upload2.swift */,
				500020901C90C94E0074E3C7 /* VimeoSessionManager+Upload2.swift */,
			);
			path = Upload2;
			sourceTree = "<group>";
		};
		500020911C90C94E0074E3C7 /* Operations */ = {
			isa = PBXGroup;
			children = (
				500020921C90C94E0074E3C7 /* Async */,
				500020A01C90C94E0074E3C7 /* Private */,
				500020AA1C90C94E0074E3C7 /* Sync */,
			);
			path = Operations;
			sourceTree = "<group>";
		};
		500020921C90C94E0074E3C7 /* Async */ = {
			isa = PBXGroup;
			children = (
				500020931C90C94E0074E3C7 /* ConcurrentOperation.swift */,
				500020941C90C94E0074E3C7 /* DeleteVideoOperation.swift */,
				500020951C90C94E0074E3C7 /* ExportOperation.swift */,
				500020961C90C94E0074E3C7 /* ExportQuotaOperation.swift */,
				500020971C90C94E0074E3C7 /* iOS7 */,
				500020991C90C94E0074E3C7 /* iOS8 */,
				5000209D1C90C94E0074E3C7 /* MeOperation.swift */,
				5000209E1C90C94E0074E3C7 /* MeQuotaOperation.swift */,
				5000209F1C90C94E0074E3C7 /* VideoOperation.swift */,
			);
			path = Async;
			sourceTree = "<group>";
		};
		500020971C90C94E0074E3C7 /* iOS7 */ = {
			isa = PBXGroup;
			children = (
				500020981C90C94E0074E3C7 /* ALAssetExportQuotaOperation.swift */,
			);
			path = iOS7;
			sourceTree = "<group>";
		};
		500020991C90C94E0074E3C7 /* iOS8 */ = {
			isa = PBXGroup;
			children = (
				5000209A1C90C94E0074E3C7 /* PHAssetCloudExportQuotaOperation.swift */,
				5000209B1C90C94E0074E3C7 /* PHAssetDownloadOperation.swift */,
				5000209C1C90C94E0074E3C7 /* PHAssetExportSessionOperation.swift */,
			);
			path = iOS8;
			sourceTree = "<group>";
		};
		500020A01C90C94E0074E3C7 /* Private */ = {
			isa = PBXGroup;
			children = (
				500020A11C90C94E0074E3C7 /* CreateVideoOperation.swift */,
				500020A21C90C94E0074E3C7 /* ExportQuotaCreateOperation.swift */,
				500020A31C90C94E0074E3C7 /* iOS7 */,
				500020A61C90C94E0074E3C7 /* iOS8 */,
				500020A91C90C94E0074E3C7 /* RetryUploadOperation.swift */,
			);
			path = Private;
			sourceTree = "<group>";
		};
		500020A31C90C94E0074E3C7 /* iOS7 */ = {
			isa = PBXGroup;
			children = (
				500020A41C90C94E0074E3C7 /* ALAssetExportQuotaCreateOperation.swift */,
				500020A51C90C94E0074E3C7 /* ALAssetRetryUploadOperation.swift */,
			);
			path = iOS7;
			sourceTree = "<group>";
		};
		500020A61C90C94E0074E3C7 /* iOS8 */ = {
			isa = PBXGroup;
			children = (
				500020A71C90C94E0074E3C7 /* PHAssetCloudExportQuotaCreateOperation.swift */,
				500020A81C90C94E0074E3C7 /* PHAssetRetryUploadOperation.swift */,
			);
			path = iOS8;
			sourceTree = "<group>";
		};
		500020AA1C90C94E0074E3C7 /* Sync */ = {
			isa = PBXGroup;
			children = (
				500020AB1C90C94E0074E3C7 /* DailyQuotaOperation.swift */,
				500020AC1C90C94E0074E3C7 /* DiskSpaceOperation.swift */,
				500020AD1C90C94E0074E3C7 /* WeeklyQuotaOperation.swift */,
			);
			path = Sync;
			sourceTree = "<group>";
		};
		50596E041BE2D57700D1F8EC = {
			isa = PBXGroup;
			children = (
				50596E0F1BE2D57700D1F8EC /* VimeoUpload-iOS-2Step */,
				50596E241BE2D57700D1F8EC /* VimeoUpload-iOS-2StepTests */,
				50596E2F1BE2D57700D1F8EC /* VimeoUpload-iOS-2StepUITests */,
				50596E0E1BE2D57700D1F8EC /* Products */,
				6F1728DAD558F90CF4F176AE /* Pods */,
				27B98461DEF34F71F190A8E2 /* Frameworks */,
			);
			sourceTree = "<group>";
		};
		50596E0E1BE2D57700D1F8EC /* Products */ = {
			isa = PBXGroup;
			children = (
				50596E0D1BE2D57700D1F8EC /* VimeoUpload-iOS-2Step.app */,
				50596E211BE2D57700D1F8EC /* VimeoUpload-iOS-2StepTests.xctest */,
				50596E2C1BE2D57700D1F8EC /* VimeoUpload-iOS-2StepUITests.xctest */,
			);
			name = Products;
			sourceTree = "<group>";
		};
		50596E0F1BE2D57700D1F8EC /* VimeoUpload-iOS-2Step */ = {
			isa = PBXGroup;
			children = (
				50596E101BE2D57700D1F8EC /* AppDelegate.swift */,
				5000205F1C90C94E0074E3C7 /* VimeoUpload */,
				50001DE41C908E620074E3C7 /* VimeoUpload+Demos */,
				50001DED1C908E620074E3C7 /* VimeoUpload+UIKit */,
				AFF28EC31C03D52900258476 /* Controllers */,
				AFF28EC01C03D52900258476 /* Cells */,
				AF34DB651BE721150094D1F8 /* ViewControllers */,
				50596E171BE2D57700D1F8EC /* Assets.xcassets */,
				50596E191BE2D57700D1F8EC /* LaunchScreen.storyboard */,
				50596E821BE2D73B00D1F8EC /* Bridge.h */,
				50596E1C1BE2D57700D1F8EC /* Info.plist */,
			);
			path = "VimeoUpload-iOS-2Step";
			sourceTree = "<group>";
		};
		50596E241BE2D57700D1F8EC /* VimeoUpload-iOS-2StepTests */ = {
			isa = PBXGroup;
			children = (
				50596E251BE2D57700D1F8EC /* VimeoUpload_iOS_2StepTests.swift */,
				50596E271BE2D57700D1F8EC /* Info.plist */,
			);
			path = "VimeoUpload-iOS-2StepTests";
			sourceTree = "<group>";
		};
		50596E2F1BE2D57700D1F8EC /* VimeoUpload-iOS-2StepUITests */ = {
			isa = PBXGroup;
			children = (
				50596E301BE2D57700D1F8EC /* VimeoUpload_iOS_2StepUITests.swift */,
				50596E321BE2D57700D1F8EC /* Info.plist */,
			);
			path = "VimeoUpload-iOS-2StepUITests";
			sourceTree = "<group>";
		};
		6F1728DAD558F90CF4F176AE /* Pods */ = {
			isa = PBXGroup;
			children = (
				B3EC29A4D46E1F80F673DE25 /* Pods-VimeoUpload-iOS-2Step.debug.xcconfig */,
				AD9B966673E730435A54B685 /* Pods-VimeoUpload-iOS-2Step.release.xcconfig */,
				9E662F4DDBB2BB74BAD10498 /* Pods-VimeoUpload-iOS-2StepTests.debug.xcconfig */,
				7B6EC39DD3463B97A35F9BA9 /* Pods-VimeoUpload-iOS-2StepTests.release.xcconfig */,
				C7FCF0EF6EEF2391C32EE01C /* Pods-VimeoUpload-iOS-2StepUITests.debug.xcconfig */,
				A8CE30D50032A439E683358C /* Pods-VimeoUpload-iOS-2StepUITests.release.xcconfig */,
			);
			name = Pods;
			sourceTree = "<group>";
		};
		AF34DB651BE721150094D1F8 /* ViewControllers */ = {
			isa = PBXGroup;
			children = (
				AF34DB681BE721150094D1F8 /* MyVideosViewController.swift */,
				AF34DB691BE721150094D1F8 /* MyVideosViewController.xib */,
				50B49D861C1F727200D8F1A2 /* CameraRollViewController.swift */,
				5043A53B1BFFA00300D70725 /* VideoSettingsViewController.swift */,
				5043A53C1BFFA00300D70725 /* VideoSettingsViewController.xib */,
			);
			path = ViewControllers;
			sourceTree = "<group>";
		};
		AFF28EC01C03D52900258476 /* Cells */ = {
			isa = PBXGroup;
			children = (
				AFF28EC11C03D52900258476 /* VideoCell.swift */,
				AFF28EC21C03D52900258476 /* VideoCell.xib */,
			);
			path = Cells;
			sourceTree = "<group>";
		};
		AFF28EC31C03D52900258476 /* Controllers */ = {
			isa = PBXGroup;
			children = (
				AFF28EC41C03D52900258476 /* UploadManager.swift */,
			);
			path = Controllers;
			sourceTree = "<group>";
		};
/* End PBXGroup section */

/* Begin PBXNativeTarget section */
		50596E0C1BE2D57700D1F8EC /* VimeoUpload-iOS-2Step */ = {
			isa = PBXNativeTarget;
			buildConfigurationList = 50596E351BE2D57700D1F8EC /* Build configuration list for PBXNativeTarget "VimeoUpload-iOS-2Step" */;
			buildPhases = (
				EB67697BA5050EA4881B7678 /* Check Pods Manifest.lock */,
				50596E091BE2D57700D1F8EC /* Sources */,
				50596E0A1BE2D57700D1F8EC /* Frameworks */,
				50596E0B1BE2D57700D1F8EC /* Resources */,
				D9E63FBD1487ED9CA21E5019 /* Embed Pods Frameworks */,
				E9E85C346BAD795198EE2798 /* Copy Pods Resources */,
			);
			buildRules = (
			);
			dependencies = (
			);
			name = "VimeoUpload-iOS-2Step";
			productName = "VimeoUpload-iOS-2Step";
			productReference = 50596E0D1BE2D57700D1F8EC /* VimeoUpload-iOS-2Step.app */;
			productType = "com.apple.product-type.application";
		};
		50596E201BE2D57700D1F8EC /* VimeoUpload-iOS-2StepTests */ = {
			isa = PBXNativeTarget;
			buildConfigurationList = 50596E381BE2D57700D1F8EC /* Build configuration list for PBXNativeTarget "VimeoUpload-iOS-2StepTests" */;
			buildPhases = (
				E311C56070E04232F854FBDD /* Check Pods Manifest.lock */,
				50596E1D1BE2D57700D1F8EC /* Sources */,
				50596E1E1BE2D57700D1F8EC /* Frameworks */,
				50596E1F1BE2D57700D1F8EC /* Resources */,
				1AC91CC9D654DAC26BC5AA33 /* Embed Pods Frameworks */,
				556F816112E1E9B6E25A64F8 /* Copy Pods Resources */,
			);
			buildRules = (
			);
			dependencies = (
				50596E231BE2D57700D1F8EC /* PBXTargetDependency */,
			);
			name = "VimeoUpload-iOS-2StepTests";
			productName = "VimeoUpload-iOS-2StepTests";
			productReference = 50596E211BE2D57700D1F8EC /* VimeoUpload-iOS-2StepTests.xctest */;
			productType = "com.apple.product-type.bundle.unit-test";
		};
		50596E2B1BE2D57700D1F8EC /* VimeoUpload-iOS-2StepUITests */ = {
			isa = PBXNativeTarget;
			buildConfigurationList = 50596E3B1BE2D57700D1F8EC /* Build configuration list for PBXNativeTarget "VimeoUpload-iOS-2StepUITests" */;
			buildPhases = (
				A1BCDFE59685AF8384F85D2A /* Check Pods Manifest.lock */,
				50596E281BE2D57700D1F8EC /* Sources */,
				50596E291BE2D57700D1F8EC /* Frameworks */,
				50596E2A1BE2D57700D1F8EC /* Resources */,
				E6FBCC9D75675F63FDC7B523 /* Copy Pods Resources */,
			);
			buildRules = (
			);
			dependencies = (
				50596E2E1BE2D57700D1F8EC /* PBXTargetDependency */,
			);
			name = "VimeoUpload-iOS-2StepUITests";
			productName = "VimeoUpload-iOS-2StepUITests";
			productReference = 50596E2C1BE2D57700D1F8EC /* VimeoUpload-iOS-2StepUITests.xctest */;
			productType = "com.apple.product-type.bundle.ui-testing";
		};
/* End PBXNativeTarget section */

/* Begin PBXProject section */
		50596E051BE2D57700D1F8EC /* Project object */ = {
			isa = PBXProject;
			attributes = {
				LastSwiftUpdateCheck = 0710;
				LastUpgradeCheck = 0710;
				ORGANIZATIONNAME = Vimeo;
				TargetAttributes = {
					50596E0C1BE2D57700D1F8EC = {
						CreatedOnToolsVersion = 7.1;
						DevelopmentTeam = 35R365FS4Q;
					};
					50596E201BE2D57700D1F8EC = {
						CreatedOnToolsVersion = 7.1;
						TestTargetID = 50596E0C1BE2D57700D1F8EC;
					};
					50596E2B1BE2D57700D1F8EC = {
						CreatedOnToolsVersion = 7.1;
						TestTargetID = 50596E0C1BE2D57700D1F8EC;
					};
				};
			};
			buildConfigurationList = 50596E081BE2D57700D1F8EC /* Build configuration list for PBXProject "VimeoUpload-iOS-2Step" */;
			compatibilityVersion = "Xcode 3.2";
			developmentRegion = English;
			hasScannedForEncodings = 0;
			knownRegions = (
				en,
				Base,
			);
			mainGroup = 50596E041BE2D57700D1F8EC;
			productRefGroup = 50596E0E1BE2D57700D1F8EC /* Products */;
			projectDirPath = "";
			projectRoot = "";
			targets = (
				50596E0C1BE2D57700D1F8EC /* VimeoUpload-iOS-2Step */,
				50596E201BE2D57700D1F8EC /* VimeoUpload-iOS-2StepTests */,
				50596E2B1BE2D57700D1F8EC /* VimeoUpload-iOS-2StepUITests */,
			);
		};
/* End PBXProject section */

/* Begin PBXResourcesBuildPhase section */
		50596E0B1BE2D57700D1F8EC /* Resources */ = {
			isa = PBXResourcesBuildPhase;
			buildActionMask = 2147483647;
			files = (
				50596E1B1BE2D57700D1F8EC /* LaunchScreen.storyboard in Resources */,
				AFF28EC61C03D52900258476 /* VideoCell.xib in Resources */,
				AF34DB711BE721150094D1F8 /* MyVideosViewController.xib in Resources */,
				5043A5401BFFA00300D70725 /* VideoSettingsViewController.xib in Resources */,
				50001DF91C908E620074E3C7 /* DemoCameraRollCell.xib in Resources */,
				50596E181BE2D57700D1F8EC /* Assets.xcassets in Resources */,
				50001DFC1C908E620074E3C7 /* BaseCameraRollViewController.xib in Resources */,
			);
			runOnlyForDeploymentPostprocessing = 0;
		};
		50596E1F1BE2D57700D1F8EC /* Resources */ = {
			isa = PBXResourcesBuildPhase;
			buildActionMask = 2147483647;
			files = (
			);
			runOnlyForDeploymentPostprocessing = 0;
		};
		50596E2A1BE2D57700D1F8EC /* Resources */ = {
			isa = PBXResourcesBuildPhase;
			buildActionMask = 2147483647;
			files = (
			);
			runOnlyForDeploymentPostprocessing = 0;
		};
/* End PBXResourcesBuildPhase section */

/* Begin PBXShellScriptBuildPhase section */
		1AC91CC9D654DAC26BC5AA33 /* Embed Pods Frameworks */ = {
			isa = PBXShellScriptBuildPhase;
			buildActionMask = 2147483647;
			files = (
			);
			inputPaths = (
			);
			name = "Embed Pods Frameworks";
			outputPaths = (
			);
			runOnlyForDeploymentPostprocessing = 0;
			shellPath = /bin/sh;
			shellScript = "\"${SRCROOT}/../../Pods/Target Support Files/Pods-VimeoUpload-iOS-2StepTests/Pods-VimeoUpload-iOS-2StepTests-frameworks.sh\"\n";
			showEnvVarsInLog = 0;
		};
		556F816112E1E9B6E25A64F8 /* Copy Pods Resources */ = {
			isa = PBXShellScriptBuildPhase;
			buildActionMask = 2147483647;
			files = (
			);
			inputPaths = (
			);
			name = "Copy Pods Resources";
			outputPaths = (
			);
			runOnlyForDeploymentPostprocessing = 0;
			shellPath = /bin/sh;
			shellScript = "\"${SRCROOT}/../../Pods/Target Support Files/Pods-VimeoUpload-iOS-2StepTests/Pods-VimeoUpload-iOS-2StepTests-resources.sh\"\n";
			showEnvVarsInLog = 0;
		};
		A1BCDFE59685AF8384F85D2A /* Check Pods Manifest.lock */ = {
			isa = PBXShellScriptBuildPhase;
			buildActionMask = 2147483647;
			files = (
			);
			inputPaths = (
			);
			name = "Check Pods Manifest.lock";
			outputPaths = (
			);
			runOnlyForDeploymentPostprocessing = 0;
			shellPath = /bin/sh;
			shellScript = "diff \"${PODS_ROOT}/../Podfile.lock\" \"${PODS_ROOT}/Manifest.lock\" > /dev/null\nif [[ $? != 0 ]] ; then\n    cat << EOM\nerror: The sandbox is not in sync with the Podfile.lock. Run 'pod install' or update your CocoaPods installation.\nEOM\n    exit 1\nfi\n";
			showEnvVarsInLog = 0;
		};
		D9E63FBD1487ED9CA21E5019 /* Embed Pods Frameworks */ = {
			isa = PBXShellScriptBuildPhase;
			buildActionMask = 2147483647;
			files = (
			);
			inputPaths = (
			);
			name = "Embed Pods Frameworks";
			outputPaths = (
			);
			runOnlyForDeploymentPostprocessing = 0;
			shellPath = /bin/sh;
			shellScript = "\"${SRCROOT}/../../Pods/Target Support Files/Pods-VimeoUpload-iOS-2Step/Pods-VimeoUpload-iOS-2Step-frameworks.sh\"\n";
			showEnvVarsInLog = 0;
		};
		E311C56070E04232F854FBDD /* Check Pods Manifest.lock */ = {
			isa = PBXShellScriptBuildPhase;
			buildActionMask = 2147483647;
			files = (
			);
			inputPaths = (
			);
			name = "Check Pods Manifest.lock";
			outputPaths = (
			);
			runOnlyForDeploymentPostprocessing = 0;
			shellPath = /bin/sh;
			shellScript = "diff \"${PODS_ROOT}/../Podfile.lock\" \"${PODS_ROOT}/Manifest.lock\" > /dev/null\nif [[ $? != 0 ]] ; then\n    cat << EOM\nerror: The sandbox is not in sync with the Podfile.lock. Run 'pod install' or update your CocoaPods installation.\nEOM\n    exit 1\nfi\n";
			showEnvVarsInLog = 0;
		};
		E6FBCC9D75675F63FDC7B523 /* Copy Pods Resources */ = {
			isa = PBXShellScriptBuildPhase;
			buildActionMask = 2147483647;
			files = (
			);
			inputPaths = (
			);
			name = "Copy Pods Resources";
			outputPaths = (
			);
			runOnlyForDeploymentPostprocessing = 0;
			shellPath = /bin/sh;
			shellScript = "\"${SRCROOT}/../../Pods/Target Support Files/Pods-VimeoUpload-iOS-2StepUITests/Pods-VimeoUpload-iOS-2StepUITests-resources.sh\"\n";
			showEnvVarsInLog = 0;
		};
		E9E85C346BAD795198EE2798 /* Copy Pods Resources */ = {
			isa = PBXShellScriptBuildPhase;
			buildActionMask = 2147483647;
			files = (
			);
			inputPaths = (
			);
			name = "Copy Pods Resources";
			outputPaths = (
			);
			runOnlyForDeploymentPostprocessing = 0;
			shellPath = /bin/sh;
			shellScript = "\"${SRCROOT}/../../Pods/Target Support Files/Pods-VimeoUpload-iOS-2Step/Pods-VimeoUpload-iOS-2Step-resources.sh\"\n";
			showEnvVarsInLog = 0;
		};
		EB67697BA5050EA4881B7678 /* Check Pods Manifest.lock */ = {
			isa = PBXShellScriptBuildPhase;
			buildActionMask = 2147483647;
			files = (
			);
			inputPaths = (
			);
			name = "Check Pods Manifest.lock";
			outputPaths = (
			);
			runOnlyForDeploymentPostprocessing = 0;
			shellPath = /bin/sh;
			shellScript = "diff \"${PODS_ROOT}/../Podfile.lock\" \"${PODS_ROOT}/Manifest.lock\" > /dev/null\nif [[ $? != 0 ]] ; then\n    cat << EOM\nerror: The sandbox is not in sync with the Podfile.lock. Run 'pod install' or update your CocoaPods installation.\nEOM\n    exit 1\nfi\n";
			showEnvVarsInLog = 0;
		};
/* End PBXShellScriptBuildPhase section */

/* Begin PBXSourcesBuildPhase section */
		50596E091BE2D57700D1F8EC /* Sources */ = {
			isa = PBXSourcesBuildPhase;
			buildActionMask = 2147483647;
			files = (
				50001E001C908E620074E3C7 /* NSString+Conversions.swift in Sources */,
				500020C11C90C94E0074E3C7 /* Upload1Descriptor.swift in Sources */,
				500020D91C90C94E0074E3C7 /* PHAssetExportSessionOperation.swift in Sources */,
				500020BC1C90C94E0074E3C7 /* VimeoResponseSerializer.swift in Sources */,
				500020BF1C90C94E0074E3C7 /* VideoRefreshManager.swift in Sources */,
				500020C61C90C94E0074E3C7 /* AFURLSessionManager+Upload.swift in Sources */,
				500020DB1C90C94E0074E3C7 /* MeQuotaOperation.swift in Sources */,
				500020D71C90C94E0074E3C7 /* PHAssetCloudExportQuotaOperation.swift in Sources */,
				500020C91C90C94E0074E3C7 /* NSError+Upload.swift in Sources */,
				500020CC1C90C94E0074E3C7 /* VideoSettings.swift in Sources */,
				500020B11C90C94E0074E3C7 /* DescriptorManager.swift in Sources */,
				500020D01C90C94E0074E3C7 /* VimeoRequestSerializer+Upload2.swift in Sources */,
				500020C31C90C94E0074E3C7 /* UploadDescriptor.swift in Sources */,
				500020C81C90C94E0074E3C7 /* AVURLAsset+Extensions.swift in Sources */,
				500020AE1C90C94E0074E3C7 /* ArchiverProtocol.swift in Sources */,
				500020D31C90C94E0074E3C7 /* DeleteVideoOperation.swift in Sources */,
				500020B01C90C94E0074E3C7 /* Descriptor.swift in Sources */,
				500020AF1C90C94E0074E3C7 /* ConnectivityManager.swift in Sources */,
				500020D51C90C94E0074E3C7 /* ExportQuotaOperation.swift in Sources */,
				500020BA1C90C94E0074E3C7 /* Constants.swift in Sources */,
				500020B81C90C94E0074E3C7 /* NSError+Extensions.swift in Sources */,
				50001DFD1C908E620074E3C7 /* ALAssetHelper.swift in Sources */,
				50001DFE1C908E620074E3C7 /* CameraRollAssetCell.swift in Sources */,
				500020DC1C90C94E0074E3C7 /* VideoOperation.swift in Sources */,
				500020C51C90C94E0074E3C7 /* VideoDescriptorFailureTracker.swift in Sources */,
				500020CB1C90C94E0074E3C7 /* BlockTypes.swift in Sources */,
				500020E21C90C94E0074E3C7 /* PHAssetRetryUploadOperation.swift in Sources */,
				500020DE1C90C94E0074E3C7 /* ExportQuotaCreateOperation.swift in Sources */,
				500020E01C90C94E0074E3C7 /* ALAssetRetryUploadOperation.swift in Sources */,
				500020D61C90C94E0074E3C7 /* ALAssetExportQuotaOperation.swift in Sources */,
				500020C01C90C94E0074E3C7 /* DescriptorManagerTracker.swift in Sources */,
				500020E51C90C94E0074E3C7 /* DiskSpaceOperation.swift in Sources */,
				500020CD1C90C94E0074E3C7 /* VimeoRequestSerializer+Upload.swift in Sources */,
				500020D21C90C94E0074E3C7 /* ConcurrentOperation.swift in Sources */,
				5043A53F1BFFA00300D70725 /* VideoSettingsViewController.swift in Sources */,
				500020CE1C90C94E0074E3C7 /* VimeoResponseSerializer+Upload.swift in Sources */,
				500020DF1C90C94E0074E3C7 /* ALAssetExportQuotaCreateOperation.swift in Sources */,
				500020D11C90C94E0074E3C7 /* VimeoSessionManager+Upload2.swift in Sources */,
				500020D41C90C94E0074E3C7 /* ExportOperation.swift in Sources */,
				500020B61C90C94E0074E3C7 /* ReachableDescriptorManager.swift in Sources */,
				500020B21C90C94E0074E3C7 /* DescriptorManagerArchiver.swift in Sources */,
				500020C21C90C94E0074E3C7 /* Upload1Request.swift in Sources */,
				AFF28EC51C03D52900258476 /* VideoCell.swift in Sources */,
				500020E41C90C94E0074E3C7 /* DailyQuotaOperation.swift in Sources */,
				500020B91C90C94E0074E3C7 /* NSFileManager+Extensions.swift in Sources */,
				500020CF1C90C94E0074E3C7 /* VimeoSessionManager+Upload.swift in Sources */,
				500020C71C90C94E0074E3C7 /* AVAsset+Extensions.swift in Sources */,
				50001DFF1C908E620074E3C7 /* CameraRollAssetHelper.swift in Sources */,
				500020E11C90C94E0074E3C7 /* PHAssetCloudExportQuotaCreateOperation.swift in Sources */,
				50001E041C908E620074E3C7 /* PHAssetHelper.swift in Sources */,
				500020DA1C90C94E0074E3C7 /* MeOperation.swift in Sources */,
				500020C41C90C94E0074E3C7 /* VideoDescriptor.swift in Sources */,
				AF34DB701BE721150094D1F8 /* MyVideosViewController.swift in Sources */,
				500020D81C90C94E0074E3C7 /* PHAssetDownloadOperation.swift in Sources */,
				50001DF81C908E620074E3C7 /* DemoCameraRollCell.swift in Sources */,
				500020DD1C90C94E0074E3C7 /* CreateVideoOperation.swift in Sources */,
				50001DFB1C908E620074E3C7 /* BaseCameraRollViewController.swift in Sources */,
				500020CA1C90C94E0074E3C7 /* NSURL+Upload.swift in Sources */,
				50596E111BE2D57700D1F8EC /* AppDelegate.swift in Sources */,
				50001E021C908E620074E3C7 /* VIMALAsset.swift in Sources */,
				500020BB1C90C94E0074E3C7 /* VimeoRequestSerializer.swift in Sources */,
				500020BD1C90C94E0074E3C7 /* VimeoSessionManager.swift in Sources */,
				500020B71C90C94E0074E3C7 /* AFURLSessionManager+Extensions.swift in Sources */,
				500020BE1C90C94E0074E3C7 /* VideoDeletionManager.swift in Sources */,
				50001E011C908E620074E3C7 /* CameraRollAsset.swift in Sources */,
				500020B51C90C94E0074E3C7 /* ProgressDescriptor.swift in Sources */,
				500020E31C90C94E0074E3C7 /* RetryUploadOperation.swift in Sources */,
				50001DFA1C908E620074E3C7 /* ForegroundSessionManager.swift in Sources */,
				50B49D871C1F727200D8F1A2 /* CameraRollViewController.swift in Sources */,
				500020E61C90C94E0074E3C7 /* WeeklyQuotaOperation.swift in Sources */,
				500020B41C90C94E0074E3C7 /* KeyedArchiver.swift in Sources */,
				50001E031C908E620074E3C7 /* VIMPHAsset.swift in Sources */,
				500020B31C90C94E0074E3C7 /* DescriptorManagerDelegate.swift in Sources */,
				AFF28EC71C03D52900258476 /* UploadManager.swift in Sources */,
			);
			runOnlyForDeploymentPostprocessing = 0;
		};
		50596E1D1BE2D57700D1F8EC /* Sources */ = {
			isa = PBXSourcesBuildPhase;
			buildActionMask = 2147483647;
			files = (
				50596E261BE2D57700D1F8EC /* VimeoUpload_iOS_2StepTests.swift in Sources */,
			);
			runOnlyForDeploymentPostprocessing = 0;
		};
		50596E281BE2D57700D1F8EC /* Sources */ = {
			isa = PBXSourcesBuildPhase;
			buildActionMask = 2147483647;
			files = (
				50596E311BE2D57700D1F8EC /* VimeoUpload_iOS_2StepUITests.swift in Sources */,
			);
			runOnlyForDeploymentPostprocessing = 0;
		};
/* End PBXSourcesBuildPhase section */

/* Begin PBXTargetDependency section */
		50596E231BE2D57700D1F8EC /* PBXTargetDependency */ = {
			isa = PBXTargetDependency;
			target = 50596E0C1BE2D57700D1F8EC /* VimeoUpload-iOS-2Step */;
			targetProxy = 50596E221BE2D57700D1F8EC /* PBXContainerItemProxy */;
		};
		50596E2E1BE2D57700D1F8EC /* PBXTargetDependency */ = {
			isa = PBXTargetDependency;
			target = 50596E0C1BE2D57700D1F8EC /* VimeoUpload-iOS-2Step */;
			targetProxy = 50596E2D1BE2D57700D1F8EC /* PBXContainerItemProxy */;
		};
/* End PBXTargetDependency section */

/* Begin PBXVariantGroup section */
		50596E191BE2D57700D1F8EC /* LaunchScreen.storyboard */ = {
			isa = PBXVariantGroup;
			children = (
				50596E1A1BE2D57700D1F8EC /* Base */,
			);
			name = LaunchScreen.storyboard;
			sourceTree = "<group>";
		};
/* End PBXVariantGroup section */

/* Begin XCBuildConfiguration section */
		50596E331BE2D57700D1F8EC /* Debug */ = {
			isa = XCBuildConfiguration;
			buildSettings = {
				ALWAYS_SEARCH_USER_PATHS = NO;
				CLANG_CXX_LANGUAGE_STANDARD = "gnu++0x";
				CLANG_CXX_LIBRARY = "libc++";
				CLANG_ENABLE_MODULES = YES;
				CLANG_ENABLE_OBJC_ARC = YES;
				CLANG_WARN_BOOL_CONVERSION = YES;
				CLANG_WARN_CONSTANT_CONVERSION = YES;
				CLANG_WARN_DIRECT_OBJC_ISA_USAGE = YES_ERROR;
				CLANG_WARN_EMPTY_BODY = YES;
				CLANG_WARN_ENUM_CONVERSION = YES;
				CLANG_WARN_INT_CONVERSION = YES;
				CLANG_WARN_OBJC_ROOT_CLASS = YES_ERROR;
				CLANG_WARN_UNREACHABLE_CODE = YES;
				CLANG_WARN__DUPLICATE_METHOD_MATCH = YES;
				"CODE_SIGN_IDENTITY[sdk=iphoneos*]" = "iPhone Developer";
				COPY_PHASE_STRIP = NO;
				DEBUG_INFORMATION_FORMAT = dwarf;
				ENABLE_STRICT_OBJC_MSGSEND = YES;
				ENABLE_TESTABILITY = YES;
				GCC_C_LANGUAGE_STANDARD = gnu99;
				GCC_DYNAMIC_NO_PIC = NO;
				GCC_NO_COMMON_BLOCKS = YES;
				GCC_OPTIMIZATION_LEVEL = 0;
				GCC_PREPROCESSOR_DEFINITIONS = (
					"DEBUG=1",
					"$(inherited)",
				);
				GCC_WARN_64_TO_32_BIT_CONVERSION = YES;
				GCC_WARN_ABOUT_RETURN_TYPE = YES_ERROR;
				GCC_WARN_UNDECLARED_SELECTOR = YES;
				GCC_WARN_UNINITIALIZED_AUTOS = YES_AGGRESSIVE;
				GCC_WARN_UNUSED_FUNCTION = YES;
				GCC_WARN_UNUSED_VARIABLE = YES;
				IPHONEOS_DEPLOYMENT_TARGET = 8.0;
				MTL_ENABLE_DEBUG_INFO = YES;
				ONLY_ACTIVE_ARCH = YES;
				SDKROOT = iphoneos;
				SWIFT_OPTIMIZATION_LEVEL = "-Onone";
			};
			name = Debug;
		};
		50596E341BE2D57700D1F8EC /* Release */ = {
			isa = XCBuildConfiguration;
			buildSettings = {
				ALWAYS_SEARCH_USER_PATHS = NO;
				CLANG_CXX_LANGUAGE_STANDARD = "gnu++0x";
				CLANG_CXX_LIBRARY = "libc++";
				CLANG_ENABLE_MODULES = YES;
				CLANG_ENABLE_OBJC_ARC = YES;
				CLANG_WARN_BOOL_CONVERSION = YES;
				CLANG_WARN_CONSTANT_CONVERSION = YES;
				CLANG_WARN_DIRECT_OBJC_ISA_USAGE = YES_ERROR;
				CLANG_WARN_EMPTY_BODY = YES;
				CLANG_WARN_ENUM_CONVERSION = YES;
				CLANG_WARN_INT_CONVERSION = YES;
				CLANG_WARN_OBJC_ROOT_CLASS = YES_ERROR;
				CLANG_WARN_UNREACHABLE_CODE = YES;
				CLANG_WARN__DUPLICATE_METHOD_MATCH = YES;
				"CODE_SIGN_IDENTITY[sdk=iphoneos*]" = "iPhone Developer";
				COPY_PHASE_STRIP = NO;
				DEBUG_INFORMATION_FORMAT = "dwarf-with-dsym";
				ENABLE_NS_ASSERTIONS = NO;
				ENABLE_STRICT_OBJC_MSGSEND = YES;
				GCC_C_LANGUAGE_STANDARD = gnu99;
				GCC_NO_COMMON_BLOCKS = YES;
				GCC_WARN_64_TO_32_BIT_CONVERSION = YES;
				GCC_WARN_ABOUT_RETURN_TYPE = YES_ERROR;
				GCC_WARN_UNDECLARED_SELECTOR = YES;
				GCC_WARN_UNINITIALIZED_AUTOS = YES_AGGRESSIVE;
				GCC_WARN_UNUSED_FUNCTION = YES;
				GCC_WARN_UNUSED_VARIABLE = YES;
				IPHONEOS_DEPLOYMENT_TARGET = 8.0;
				MTL_ENABLE_DEBUG_INFO = NO;
				SDKROOT = iphoneos;
				VALIDATE_PRODUCT = YES;
			};
			name = Release;
		};
		50596E361BE2D57700D1F8EC /* Debug */ = {
			isa = XCBuildConfiguration;
			baseConfigurationReference = B3EC29A4D46E1F80F673DE25 /* Pods-VimeoUpload-iOS-2Step.debug.xcconfig */;
			buildSettings = {
				ASSETCATALOG_COMPILER_APPICON_NAME = AppIcon;
				CODE_SIGN_IDENTITY = "iPhone Developer";
				INFOPLIST_FILE = "VimeoUpload-iOS-2Step/Info.plist";
				LD_RUNPATH_SEARCH_PATHS = "$(inherited) @executable_path/Frameworks";
				PRODUCT_BUNDLE_IDENTIFIER = com.vimeo.pegasus;
				PRODUCT_NAME = "$(TARGET_NAME)";
				SWIFT_OBJC_BRIDGING_HEADER = "${SRCROOT}/VimeoUpload-iOS-2Step/Bridge.h";
			};
			name = Debug;
		};
		50596E371BE2D57700D1F8EC /* Release */ = {
			isa = XCBuildConfiguration;
			baseConfigurationReference = AD9B966673E730435A54B685 /* Pods-VimeoUpload-iOS-2Step.release.xcconfig */;
			buildSettings = {
				ASSETCATALOG_COMPILER_APPICON_NAME = AppIcon;
				CODE_SIGN_IDENTITY = "iPhone Developer";
				INFOPLIST_FILE = "VimeoUpload-iOS-2Step/Info.plist";
				LD_RUNPATH_SEARCH_PATHS = "$(inherited) @executable_path/Frameworks";
				PRODUCT_BUNDLE_IDENTIFIER = com.vimeo.pegasus;
				PRODUCT_NAME = "$(TARGET_NAME)";
				SWIFT_OBJC_BRIDGING_HEADER = "${SRCROOT}/VimeoUpload-iOS-2Step/Bridge.h";
			};
			name = Release;
		};
		50596E391BE2D57700D1F8EC /* Debug */ = {
			isa = XCBuildConfiguration;
			baseConfigurationReference = 9E662F4DDBB2BB74BAD10498 /* Pods-VimeoUpload-iOS-2StepTests.debug.xcconfig */;
			buildSettings = {
				BUNDLE_LOADER = "$(TEST_HOST)";
				INFOPLIST_FILE = "VimeoUpload-iOS-2StepTests/Info.plist";
				LD_RUNPATH_SEARCH_PATHS = "$(inherited) @executable_path/Frameworks @loader_path/Frameworks";
				PRODUCT_BUNDLE_IDENTIFIER = "com.vimeo.VimeoUpload-iOS-2StepTests";
				PRODUCT_NAME = "$(TARGET_NAME)";
				SWIFT_OBJC_BRIDGING_HEADER = "${SRCROOT}/VimeoUpload-iOS-2Step/Bridge.h";
				TEST_HOST = "$(BUILT_PRODUCTS_DIR)/VimeoUpload-iOS-2Step.app/VimeoUpload-iOS-2Step";
			};
			name = Debug;
		};
		50596E3A1BE2D57700D1F8EC /* Release */ = {
			isa = XCBuildConfiguration;
			baseConfigurationReference = 7B6EC39DD3463B97A35F9BA9 /* Pods-VimeoUpload-iOS-2StepTests.release.xcconfig */;
			buildSettings = {
				BUNDLE_LOADER = "$(TEST_HOST)";
				INFOPLIST_FILE = "VimeoUpload-iOS-2StepTests/Info.plist";
				LD_RUNPATH_SEARCH_PATHS = "$(inherited) @executable_path/Frameworks @loader_path/Frameworks";
				PRODUCT_BUNDLE_IDENTIFIER = "com.vimeo.VimeoUpload-iOS-2StepTests";
				PRODUCT_NAME = "$(TARGET_NAME)";
				SWIFT_OBJC_BRIDGING_HEADER = "${SRCROOT}/VimeoUpload-iOS-2Step/Bridge.h";
				TEST_HOST = "$(BUILT_PRODUCTS_DIR)/VimeoUpload-iOS-2Step.app/VimeoUpload-iOS-2Step";
			};
			name = Release;
		};
		50596E3C1BE2D57700D1F8EC /* Debug */ = {
			isa = XCBuildConfiguration;
			baseConfigurationReference = C7FCF0EF6EEF2391C32EE01C /* Pods-VimeoUpload-iOS-2StepUITests.debug.xcconfig */;
			buildSettings = {
				INFOPLIST_FILE = "VimeoUpload-iOS-2StepUITests/Info.plist";
				LD_RUNPATH_SEARCH_PATHS = "$(inherited) @executable_path/Frameworks @loader_path/Frameworks";
				PRODUCT_BUNDLE_IDENTIFIER = "com.vimeo.VimeoUpload-iOS-2StepUITests";
				PRODUCT_NAME = "$(TARGET_NAME)";
				SWIFT_OBJC_BRIDGING_HEADER = "${SRCROOT}/VimeoUpload-iOS-2Step/Bridge.h";
				TEST_TARGET_NAME = "VimeoUpload-iOS-2Step";
				USES_XCTRUNNER = YES;
			};
			name = Debug;
		};
		50596E3D1BE2D57700D1F8EC /* Release */ = {
			isa = XCBuildConfiguration;
			baseConfigurationReference = A8CE30D50032A439E683358C /* Pods-VimeoUpload-iOS-2StepUITests.release.xcconfig */;
			buildSettings = {
				INFOPLIST_FILE = "VimeoUpload-iOS-2StepUITests/Info.plist";
				LD_RUNPATH_SEARCH_PATHS = "$(inherited) @executable_path/Frameworks @loader_path/Frameworks";
				PRODUCT_BUNDLE_IDENTIFIER = "com.vimeo.VimeoUpload-iOS-2StepUITests";
				PRODUCT_NAME = "$(TARGET_NAME)";
				SWIFT_OBJC_BRIDGING_HEADER = "${SRCROOT}/VimeoUpload-iOS-2Step/Bridge.h";
				TEST_TARGET_NAME = "VimeoUpload-iOS-2Step";
				USES_XCTRUNNER = YES;
			};
			name = Release;
		};
/* End XCBuildConfiguration section */

/* Begin XCConfigurationList section */
		50596E081BE2D57700D1F8EC /* Build configuration list for PBXProject "VimeoUpload-iOS-2Step" */ = {
			isa = XCConfigurationList;
			buildConfigurations = (
				50596E331BE2D57700D1F8EC /* Debug */,
				50596E341BE2D57700D1F8EC /* Release */,
			);
			defaultConfigurationIsVisible = 0;
			defaultConfigurationName = Release;
		};
		50596E351BE2D57700D1F8EC /* Build configuration list for PBXNativeTarget "VimeoUpload-iOS-2Step" */ = {
			isa = XCConfigurationList;
			buildConfigurations = (
				50596E361BE2D57700D1F8EC /* Debug */,
				50596E371BE2D57700D1F8EC /* Release */,
			);
			defaultConfigurationIsVisible = 0;
			defaultConfigurationName = Release;
		};
		50596E381BE2D57700D1F8EC /* Build configuration list for PBXNativeTarget "VimeoUpload-iOS-2StepTests" */ = {
			isa = XCConfigurationList;
			buildConfigurations = (
				50596E391BE2D57700D1F8EC /* Debug */,
				50596E3A1BE2D57700D1F8EC /* Release */,
			);
			defaultConfigurationIsVisible = 0;
			defaultConfigurationName = Release;
		};
		50596E3B1BE2D57700D1F8EC /* Build configuration list for PBXNativeTarget "VimeoUpload-iOS-2StepUITests" */ = {
			isa = XCConfigurationList;
			buildConfigurations = (
				50596E3C1BE2D57700D1F8EC /* Debug */,
				50596E3D1BE2D57700D1F8EC /* Release */,
			);
			defaultConfigurationIsVisible = 0;
			defaultConfigurationName = Release;
		};
/* End XCConfigurationList section */
	};
	rootObject = 50596E051BE2D57700D1F8EC /* Project object */;
}
